
Microsoft Visual Studio Solution File, Format Version 12.00
# Visual Studio 15
VisualStudioVersion = 15.0.26430.12
MinimumVisualStudioVersion = 10.0.40219.1
Project("{8BC9CEB8-8B4A-11D0-8D11-00A0C91BC942}") = "DirectXTK12", "..\DirectXTK_Windows10.vcxproj", "{945B8F0E-AE5F-447C-933A-9D069532D3E4}"
EndProject
Project("{8BC9CEB8-8B4A-11D0-8D11-00A0C91BC942}") = "D3D12Test_Windows10", "D3D12Test\D3D12Test_Windows10.vcxproj", "{D7B6E042-114A-4B43-9109-1B6EC5DFD353}"
EndProject
Project("{2150E333-8FDC-42A3-9474-1A3956D46DE8}") = "Tests", "Tests", "{B27983AE-0CD1-467F-A90F-1ED342CF5428}"
EndProject
Project("{8BC9CEB8-8B4A-11D0-8D11-00A0C91BC942}") = "PrimitivesTest_Windows10", "PrimitivesTest\PrimitivesTest_Windows10.vcxproj", "{C2AD5EA9-B9AB-4429-8558-BBF2DF36E9CA}"
EndProject
Project("{8BC9CEB8-8B4A-11D0-8D11-00A0C91BC942}") = "EffectsTest_Windows10", "EffectsTest\EffectsTest_Windows10.vcxproj", "{D836DCDD-C46E-4099-AA46-E623324307B3}"
EndProject
Project("{8BC9CEB8-8B4A-11D0-8D11-00A0C91BC942}") = "SpriteBatchTest_Windows10", "SpriteBatchTest\SpriteBatchTest_Windows10.vcxproj", "{1D489730-4868-4A19-90E8-ED9640D34E5A}"
EndProject
Project("{8BC9CEB8-8B4A-11D0-8D11-00A0C91BC942}") = "SpriteFontTest_Windows10", "SpriteFontTest\SpriteFontTest_Windows10.vcxproj", "{EFAF6057-9B67-453D-9C1B-6386CA12C1FF}"
EndProject
Project("{8BC9CEB8-8B4A-11D0-8D11-00A0C91BC942}") = "LoadTest_Windows10", "LoadTest\LoadTest_Windows10.vcxproj", "{87B0D8F7-A101-490C-A4AB-0D715A41E9CC}"
EndProject
Project("{8BC9CEB8-8B4A-11D0-8D11-00A0C91BC942}") = "ModelTest_Windows10", "ModelTest\ModelTest_Windows10.vcxproj", "{115C2234-CA8C-4ACE-9A01-FCD49C1AB392}"
EndProject
Project("{8BC9CEB8-8B4A-11D0-8D11-00A0C91BC942}") = "ShaderTest_Windows10", "ShaderTest\ShaderTest_Windows10.vcxproj", "{3A802CA2-2A82-46CF-A572-A248A0527FB2}"
EndProject
Project("{8BC9CEB8-8B4A-11D0-8D11-00A0C91BC942}") = "PostProcessTest_Windows10", "PostProcessTest\PostProcessTest_Windows10.vcxproj", "{4F6D0AE7-F9C4-434E-ADED-6142EAFF4EE5}"
EndProject
Global
	GlobalSection(SolutionConfigurationPlatforms) = preSolution
		Debug|ARM = Debug|ARM
		Debug|x64 = Debug|x64
		Debug|x86 = Debug|x86
		Release|ARM = Release|ARM
		Release|x64 = Release|x64
		Release|x86 = Release|x86
	EndGlobalSection
	GlobalSection(ProjectConfigurationPlatforms) = postSolution
		{945B8F0E-AE5F-447C-933A-9D069532D3E4}.Debug|ARM.ActiveCfg = Debug|ARM
		{945B8F0E-AE5F-447C-933A-9D069532D3E4}.Debug|ARM.Build.0 = Debug|ARM
		{945B8F0E-AE5F-447C-933A-9D069532D3E4}.Debug|x64.ActiveCfg = Debug|x64
		{945B8F0E-AE5F-447C-933A-9D069532D3E4}.Debug|x64.Build.0 = Debug|x64
		{945B8F0E-AE5F-447C-933A-9D069532D3E4}.Debug|x86.ActiveCfg = Debug|Win32
		{945B8F0E-AE5F-447C-933A-9D069532D3E4}.Debug|x86.Build.0 = Debug|Win32
		{945B8F0E-AE5F-447C-933A-9D069532D3E4}.Release|ARM.ActiveCfg = Release|ARM
		{945B8F0E-AE5F-447C-933A-9D069532D3E4}.Release|ARM.Build.0 = Release|ARM
		{945B8F0E-AE5F-447C-933A-9D069532D3E4}.Release|x64.ActiveCfg = Release|x64
		{945B8F0E-AE5F-447C-933A-9D069532D3E4}.Release|x64.Build.0 = Release|x64
		{945B8F0E-AE5F-447C-933A-9D069532D3E4}.Release|x86.ActiveCfg = Release|Win32
		{945B8F0E-AE5F-447C-933A-9D069532D3E4}.Release|x86.Build.0 = Release|Win32
		{D7B6E042-114A-4B43-9109-1B6EC5DFD353}.Debug|ARM.ActiveCfg = Debug|ARM
		{D7B6E042-114A-4B43-9109-1B6EC5DFD353}.Debug|ARM.Build.0 = Debug|ARM
		{D7B6E042-114A-4B43-9109-1B6EC5DFD353}.Debug|ARM.Deploy.0 = Debug|ARM
		{D7B6E042-114A-4B43-9109-1B6EC5DFD353}.Debug|x64.ActiveCfg = Debug|x64
		{D7B6E042-114A-4B43-9109-1B6EC5DFD353}.Debug|x64.Build.0 = Debug|x64
		{D7B6E042-114A-4B43-9109-1B6EC5DFD353}.Debug|x64.Deploy.0 = Debug|x64
		{D7B6E042-114A-4B43-9109-1B6EC5DFD353}.Debug|x86.ActiveCfg = Debug|Win32
		{D7B6E042-114A-4B43-9109-1B6EC5DFD353}.Debug|x86.Build.0 = Debug|Win32
		{D7B6E042-114A-4B43-9109-1B6EC5DFD353}.Debug|x86.Deploy.0 = Debug|Win32
		{D7B6E042-114A-4B43-9109-1B6EC5DFD353}.Release|ARM.ActiveCfg = Release|ARM
		{D7B6E042-114A-4B43-9109-1B6EC5DFD353}.Release|ARM.Build.0 = Release|ARM
		{D7B6E042-114A-4B43-9109-1B6EC5DFD353}.Release|ARM.Deploy.0 = Release|ARM
		{D7B6E042-114A-4B43-9109-1B6EC5DFD353}.Release|x64.ActiveCfg = Release|x64
		{D7B6E042-114A-4B43-9109-1B6EC5DFD353}.Release|x64.Build.0 = Release|x64
		{D7B6E042-114A-4B43-9109-1B6EC5DFD353}.Release|x64.Deploy.0 = Release|x64
		{D7B6E042-114A-4B43-9109-1B6EC5DFD353}.Release|x86.ActiveCfg = Release|Win32
		{D7B6E042-114A-4B43-9109-1B6EC5DFD353}.Release|x86.Build.0 = Release|Win32
		{D7B6E042-114A-4B43-9109-1B6EC5DFD353}.Release|x86.Deploy.0 = Release|Win32
		{C2AD5EA9-B9AB-4429-8558-BBF2DF36E9CA}.Debug|ARM.ActiveCfg = Debug|ARM
		{C2AD5EA9-B9AB-4429-8558-BBF2DF36E9CA}.Debug|ARM.Build.0 = Debug|ARM
		{C2AD5EA9-B9AB-4429-8558-BBF2DF36E9CA}.Debug|ARM.Deploy.0 = Debug|ARM
		{C2AD5EA9-B9AB-4429-8558-BBF2DF36E9CA}.Debug|x64.ActiveCfg = Debug|x64
		{C2AD5EA9-B9AB-4429-8558-BBF2DF36E9CA}.Debug|x64.Build.0 = Debug|x64
		{C2AD5EA9-B9AB-4429-8558-BBF2DF36E9CA}.Debug|x64.Deploy.0 = Debug|x64
		{C2AD5EA9-B9AB-4429-8558-BBF2DF36E9CA}.Debug|x86.ActiveCfg = Debug|Win32
		{C2AD5EA9-B9AB-4429-8558-BBF2DF36E9CA}.Debug|x86.Build.0 = Debug|Win32
		{C2AD5EA9-B9AB-4429-8558-BBF2DF36E9CA}.Debug|x86.Deploy.0 = Debug|Win32
		{C2AD5EA9-B9AB-4429-8558-BBF2DF36E9CA}.Release|ARM.ActiveCfg = Release|ARM
		{C2AD5EA9-B9AB-4429-8558-BBF2DF36E9CA}.Release|ARM.Build.0 = Release|ARM
		{C2AD5EA9-B9AB-4429-8558-BBF2DF36E9CA}.Release|ARM.Deploy.0 = Release|ARM
		{C2AD5EA9-B9AB-4429-8558-BBF2DF36E9CA}.Release|x64.ActiveCfg = Release|x64
		{C2AD5EA9-B9AB-4429-8558-BBF2DF36E9CA}.Release|x64.Build.0 = Release|x64
		{C2AD5EA9-B9AB-4429-8558-BBF2DF36E9CA}.Release|x64.Deploy.0 = Release|x64
		{C2AD5EA9-B9AB-4429-8558-BBF2DF36E9CA}.Release|x86.ActiveCfg = Release|Win32
		{C2AD5EA9-B9AB-4429-8558-BBF2DF36E9CA}.Release|x86.Build.0 = Release|Win32
		{C2AD5EA9-B9AB-4429-8558-BBF2DF36E9CA}.Release|x86.Deploy.0 = Release|Win32
		{D836DCDD-C46E-4099-AA46-E623324307B3}.Debug|ARM.ActiveCfg = Debug|ARM
		{D836DCDD-C46E-4099-AA46-E623324307B3}.Debug|ARM.Build.0 = Debug|ARM
		{D836DCDD-C46E-4099-AA46-E623324307B3}.Debug|ARM.Deploy.0 = Debug|ARM
		{D836DCDD-C46E-4099-AA46-E623324307B3}.Debug|x64.ActiveCfg = Debug|x64
		{D836DCDD-C46E-4099-AA46-E623324307B3}.Debug|x64.Build.0 = Debug|x64
		{D836DCDD-C46E-4099-AA46-E623324307B3}.Debug|x64.Deploy.0 = Debug|x64
		{D836DCDD-C46E-4099-AA46-E623324307B3}.Debug|x86.ActiveCfg = Debug|Win32
		{D836DCDD-C46E-4099-AA46-E623324307B3}.Debug|x86.Build.0 = Debug|Win32
		{D836DCDD-C46E-4099-AA46-E623324307B3}.Debug|x86.Deploy.0 = Debug|Win32
		{D836DCDD-C46E-4099-AA46-E623324307B3}.Release|ARM.ActiveCfg = Release|ARM
		{D836DCDD-C46E-4099-AA46-E623324307B3}.Release|ARM.Build.0 = Release|ARM
		{D836DCDD-C46E-4099-AA46-E623324307B3}.Release|ARM.Deploy.0 = Release|ARM
		{D836DCDD-C46E-4099-AA46-E623324307B3}.Release|x64.ActiveCfg = Release|x64
		{D836DCDD-C46E-4099-AA46-E623324307B3}.Release|x64.Build.0 = Release|x64
		{D836DCDD-C46E-4099-AA46-E623324307B3}.Release|x64.Deploy.0 = Release|x64
		{D836DCDD-C46E-4099-AA46-E623324307B3}.Release|x86.ActiveCfg = Release|Win32
		{D836DCDD-C46E-4099-AA46-E623324307B3}.Release|x86.Build.0 = Release|Win32
		{D836DCDD-C46E-4099-AA46-E623324307B3}.Release|x86.Deploy.0 = Release|Win32
		{1D489730-4868-4A19-90E8-ED9640D34E5A}.Debug|ARM.ActiveCfg = Debug|ARM
		{1D489730-4868-4A19-90E8-ED9640D34E5A}.Debug|ARM.Build.0 = Debug|ARM
		{1D489730-4868-4A19-90E8-ED9640D34E5A}.Debug|ARM.Deploy.0 = Debug|ARM
		{1D489730-4868-4A19-90E8-ED9640D34E5A}.Debug|x64.ActiveCfg = Debug|x64
		{1D489730-4868-4A19-90E8-ED9640D34E5A}.Debug|x64.Build.0 = Debug|x64
		{1D489730-4868-4A19-90E8-ED9640D34E5A}.Debug|x64.Deploy.0 = Debug|x64
		{1D489730-4868-4A19-90E8-ED9640D34E5A}.Debug|x86.ActiveCfg = Debug|Win32
		{1D489730-4868-4A19-90E8-ED9640D34E5A}.Debug|x86.Build.0 = Debug|Win32
		{1D489730-4868-4A19-90E8-ED9640D34E5A}.Debug|x86.Deploy.0 = Debug|Win32
		{1D489730-4868-4A19-90E8-ED9640D34E5A}.Release|ARM.ActiveCfg = Release|ARM
		{1D489730-4868-4A19-90E8-ED9640D34E5A}.Release|ARM.Build.0 = Release|ARM
		{1D489730-4868-4A19-90E8-ED9640D34E5A}.Release|ARM.Deploy.0 = Release|ARM
		{1D489730-4868-4A19-90E8-ED9640D34E5A}.Release|x64.ActiveCfg = Release|x64
		{1D489730-4868-4A19-90E8-ED9640D34E5A}.Release|x64.Build.0 = Release|x64
		{1D489730-4868-4A19-90E8-ED9640D34E5A}.Release|x64.Deploy.0 = Release|x64
		{1D489730-4868-4A19-90E8-ED9640D34E5A}.Release|x86.ActiveCfg = Release|Win32
		{1D489730-4868-4A19-90E8-ED9640D34E5A}.Release|x86.Build.0 = Release|Win32
		{1D489730-4868-4A19-90E8-ED9640D34E5A}.Release|x86.Deploy.0 = Release|Win32
		{EFAF6057-9B67-453D-9C1B-6386CA12C1FF}.Debug|ARM.ActiveCfg = Debug|ARM
		{EFAF6057-9B67-453D-9C1B-6386CA12C1FF}.Debug|ARM.Build.0 = Debug|ARM
		{EFAF6057-9B67-453D-9C1B-6386CA12C1FF}.Debug|ARM.Deploy.0 = Debug|ARM
		{EFAF6057-9B67-453D-9C1B-6386CA12C1FF}.Debug|x64.ActiveCfg = Debug|x64
		{EFAF6057-9B67-453D-9C1B-6386CA12C1FF}.Debug|x64.Build.0 = Debug|x64
		{EFAF6057-9B67-453D-9C1B-6386CA12C1FF}.Debug|x64.Deploy.0 = Debug|x64
		{EFAF6057-9B67-453D-9C1B-6386CA12C1FF}.Debug|x86.ActiveCfg = Debug|Win32
		{EFAF6057-9B67-453D-9C1B-6386CA12C1FF}.Debug|x86.Build.0 = Debug|Win32
		{EFAF6057-9B67-453D-9C1B-6386CA12C1FF}.Debug|x86.Deploy.0 = Debug|Win32
		{EFAF6057-9B67-453D-9C1B-6386CA12C1FF}.Release|ARM.ActiveCfg = Release|ARM
		{EFAF6057-9B67-453D-9C1B-6386CA12C1FF}.Release|ARM.Build.0 = Release|ARM
		{EFAF6057-9B67-453D-9C1B-6386CA12C1FF}.Release|ARM.Deploy.0 = Release|ARM
		{EFAF6057-9B67-453D-9C1B-6386CA12C1FF}.Release|x64.ActiveCfg = Release|x64
		{EFAF6057-9B67-453D-9C1B-6386CA12C1FF}.Release|x64.Build.0 = Release|x64
		{EFAF6057-9B67-453D-9C1B-6386CA12C1FF}.Release|x64.Deploy.0 = Release|x64
		{EFAF6057-9B67-453D-9C1B-6386CA12C1FF}.Release|x86.ActiveCfg = Release|Win32
		{EFAF6057-9B67-453D-9C1B-6386CA12C1FF}.Release|x86.Build.0 = Release|Win32
		{EFAF6057-9B67-453D-9C1B-6386CA12C1FF}.Release|x86.Deploy.0 = Release|Win32
		{87B0D8F7-A101-490C-A4AB-0D715A41E9CC}.Debug|ARM.ActiveCfg = Debug|ARM
		{87B0D8F7-A101-490C-A4AB-0D715A41E9CC}.Debug|ARM.Build.0 = Debug|ARM
		{87B0D8F7-A101-490C-A4AB-0D715A41E9CC}.Debug|ARM.Deploy.0 = Debug|ARM
		{87B0D8F7-A101-490C-A4AB-0D715A41E9CC}.Debug|x64.ActiveCfg = Debug|x64
		{87B0D8F7-A101-490C-A4AB-0D715A41E9CC}.Debug|x64.Build.0 = Debug|x64
		{87B0D8F7-A101-490C-A4AB-0D715A41E9CC}.Debug|x64.Deploy.0 = Debug|x64
		{87B0D8F7-A101-490C-A4AB-0D715A41E9CC}.Debug|x86.ActiveCfg = Debug|Win32
		{87B0D8F7-A101-490C-A4AB-0D715A41E9CC}.Debug|x86.Build.0 = Debug|Win32
		{87B0D8F7-A101-490C-A4AB-0D715A41E9CC}.Debug|x86.Deploy.0 = Debug|Win32
		{87B0D8F7-A101-490C-A4AB-0D715A41E9CC}.Release|ARM.ActiveCfg = Release|ARM
		{87B0D8F7-A101-490C-A4AB-0D715A41E9CC}.Release|ARM.Build.0 = Release|ARM
		{87B0D8F7-A101-490C-A4AB-0D715A41E9CC}.Release|ARM.Deploy.0 = Release|ARM
		{87B0D8F7-A101-490C-A4AB-0D715A41E9CC}.Release|x64.ActiveCfg = Release|x64
		{87B0D8F7-A101-490C-A4AB-0D715A41E9CC}.Release|x64.Build.0 = Release|x64
		{87B0D8F7-A101-490C-A4AB-0D715A41E9CC}.Release|x64.Deploy.0 = Release|x64
		{87B0D8F7-A101-490C-A4AB-0D715A41E9CC}.Release|x86.ActiveCfg = Release|Win32
		{87B0D8F7-A101-490C-A4AB-0D715A41E9CC}.Release|x86.Build.0 = Release|Win32
		{87B0D8F7-A101-490C-A4AB-0D715A41E9CC}.Release|x86.Deploy.0 = Release|Win32
		{115C2234-CA8C-4ACE-9A01-FCD49C1AB392}.Debug|ARM.ActiveCfg = Debug|ARM
		{115C2234-CA8C-4ACE-9A01-FCD49C1AB392}.Debug|ARM.Build.0 = Debug|ARM
		{115C2234-CA8C-4ACE-9A01-FCD49C1AB392}.Debug|ARM.Deploy.0 = Debug|ARM
		{115C2234-CA8C-4ACE-9A01-FCD49C1AB392}.Debug|x64.ActiveCfg = Debug|x64
		{115C2234-CA8C-4ACE-9A01-FCD49C1AB392}.Debug|x64.Build.0 = Debug|x64
		{115C2234-CA8C-4ACE-9A01-FCD49C1AB392}.Debug|x64.Deploy.0 = Debug|x64
		{115C2234-CA8C-4ACE-9A01-FCD49C1AB392}.Debug|x86.ActiveCfg = Debug|Win32
		{115C2234-CA8C-4ACE-9A01-FCD49C1AB392}.Debug|x86.Build.0 = Debug|Win32
		{115C2234-CA8C-4ACE-9A01-FCD49C1AB392}.Debug|x86.Deploy.0 = Debug|Win32
		{115C2234-CA8C-4ACE-9A01-FCD49C1AB392}.Release|ARM.ActiveCfg = Release|ARM
		{115C2234-CA8C-4ACE-9A01-FCD49C1AB392}.Release|ARM.Build.0 = Release|ARM
		{115C2234-CA8C-4ACE-9A01-FCD49C1AB392}.Release|ARM.Deploy.0 = Release|ARM
		{115C2234-CA8C-4ACE-9A01-FCD49C1AB392}.Release|x64.ActiveCfg = Release|x64
		{115C2234-CA8C-4ACE-9A01-FCD49C1AB392}.Release|x64.Build.0 = Release|x64
		{115C2234-CA8C-4ACE-9A01-FCD49C1AB392}.Release|x64.Deploy.0 = Release|x64
		{115C2234-CA8C-4ACE-9A01-FCD49C1AB392}.Release|x86.ActiveCfg = Release|Win32
		{115C2234-CA8C-4ACE-9A01-FCD49C1AB392}.Release|x86.Build.0 = Release|Win32
		{115C2234-CA8C-4ACE-9A01-FCD49C1AB392}.Release|x86.Deploy.0 = Release|Win32
		{3A802CA2-2A82-46CF-A572-A248A0527FB2}.Debug|ARM.ActiveCfg = Debug|ARM
		{3A802CA2-2A82-46CF-A572-A248A0527FB2}.Debug|ARM.Build.0 = Debug|ARM
		{3A802CA2-2A82-46CF-A572-A248A0527FB2}.Debug|ARM.Deploy.0 = Debug|ARM
		{3A802CA2-2A82-46CF-A572-A248A0527FB2}.Debug|x64.ActiveCfg = Debug|x64
		{3A802CA2-2A82-46CF-A572-A248A0527FB2}.Debug|x64.Build.0 = Debug|x64
		{3A802CA2-2A82-46CF-A572-A248A0527FB2}.Debug|x64.Deploy.0 = Debug|x64
		{3A802CA2-2A82-46CF-A572-A248A0527FB2}.Debug|x86.ActiveCfg = Debug|Win32
		{3A802CA2-2A82-46CF-A572-A248A0527FB2}.Debug|x86.Build.0 = Debug|Win32
		{3A802CA2-2A82-46CF-A572-A248A0527FB2}.Debug|x86.Deploy.0 = Debug|Win32
		{3A802CA2-2A82-46CF-A572-A248A0527FB2}.Release|ARM.ActiveCfg = Release|ARM
		{3A802CA2-2A82-46CF-A572-A248A0527FB2}.Release|ARM.Build.0 = Release|ARM
		{3A802CA2-2A82-46CF-A572-A248A0527FB2}.Release|ARM.Deploy.0 = Release|ARM
		{3A802CA2-2A82-46CF-A572-A248A0527FB2}.Release|x64.ActiveCfg = Release|x64
		{3A802CA2-2A82-46CF-A572-A248A0527FB2}.Release|x64.Build.0 = Release|x64
		{3A802CA2-2A82-46CF-A572-A248A0527FB2}.Release|x64.Deploy.0 = Release|x64
		{3A802CA2-2A82-46CF-A572-A248A0527FB2}.Release|x86.ActiveCfg = Release|Win32
		{3A802CA2-2A82-46CF-A572-A248A0527FB2}.Release|x86.Build.0 = Release|Win32
		{3A802CA2-2A82-46CF-A572-A248A0527FB2}.Release|x86.Deploy.0 = Release|Win32
		{4F6D0AE7-F9C4-434E-ADED-6142EAFF4EE5}.Debug|ARM.ActiveCfg = Debug|ARM
		{4F6D0AE7-F9C4-434E-ADED-6142EAFF4EE5}.Debug|ARM.Build.0 = Debug|ARM
		{4F6D0AE7-F9C4-434E-ADED-6142EAFF4EE5}.Debug|ARM.Deploy.0 = Debug|ARM
		{4F6D0AE7-F9C4-434E-ADED-6142EAFF4EE5}.Debug|x64.ActiveCfg = Debug|x64
		{4F6D0AE7-F9C4-434E-ADED-6142EAFF4EE5}.Debug|x64.Build.0 = Debug|x64
		{4F6D0AE7-F9C4-434E-ADED-6142EAFF4EE5}.Debug|x64.Deploy.0 = Debug|x64
		{4F6D0AE7-F9C4-434E-ADED-6142EAFF4EE5}.Debug|x86.ActiveCfg = Debug|Win32
		{4F6D0AE7-F9C4-434E-ADED-6142EAFF4EE5}.Debug|x86.Build.0 = Debug|Win32
		{4F6D0AE7-F9C4-434E-ADED-6142EAFF4EE5}.Debug|x86.Deploy.0 = Debug|Win32
		{4F6D0AE7-F9C4-434E-ADED-6142EAFF4EE5}.Release|ARM.ActiveCfg = Release|ARM
		{4F6D0AE7-F9C4-434E-ADED-6142EAFF4EE5}.Release|ARM.Build.0 = Release|ARM
		{4F6D0AE7-F9C4-434E-ADED-6142EAFF4EE5}.Release|ARM.Deploy.0 = Release|ARM
		{4F6D0AE7-F9C4-434E-ADED-6142EAFF4EE5}.Release|x64.ActiveCfg = Release|x64
		{4F6D0AE7-F9C4-434E-ADED-6142EAFF4EE5}.Release|x64.Build.0 = Release|x64
		{4F6D0AE7-F9C4-434E-ADED-6142EAFF4EE5}.Release|x64.Deploy.0 = Release|x64
		{4F6D0AE7-F9C4-434E-ADED-6142EAFF4EE5}.Release|x86.ActiveCfg = Release|Win32
		{4F6D0AE7-F9C4-434E-ADED-6142EAFF4EE5}.Release|x86.Build.0 = Release|Win32
		{4F6D0AE7-F9C4-434E-ADED-6142EAFF4EE5}.Release|x86.Deploy.0 = Release|Win32
	EndGlobalSection
	GlobalSection(SolutionProperties) = preSolution
		HideSolutionNode = FALSE
	EndGlobalSection
	GlobalSection(NestedProjects) = preSolution
		{D7B6E042-114A-4B43-9109-1B6EC5DFD353} = {B27983AE-0CD1-467F-A90F-1ED342CF5428}
		{C2AD5EA9-B9AB-4429-8558-BBF2DF36E9CA} = {B27983AE-0CD1-467F-A90F-1ED342CF5428}
		{D836DCDD-C46E-4099-AA46-E623324307B3} = {B27983AE-0CD1-467F-A90F-1ED342CF5428}
		{1D489730-4868-4A19-90E8-ED9640D34E5A} = {B27983AE-0CD1-467F-A90F-1ED342CF5428}
		{EFAF6057-9B67-453D-9C1B-6386CA12C1FF} = {B27983AE-0CD1-467F-A90F-1ED342CF5428}
		{87B0D8F7-A101-490C-A4AB-0D715A41E9CC} = {B27983AE-0CD1-467F-A90F-1ED342CF5428}
		{115C2234-CA8C-4ACE-9A01-FCD49C1AB392} = {B27983AE-0CD1-467F-A90F-1ED342CF5428}
		{3A802CA2-2A82-46CF-A572-A248A0527FB2} = {B27983AE-0CD1-467F-A90F-1ED342CF5428}
		{4F6D0AE7-F9C4-434E-ADED-6142EAFF4EE5} = {B27983AE-0CD1-467F-A90F-1ED342CF5428}
	EndGlobalSection
EndGlobal
