Microsoft Visual Studio Solution File, Format Version 12.00
# Visual Studio Version 17
VisualStudioVersion = 17.4.33213.308
MinimumVisualStudioVersion = 10.0.40219.1
Project("{8BC9CEB8-8B4A-11D0-8D11-00A0C91BC942}") = "D3D12Test_Desktop_2022_AgilitySDK", "D3D12Test\D3D12Test_Desktop_2022_AgilitySDK.vcxproj", "{F99E4E44-9746-4763-BD3A-BDDFDE58A4D1}"
EndProject
Project("{8BC9CEB8-8B4A-11D0-8D11-00A0C91BC942}") = "DirectXTK12", "..\DirectXTK_Desktop_2022_Win10.vcxproj", "{3E0E8608-CD9B-4C76-AF33-29CA38F2C9F0}"
EndProject
Project("{2150E333-8FDC-42A3-9474-1A3956D46DE8}") = "Solution Items", "Solution Items", "{213B33B0-2B58-4ACD-B6DA-15D03EC72EF3}"
	ProjectSection(SolutionItems) = preProject
		..\.editorconfig = ..\.editorconfig
	EndProjectSection
EndProject
Project("{8BC9CEB8-8B4A-11D0-8D11-00A0C91BC942}") = "EffectsTest_Desktop_2022_AgilitySDK", "EffectsTest\EffectsTest_Desktop_2022_AgilitySDK.vcxproj", "{25A385F0-3EC3-47FC-B582-BDFFC856B580}"
EndProject
Project("{2150E333-8FDC-42A3-9474-1A3956D46DE8}") = "Graphics", "Graphics", "{1A03BFA6-D95C-4EFA-943C-428708306E49}"
EndProject
Project("{8BC9CEB8-8B4A-11D0-8D11-00A0C91BC942}") = "LoadTest_Desktop_2022_AgilitySDK", "LoadTest\LoadTest_Desktop_2022_AgilitySDK.vcxproj", "{3FFD498C-90A1-45FE-8232-DD653D216B03}"
EndProject
Project("{8BC9CEB8-8B4A-11D0-8D11-00A0C91BC942}") = "PrimitivesTest_Desktop_2022_AgilitySDK", "PrimitivesTest\PrimitivesTest_Desktop_2022_AgilitySDK.vcxproj", "{8C0828A9-2745-460E-8499-68940509BF70}"
EndProject
Project("{8BC9CEB8-8B4A-11D0-8D11-00A0C91BC942}") = "ShaderTest_Desktop_2022_AgilitySDK", "ShaderTest\ShaderTest_Desktop_2022_AgilitySDK.vcxproj", "{3CE15A64-D1BB-4EBF-93BD-BDA32F318BA2}"
EndProject
Global
	GlobalSection(SolutionConfigurationPlatforms) = preSolution
		Debug|ARM64 = Debug|ARM64
		Debug|x64 = Debug|x64
		Debug|x86 = Debug|x86
		Release|ARM64 = Release|ARM64
		Release|x64 = Release|x64
		Release|x86 = Release|x86
	EndGlobalSection
	GlobalSection(ProjectConfigurationPlatforms) = postSolution
		{F99E4E44-9746-4763-BD3A-BDDFDE58A4D1}.Debug|ARM64.ActiveCfg = Debug|Win32
		{F99E4E44-9746-4763-BD3A-BDDFDE58A4D1}.Debug|x64.ActiveCfg = Debug|x64
		{F99E4E44-9746-4763-BD3A-BDDFDE58A4D1}.Debug|x64.Build.0 = Debug|x64
		{F99E4E44-9746-4763-BD3A-BDDFDE58A4D1}.Debug|x86.ActiveCfg = Debug|Win32
		{F99E4E44-9746-4763-BD3A-BDDFDE58A4D1}.Debug|x86.Build.0 = Debug|Win32
		{F99E4E44-9746-4763-BD3A-BDDFDE58A4D1}.Release|ARM64.ActiveCfg = Release|Win32
		{F99E4E44-9746-4763-BD3A-BDDFDE58A4D1}.Release|x64.ActiveCfg = Release|x64
		{F99E4E44-9746-4763-BD3A-BDDFDE58A4D1}.Release|x64.Build.0 = Release|x64
		{F99E4E44-9746-4763-BD3A-BDDFDE58A4D1}.Release|x86.ActiveCfg = Release|Win32
		{F99E4E44-9746-4763-BD3A-BDDFDE58A4D1}.Release|x86.Build.0 = Release|Win32
		{3E0E8608-CD9B-4C76-AF33-29CA38F2C9F0}.Debug|ARM64.ActiveCfg = Debug|ARM64
		{3E0E8608-CD9B-4C76-AF33-29CA38F2C9F0}.Debug|ARM64.Build.0 = Debug|ARM64
		{3E0E8608-CD9B-4C76-AF33-29CA38F2C9F0}.Debug|x64.ActiveCfg = Debug|x64
		{3E0E8608-CD9B-4C76-AF33-29CA38F2C9F0}.Debug|x64.Build.0 = Debug|x64
		{3E0E8608-CD9B-4C76-AF33-29CA38F2C9F0}.Debug|x86.ActiveCfg = Debug|Win32
		{3E0E8608-CD9B-4C76-AF33-29CA38F2C9F0}.Debug|x86.Build.0 = Debug|Win32
		{3E0E8608-CD9B-4C76-AF33-29CA38F2C9F0}.Release|ARM64.ActiveCfg = Release|ARM64
		{3E0E8608-CD9B-4C76-AF33-29CA38F2C9F0}.Release|ARM64.Build.0 = Release|ARM64
		{3E0E8608-CD9B-4C76-AF33-29CA38F2C9F0}.Release|x64.ActiveCfg = Release|x64
		{3E0E8608-CD9B-4C76-AF33-29CA38F2C9F0}.Release|x64.Build.0 = Release|x64
		{3E0E8608-CD9B-4C76-AF33-29CA38F2C9F0}.Release|x86.ActiveCfg = Release|Win32
		{3E0E8608-CD9B-4C76-AF33-29CA38F2C9F0}.Release|x86.Build.0 = Release|Win32
		{25A385F0-3EC3-47FC-B582-BDFFC856B580}.Debug|ARM64.ActiveCfg = Debug|ARM64
		{25A385F0-3EC3-47FC-B582-BDFFC856B580}.Debug|ARM64.Build.0 = Debug|ARM64
		{25A385F0-3EC3-47FC-B582-BDFFC856B580}.Debug|x64.ActiveCfg = Debug|x64
		{25A385F0-3EC3-47FC-B582-BDFFC856B580}.Debug|x64.Build.0 = Debug|x64
		{25A385F0-3EC3-47FC-B582-BDFFC856B580}.Debug|x86.ActiveCfg = Debug|Win32
		{25A385F0-3EC3-47FC-B582-BDFFC856B580}.Debug|x86.Build.0 = Debug|Win32
		{25A385F0-3EC3-47FC-B582-BDFFC856B580}.Release|ARM64.ActiveCfg = Release|ARM64
		{25A385F0-3EC3-47FC-B582-BDFFC856B580}.Release|ARM64.Build.0 = Release|ARM64
		{25A385F0-3EC3-47FC-B582-BDFFC856B580}.Release|x64.ActiveCfg = Release|x64
		{25A385F0-3EC3-47FC-B582-BDFFC856B580}.Release|x64.Build.0 = Release|x64
		{25A385F0-3EC3-47FC-B582-BDFFC856B580}.Release|x86.ActiveCfg = Release|Win32
		{25A385F0-3EC3-47FC-B582-BDFFC856B580}.Release|x86.Build.0 = Release|Win32
		{3FFD498C-90A1-45FE-8232-DD653D216B03}.Debug|ARM64.ActiveCfg = Debug|ARM64
		{3FFD498C-90A1-45FE-8232-DD653D216B03}.Debug|ARM64.Build.0 = Debug|ARM64
		{3FFD498C-90A1-45FE-8232-DD653D216B03}.Debug|x64.ActiveCfg = Debug|x64
		{3FFD498C-90A1-45FE-8232-DD653D216B03}.Debug|x64.Build.0 = Debug|x64
		{3FFD498C-90A1-45FE-8232-DD653D216B03}.Debug|x86.ActiveCfg = Debug|Win32
		{3FFD498C-90A1-45FE-8232-DD653D216B03}.Debug|x86.Build.0 = Debug|Win32
		{3FFD498C-90A1-45FE-8232-DD653D216B03}.Release|ARM64.ActiveCfg = Release|ARM64
		{3FFD498C-90A1-45FE-8232-DD653D216B03}.Release|ARM64.Build.0 = Release|ARM64
		{3FFD498C-90A1-45FE-8232-DD653D216B03}.Release|x64.ActiveCfg = Release|x64
		{3FFD498C-90A1-45FE-8232-DD653D216B03}.Release|x64.Build.0 = Release|x64
		{3FFD498C-90A1-45FE-8232-DD653D216B03}.Release|x86.ActiveCfg = Release|Win32
		{3FFD498C-90A1-45FE-8232-DD653D216B03}.Release|x86.Build.0 = Release|Win32
		{8C0828A9-2745-460E-8499-68940509BF70}.Debug|ARM64.ActiveCfg = Debug|ARM64
		{8C0828A9-2745-460E-8499-68940509BF70}.Debug|ARM64.Build.0 = Debug|ARM64
		{8C0828A9-2745-460E-8499-68940509BF70}.Debug|x64.ActiveCfg = Debug|x64
		{8C0828A9-2745-460E-8499-68940509BF70}.Debug|x64.Build.0 = Debug|x64
		{8C0828A9-2745-460E-8499-68940509BF70}.Debug|x86.ActiveCfg = Debug|Win32
		{8C0828A9-2745-460E-8499-68940509BF70}.Debug|x86.Build.0 = Debug|Win32
		{8C0828A9-2745-460E-8499-68940509BF70}.Release|ARM64.ActiveCfg = Release|ARM64
		{8C0828A9-2745-460E-8499-68940509BF70}.Release|ARM64.Build.0 = Release|ARM64
		{8C0828A9-2745-460E-8499-68940509BF70}.Release|x64.ActiveCfg = Release|x64
		{8C0828A9-2745-460E-8499-68940509BF70}.Release|x64.Build.0 = Release|x64
		{8C0828A9-2745-460E-8499-68940509BF70}.Release|x86.ActiveCfg = Release|Win32
		{8C0828A9-2745-460E-8499-68940509BF70}.Release|x86.Build.0 = Release|Win32
		{3CE15A64-D1BB-4EBF-93BD-BDA32F318BA2}.Debug|ARM64.ActiveCfg = Debug|ARM64
		{3CE15A64-D1BB-4EBF-93BD-BDA32F318BA2}.Debug|ARM64.Build.0 = Debug|ARM64
		{3CE15A64-D1BB-4EBF-93BD-BDA32F318BA2}.Debug|x64.ActiveCfg = Debug|x64
		{3CE15A64-D1BB-4EBF-93BD-BDA32F318BA2}.Debug|x64.Build.0 = Debug|x64
		{3CE15A64-D1BB-4EBF-93BD-BDA32F318BA2}.Debug|x86.ActiveCfg = Debug|Win32
		{3CE15A64-D1BB-4EBF-93BD-BDA32F318BA2}.Debug|x86.Build.0 = Debug|Win32
		{3CE15A64-D1BB-4EBF-93BD-BDA32F318BA2}.Release|ARM64.ActiveCfg = Release|ARM64
		{3CE15A64-D1BB-4EBF-93BD-BDA32F318BA2}.Release|ARM64.Build.0 = Release|ARM64
		{3CE15A64-D1BB-4EBF-93BD-BDA32F318BA2}.Release|x64.ActiveCfg = Release|x64
		{3CE15A64-D1BB-4EBF-93BD-BDA32F318BA2}.Release|x64.Build.0 = Release|x64
		{3CE15A64-D1BB-4EBF-93BD-BDA32F318BA2}.Release|x86.ActiveCfg = Release|Win32
		{3CE15A64-D1BB-4EBF-93BD-BDA32F318BA2}.Release|x86.Build.0 = Release|Win32
	EndGlobalSection
	GlobalSection(SolutionProperties) = preSolution
		HideSolutionNode = FALSE
	EndGlobalSection
	GlobalSection(NestedProjects) = preSolution
		{F99E4E44-9746-4763-BD3A-BDDFDE58A4D1} = {1A03BFA6-D95C-4EFA-943C-428708306E49}
		{25A385F0-3EC3-47FC-B582-BDFFC856B580} = {1A03BFA6-D95C-4EFA-943C-428708306E49}
		{3FFD498C-90A1-45FE-8232-DD653D216B03} = {1A03BFA6-D95C-4EFA-943C-428708306E49}
		{8C0828A9-2745-460E-8499-68940509BF70} = {1A03BFA6-D95C-4EFA-943C-428708306E49}
		{3CE15A64-D1BB-4EBF-93BD-BDA32F318BA2} = {1A03BFA6-D95C-4EFA-943C-428708306E49}
	EndGlobalSection
	GlobalSection(ExtensibilityGlobals) = postSolution
		SolutionGuid = {E0B06B0E-7A72-497A-AF1B-3BC083BBF23F}
	EndGlobalSection
EndGlobal
