
Microsoft Visual Studio Solution File, Format Version 12.00
# Visual Studio 15
VisualStudioVersion = 15.0.27004.2009
MinimumVisualStudioVersion = 10.0.40219.1
Project("{8BC9CEB8-8B4A-11D0-8D11-00A0C91BC942}") = "D3D12Test_Desktop_2017_Win10", "D3D12Test\D3D12Test_Desktop_2017_Win10.vcxproj", "{F99E4E44-9746-4763-BD3A-BDDFDE58A4D1}"
EndProject
Project("{8BC9CEB8-8B4A-11D0-8D11-00A0C91BC942}") = "DirectXTK12", "..\DirectXTK_Desktop_2017_Win10.vcxproj", "{3E0E8608-CD9B-4C76-AF33-29CA38F2C9F0}"
EndProject
Project("{8BC9CEB8-8B4A-11D0-8D11-00A0C91BC942}") = "SpriteBatchTest_Desktop_2017_Win10", "SpriteBatchTest\SpriteBatchTest_Desktop_2017_Win10.vcxproj", "{6CE3ABA9-A541-449D-AA72-71C88CF3CD85}"
EndProject
Project("{8BC9CEB8-8B4A-11D0-8D11-00A0C91BC942}") = "SpriteFontTest_Desktop_2017_Win10", "SpriteFontTest\SpriteFontTest_Desktop_2017_Win10.vcxproj", "{0C9F8D27-71DB-449C-BAB2-69EE02ABBFE7}"
EndProject
Project("{8BC9CEB8-8B4A-11D0-8D11-00A0C91BC942}") = "PrimitivesTest_Desktop_2017_Win10", "PrimitivesTest\PrimitivesTest_Desktop_2017_Win10.vcxproj", "{8C0828A9-2745-460E-8499-68940509BF70}"
EndProject
Project("{8BC9CEB8-8B4A-11D0-8D11-00A0C91BC942}") = "LoadTest_Desktop_2017_Win10", "LoadTest\LoadTest_Desktop_2017_Win10.vcxproj", "{3FFD498C-90A1-45FE-8232-DD653D216B03}"
EndProject
Project("{2150E333-8FDC-42A3-9474-1A3956D46DE8}") = "Graphics", "Graphics", "{B32E701E-AA5B-4017-93DC-724FC1CE4DD0}"
EndProject
Project("{8BC9CEB8-8B4A-11D0-8D11-00A0C91BC942}") = "EffectsTest_Desktop_2017_Win10", "EffectsTest\EffectsTest_Desktop_2017_Win10.vcxproj", "{25A385F0-3EC3-47FC-B582-BDFFC856B580}"
EndProject
Project("{8BC9CEB8-8B4A-11D0-8D11-00A0C91BC942}") = "ModelTest_Desktop_2017_Win10", "ModelTest\ModelTest_Desktop_2017_Win10.vcxproj", "{836BF98C-D429-434E-ACCC-6460A1C20E09}"
EndProject
Project("{8BC9CEB8-8B4A-11D0-8D11-00A0C91BC942}") = "ShaderTest_Desktop_2017_Win10", "ShaderTest\ShaderTest_Desktop_2017_Win10.vcxproj", "{3CE15A64-D1BB-4EBF-93BD-BDA32F318BA2}"
EndProject
Project("{8BC9CEB8-8B4A-11D0-8D11-00A0C91BC942}") = "fuzzloaders_Desktop_2017_Win10", "fuzzloaders\fuzzloaders_Desktop_2017_Win10.vcxproj", "{65A50BAD-23BA-426B-9D72-2BD06F31F13B}"
EndProject
Project("{8BC9CEB8-8B4A-11D0-8D11-00A0C91BC942}") = "PostProcessTest_Desktop_2017_Win10", "PostProcessTest\PostProcessTest_Desktop_2017_Win10.vcxproj", "{499DFB34-5133-4904-9FE0-84CDE1BAE234}"
EndProject
Project("{8BC9CEB8-8B4A-11D0-8D11-00A0C91BC942}") = "HDRTest_Desktop_2017_Win10", "HDRTest\HDRTest_Desktop_2017_Win10.vcxproj", "{74EAC58E-732A-437F-B77C-41B2495932EC}"
EndProject
Project("{8BC9CEB8-8B4A-11D0-8D11-00A0C91BC942}") = "PBRTest_Desktop_2017_Win10", "PBRTest\PBRTest_Desktop_2017_Win10.vcxproj", "{9B069E2C-0C27-437B-B5FF-91D46F8E9691}"
EndProject
Project("{2150E333-8FDC-42A3-9474-1A3956D46DE8}") = "Audio", "Audio", "{D0774D72-1A5C-4682-9E96-043A87FC3D6F}"
EndProject
Project("{8BC9CEB8-8B4A-11D0-8D11-00A0C91BC942}") = "Audio3DTest_Desktop_2017_Win10", "Audio3DTest\Audio3DTest_Desktop_2017_Win10.vcxproj", "{0D1C22A6-35FF-4B5C-A929-F326CF57F66A}"
EndProject
Project("{8BC9CEB8-8B4A-11D0-8D11-00A0C91BC942}") = "SimpleAudioTest_Desktop_2017_Win10", "SimpleAudioTest\SimpleAudioTest_Desktop_2017_Win10.vcxproj", "{49DD7AE8-FC69-44A5-B71B-ACE58B33442A}"
EndProject
Project("{2150E333-8FDC-42A3-9474-1A3956D46DE8}") = "Input", "Input", "{32E081D3-9843-47CA-99B0-323714E30CA5}"
EndProject
Project("{8BC9CEB8-8B4A-11D0-8D11-00A0C91BC942}") = "GamePadTest_Desktop_2017_Win10", "GamePadTest\GamePadTest_Desktop_2017_Win10.vcxproj", "{A0933AC1-3E0F-442A-BB38-5788D13AE378}"
EndProject
Project("{8BC9CEB8-8B4A-11D0-8D11-00A0C91BC942}") = "KeyboardTest_Desktop_2017_Win10", "KeyboardTest\KeyboardTest_Desktop_2017_Win10.vcxproj", "{F2E0CACE-9DCF-455C-9083-27E1C132B796}"
EndProject
Project("{8BC9CEB8-8B4A-11D0-8D11-00A0C91BC942}") = "MouseTest_Desktop_2017_Win10", "MouseTest\MouseTest_Desktop_2017_Win10.vcxproj", "{E91FD2B8-F441-4342-B86B-F9EAE42A7F3E}"
EndProject
Global
	GlobalSection(SolutionConfigurationPlatforms) = preSolution
		Debug|x64 = Debug|x64
		Debug|x86 = Debug|x86
		Profile|x64 = Profile|x64
		Profile|x86 = Profile|x86
		Release|x64 = Release|x64
		Release|x86 = Release|x86
	EndGlobalSection
	GlobalSection(ProjectConfigurationPlatforms) = postSolution
		{F99E4E44-9746-4763-BD3A-BDDFDE58A4D1}.Debug|x64.ActiveCfg = Debug|x64
		{F99E4E44-9746-4763-BD3A-BDDFDE58A4D1}.Debug|x64.Build.0 = Debug|x64
		{F99E4E44-9746-4763-BD3A-BDDFDE58A4D1}.Debug|x86.ActiveCfg = Debug|Win32
		{F99E4E44-9746-4763-BD3A-BDDFDE58A4D1}.Debug|x86.Build.0 = Debug|Win32
		{F99E4E44-9746-4763-BD3A-BDDFDE58A4D1}.Profile|x64.ActiveCfg = Release|x64
		{F99E4E44-9746-4763-BD3A-BDDFDE58A4D1}.Profile|x64.Build.0 = Release|x64
		{F99E4E44-9746-4763-BD3A-BDDFDE58A4D1}.Profile|x86.ActiveCfg = Release|Win32
		{F99E4E44-9746-4763-BD3A-BDDFDE58A4D1}.Profile|x86.Build.0 = Release|Win32
		{F99E4E44-9746-4763-BD3A-BDDFDE58A4D1}.Release|x64.ActiveCfg = Release|x64
		{F99E4E44-9746-4763-BD3A-BDDFDE58A4D1}.Release|x64.Build.0 = Release|x64
		{F99E4E44-9746-4763-BD3A-BDDFDE58A4D1}.Release|x86.ActiveCfg = Release|Win32
		{F99E4E44-9746-4763-BD3A-BDDFDE58A4D1}.Release|x86.Build.0 = Release|Win32
		{3E0E8608-CD9B-4C76-AF33-29CA38F2C9F0}.Debug|x64.ActiveCfg = Debug|x64
		{3E0E8608-CD9B-4C76-AF33-29CA38F2C9F0}.Debug|x64.Build.0 = Debug|x64
		{3E0E8608-CD9B-4C76-AF33-29CA38F2C9F0}.Debug|x86.ActiveCfg = Debug|Win32
		{3E0E8608-CD9B-4C76-AF33-29CA38F2C9F0}.Debug|x86.Build.0 = Debug|Win32
		{3E0E8608-CD9B-4C76-AF33-29CA38F2C9F0}.Profile|x64.ActiveCfg = Release|x64
		{3E0E8608-CD9B-4C76-AF33-29CA38F2C9F0}.Profile|x64.Build.0 = Release|x64
		{3E0E8608-CD9B-4C76-AF33-29CA38F2C9F0}.Profile|x86.ActiveCfg = Release|Win32
		{3E0E8608-CD9B-4C76-AF33-29CA38F2C9F0}.Profile|x86.Build.0 = Release|Win32
		{3E0E8608-CD9B-4C76-AF33-29CA38F2C9F0}.Release|x64.ActiveCfg = Release|x64
		{3E0E8608-CD9B-4C76-AF33-29CA38F2C9F0}.Release|x64.Build.0 = Release|x64
		{3E0E8608-CD9B-4C76-AF33-29CA38F2C9F0}.Release|x86.ActiveCfg = Release|Win32
		{3E0E8608-CD9B-4C76-AF33-29CA38F2C9F0}.Release|x86.Build.0 = Release|Win32
		{6CE3ABA9-A541-449D-AA72-71C88CF3CD85}.Debug|x64.ActiveCfg = Debug|x64
		{6CE3ABA9-A541-449D-AA72-71C88CF3CD85}.Debug|x64.Build.0 = Debug|x64
		{6CE3ABA9-A541-449D-AA72-71C88CF3CD85}.Debug|x86.ActiveCfg = Debug|Win32
		{6CE3ABA9-A541-449D-AA72-71C88CF3CD85}.Debug|x86.Build.0 = Debug|Win32
		{6CE3ABA9-A541-449D-AA72-71C88CF3CD85}.Profile|x64.ActiveCfg = Release|x64
		{6CE3ABA9-A541-449D-AA72-71C88CF3CD85}.Profile|x64.Build.0 = Release|x64
		{6CE3ABA9-A541-449D-AA72-71C88CF3CD85}.Profile|x86.ActiveCfg = Release|Win32
		{6CE3ABA9-A541-449D-AA72-71C88CF3CD85}.Profile|x86.Build.0 = Release|Win32
		{6CE3ABA9-A541-449D-AA72-71C88CF3CD85}.Release|x64.ActiveCfg = Release|x64
		{6CE3ABA9-A541-449D-AA72-71C88CF3CD85}.Release|x64.Build.0 = Release|x64
		{6CE3ABA9-A541-449D-AA72-71C88CF3CD85}.Release|x86.ActiveCfg = Release|Win32
		{6CE3ABA9-A541-449D-AA72-71C88CF3CD85}.Release|x86.Build.0 = Release|Win32
		{0C9F8D27-71DB-449C-BAB2-69EE02ABBFE7}.Debug|x64.ActiveCfg = Debug|x64
		{0C9F8D27-71DB-449C-BAB2-69EE02ABBFE7}.Debug|x64.Build.0 = Debug|x64
		{0C9F8D27-71DB-449C-BAB2-69EE02ABBFE7}.Debug|x86.ActiveCfg = Debug|Win32
		{0C9F8D27-71DB-449C-BAB2-69EE02ABBFE7}.Debug|x86.Build.0 = Debug|Win32
		{0C9F8D27-71DB-449C-BAB2-69EE02ABBFE7}.Profile|x64.ActiveCfg = Release|x64
		{0C9F8D27-71DB-449C-BAB2-69EE02ABBFE7}.Profile|x64.Build.0 = Release|x64
		{0C9F8D27-71DB-449C-BAB2-69EE02ABBFE7}.Profile|x86.ActiveCfg = Release|Win32
		{0C9F8D27-71DB-449C-BAB2-69EE02ABBFE7}.Profile|x86.Build.0 = Release|Win32
		{0C9F8D27-71DB-449C-BAB2-69EE02ABBFE7}.Release|x64.ActiveCfg = Release|x64
		{0C9F8D27-71DB-449C-BAB2-69EE02ABBFE7}.Release|x64.Build.0 = Release|x64
		{0C9F8D27-71DB-449C-BAB2-69EE02ABBFE7}.Release|x86.ActiveCfg = Release|Win32
		{0C9F8D27-71DB-449C-BAB2-69EE02ABBFE7}.Release|x86.Build.0 = Release|Win32
		{8C0828A9-2745-460E-8499-68940509BF70}.Debug|x64.ActiveCfg = Debug|x64
		{8C0828A9-2745-460E-8499-68940509BF70}.Debug|x64.Build.0 = Debug|x64
		{8C0828A9-2745-460E-8499-68940509BF70}.Debug|x86.ActiveCfg = Debug|Win32
		{8C0828A9-2745-460E-8499-68940509BF70}.Debug|x86.Build.0 = Debug|Win32
		{8C0828A9-2745-460E-8499-68940509BF70}.Profile|x64.ActiveCfg = Release|x64
		{8C0828A9-2745-460E-8499-68940509BF70}.Profile|x64.Build.0 = Release|x64
		{8C0828A9-2745-460E-8499-68940509BF70}.Profile|x86.ActiveCfg = Release|Win32
		{8C0828A9-2745-460E-8499-68940509BF70}.Profile|x86.Build.0 = Release|Win32
		{8C0828A9-2745-460E-8499-68940509BF70}.Release|x64.ActiveCfg = Release|x64
		{8C0828A9-2745-460E-8499-68940509BF70}.Release|x64.Build.0 = Release|x64
		{8C0828A9-2745-460E-8499-68940509BF70}.Release|x86.ActiveCfg = Release|Win32
		{8C0828A9-2745-460E-8499-68940509BF70}.Release|x86.Build.0 = Release|Win32
		{3FFD498C-90A1-45FE-8232-DD653D216B03}.Debug|x64.ActiveCfg = Debug|x64
		{3FFD498C-90A1-45FE-8232-DD653D216B03}.Debug|x64.Build.0 = Debug|x64
		{3FFD498C-90A1-45FE-8232-DD653D216B03}.Debug|x86.ActiveCfg = Debug|Win32
		{3FFD498C-90A1-45FE-8232-DD653D216B03}.Debug|x86.Build.0 = Debug|Win32
		{3FFD498C-90A1-45FE-8232-DD653D216B03}.Profile|x64.ActiveCfg = Release|x64
		{3FFD498C-90A1-45FE-8232-DD653D216B03}.Profile|x64.Build.0 = Release|x64
		{3FFD498C-90A1-45FE-8232-DD653D216B03}.Profile|x86.ActiveCfg = Release|Win32
		{3FFD498C-90A1-45FE-8232-DD653D216B03}.Profile|x86.Build.0 = Release|Win32
		{3FFD498C-90A1-45FE-8232-DD653D216B03}.Release|x64.ActiveCfg = Release|x64
		{3FFD498C-90A1-45FE-8232-DD653D216B03}.Release|x64.Build.0 = Release|x64
		{3FFD498C-90A1-45FE-8232-DD653D216B03}.Release|x86.ActiveCfg = Release|Win32
		{3FFD498C-90A1-45FE-8232-DD653D216B03}.Release|x86.Build.0 = Release|Win32
		{25A385F0-3EC3-47FC-B582-BDFFC856B580}.Debug|x64.ActiveCfg = Debug|x64
		{25A385F0-3EC3-47FC-B582-BDFFC856B580}.Debug|x64.Build.0 = Debug|x64
		{25A385F0-3EC3-47FC-B582-BDFFC856B580}.Debug|x86.ActiveCfg = Debug|Win32
		{25A385F0-3EC3-47FC-B582-BDFFC856B580}.Debug|x86.Build.0 = Debug|Win32
		{25A385F0-3EC3-47FC-B582-BDFFC856B580}.Profile|x64.ActiveCfg = Release|x64
		{25A385F0-3EC3-47FC-B582-BDFFC856B580}.Profile|x64.Build.0 = Release|x64
		{25A385F0-3EC3-47FC-B582-BDFFC856B580}.Profile|x86.ActiveCfg = Release|Win32
		{25A385F0-3EC3-47FC-B582-BDFFC856B580}.Profile|x86.Build.0 = Release|Win32
		{25A385F0-3EC3-47FC-B582-BDFFC856B580}.Release|x64.ActiveCfg = Release|x64
		{25A385F0-3EC3-47FC-B582-BDFFC856B580}.Release|x64.Build.0 = Release|x64
		{25A385F0-3EC3-47FC-B582-BDFFC856B580}.Release|x86.ActiveCfg = Release|Win32
		{25A385F0-3EC3-47FC-B582-BDFFC856B580}.Release|x86.Build.0 = Release|Win32
		{836BF98C-D429-434E-ACCC-6460A1C20E09}.Debug|x64.ActiveCfg = Debug|x64
		{836BF98C-D429-434E-ACCC-6460A1C20E09}.Debug|x64.Build.0 = Debug|x64
		{836BF98C-D429-434E-ACCC-6460A1C20E09}.Debug|x86.ActiveCfg = Debug|Win32
		{836BF98C-D429-434E-ACCC-6460A1C20E09}.Debug|x86.Build.0 = Debug|Win32
		{836BF98C-D429-434E-ACCC-6460A1C20E09}.Profile|x64.ActiveCfg = Release|x64
		{836BF98C-D429-434E-ACCC-6460A1C20E09}.Profile|x64.Build.0 = Release|x64
		{836BF98C-D429-434E-ACCC-6460A1C20E09}.Profile|x86.ActiveCfg = Release|Win32
		{836BF98C-D429-434E-ACCC-6460A1C20E09}.Profile|x86.Build.0 = Release|Win32
		{836BF98C-D429-434E-ACCC-6460A1C20E09}.Release|x64.ActiveCfg = Release|x64
		{836BF98C-D429-434E-ACCC-6460A1C20E09}.Release|x64.Build.0 = Release|x64
		{836BF98C-D429-434E-ACCC-6460A1C20E09}.Release|x86.ActiveCfg = Release|Win32
		{836BF98C-D429-434E-ACCC-6460A1C20E09}.Release|x86.Build.0 = Release|Win32
		{3CE15A64-D1BB-4EBF-93BD-BDA32F318BA2}.Debug|x64.ActiveCfg = Debug|x64
		{3CE15A64-D1BB-4EBF-93BD-BDA32F318BA2}.Debug|x64.Build.0 = Debug|x64
		{3CE15A64-D1BB-4EBF-93BD-BDA32F318BA2}.Debug|x86.ActiveCfg = Debug|Win32
		{3CE15A64-D1BB-4EBF-93BD-BDA32F318BA2}.Debug|x86.Build.0 = Debug|Win32
		{3CE15A64-D1BB-4EBF-93BD-BDA32F318BA2}.Profile|x64.ActiveCfg = Release|x64
		{3CE15A64-D1BB-4EBF-93BD-BDA32F318BA2}.Profile|x64.Build.0 = Release|x64
		{3CE15A64-D1BB-4EBF-93BD-BDA32F318BA2}.Profile|x86.ActiveCfg = Release|Win32
		{3CE15A64-D1BB-4EBF-93BD-BDA32F318BA2}.Profile|x86.Build.0 = Release|Win32
		{3CE15A64-D1BB-4EBF-93BD-BDA32F318BA2}.Release|x64.ActiveCfg = Release|x64
		{3CE15A64-D1BB-4EBF-93BD-BDA32F318BA2}.Release|x64.Build.0 = Release|x64
		{3CE15A64-D1BB-4EBF-93BD-BDA32F318BA2}.Release|x86.ActiveCfg = Release|Win32
		{3CE15A64-D1BB-4EBF-93BD-BDA32F318BA2}.Release|x86.Build.0 = Release|Win32
		{65A50BAD-23BA-426B-9D72-2BD06F31F13B}.Debug|x64.ActiveCfg = Debug|x64
		{65A50BAD-23BA-426B-9D72-2BD06F31F13B}.Debug|x64.Build.0 = Debug|x64
		{65A50BAD-23BA-426B-9D72-2BD06F31F13B}.Debug|x86.ActiveCfg = Debug|Win32
		{65A50BAD-23BA-426B-9D72-2BD06F31F13B}.Debug|x86.Build.0 = Debug|Win32
		{65A50BAD-23BA-426B-9D72-2BD06F31F13B}.Profile|x64.ActiveCfg = Release|x64
		{65A50BAD-23BA-426B-9D72-2BD06F31F13B}.Profile|x64.Build.0 = Release|x64
		{65A50BAD-23BA-426B-9D72-2BD06F31F13B}.Profile|x86.ActiveCfg = Release|Win32
		{65A50BAD-23BA-426B-9D72-2BD06F31F13B}.Profile|x86.Build.0 = Release|Win32
		{65A50BAD-23BA-426B-9D72-2BD06F31F13B}.Release|x64.ActiveCfg = Release|x64
		{65A50BAD-23BA-426B-9D72-2BD06F31F13B}.Release|x64.Build.0 = Release|x64
		{65A50BAD-23BA-426B-9D72-2BD06F31F13B}.Release|x86.ActiveCfg = Release|Win32
		{65A50BAD-23BA-426B-9D72-2BD06F31F13B}.Release|x86.Build.0 = Release|Win32
		{499DFB34-5133-4904-9FE0-84CDE1BAE234}.Debug|x64.ActiveCfg = Debug|x64
		{499DFB34-5133-4904-9FE0-84CDE1BAE234}.Debug|x64.Build.0 = Debug|x64
		{499DFB34-5133-4904-9FE0-84CDE1BAE234}.Debug|x86.ActiveCfg = Debug|Win32
		{499DFB34-5133-4904-9FE0-84CDE1BAE234}.Debug|x86.Build.0 = Debug|Win32
		{499DFB34-5133-4904-9FE0-84CDE1BAE234}.Profile|x64.ActiveCfg = Release|x64
		{499DFB34-5133-4904-9FE0-84CDE1BAE234}.Profile|x64.Build.0 = Release|x64
		{499DFB34-5133-4904-9FE0-84CDE1BAE234}.Profile|x86.ActiveCfg = Release|Win32
		{499DFB34-5133-4904-9FE0-84CDE1BAE234}.Profile|x86.Build.0 = Release|Win32
		{499DFB34-5133-4904-9FE0-84CDE1BAE234}.Release|x64.ActiveCfg = Release|x64
		{499DFB34-5133-4904-9FE0-84CDE1BAE234}.Release|x64.Build.0 = Release|x64
		{499DFB34-5133-4904-9FE0-84CDE1BAE234}.Release|x86.ActiveCfg = Release|Win32
		{499DFB34-5133-4904-9FE0-84CDE1BAE234}.Release|x86.Build.0 = Release|Win32
		{74EAC58E-732A-437F-B77C-41B2495932EC}.Debug|x64.ActiveCfg = Debug|x64
		{74EAC58E-732A-437F-B77C-41B2495932EC}.Debug|x64.Build.0 = Debug|x64
		{74EAC58E-732A-437F-B77C-41B2495932EC}.Debug|x86.ActiveCfg = Debug|Win32
		{74EAC58E-732A-437F-B77C-41B2495932EC}.Debug|x86.Build.0 = Debug|Win32
		{74EAC58E-732A-437F-B77C-41B2495932EC}.Profile|x64.ActiveCfg = Release|x64
		{74EAC58E-732A-437F-B77C-41B2495932EC}.Profile|x64.Build.0 = Release|x64
		{74EAC58E-732A-437F-B77C-41B2495932EC}.Profile|x86.ActiveCfg = Release|Win32
		{74EAC58E-732A-437F-B77C-41B2495932EC}.Profile|x86.Build.0 = Release|Win32
		{74EAC58E-732A-437F-B77C-41B2495932EC}.Release|x64.ActiveCfg = Release|x64
		{74EAC58E-732A-437F-B77C-41B2495932EC}.Release|x64.Build.0 = Release|x64
		{74EAC58E-732A-437F-B77C-41B2495932EC}.Release|x86.ActiveCfg = Release|Win32
		{74EAC58E-732A-437F-B77C-41B2495932EC}.Release|x86.Build.0 = Release|Win32
		{9B069E2C-0C27-437B-B5FF-91D46F8E9691}.Debug|x64.ActiveCfg = Debug|x64
		{9B069E2C-0C27-437B-B5FF-91D46F8E9691}.Debug|x64.Build.0 = Debug|x64
		{9B069E2C-0C27-437B-B5FF-91D46F8E9691}.Debug|x86.ActiveCfg = Debug|Win32
		{9B069E2C-0C27-437B-B5FF-91D46F8E9691}.Debug|x86.Build.0 = Debug|Win32
		{9B069E2C-0C27-437B-B5FF-91D46F8E9691}.Profile|x64.ActiveCfg = Release|x64
		{9B069E2C-0C27-437B-B5FF-91D46F8E9691}.Profile|x64.Build.0 = Release|x64
		{9B069E2C-0C27-437B-B5FF-91D46F8E9691}.Profile|x86.ActiveCfg = Release|Win32
		{9B069E2C-0C27-437B-B5FF-91D46F8E9691}.Profile|x86.Build.0 = Release|Win32
		{9B069E2C-0C27-437B-B5FF-91D46F8E9691}.Release|x64.ActiveCfg = Release|x64
		{9B069E2C-0C27-437B-B5FF-91D46F8E9691}.Release|x64.Build.0 = Release|x64
		{9B069E2C-0C27-437B-B5FF-91D46F8E9691}.Release|x86.ActiveCfg = Release|Win32
		{9B069E2C-0C27-437B-B5FF-91D46F8E9691}.Release|x86.Build.0 = Release|Win32
		{0D1C22A6-35FF-4B5C-A929-F326CF57F66A}.Debug|x64.ActiveCfg = Debug|x64
		{0D1C22A6-35FF-4B5C-A929-F326CF57F66A}.Debug|x64.Build.0 = Debug|x64
		{0D1C22A6-35FF-4B5C-A929-F326CF57F66A}.Debug|x86.ActiveCfg = Debug|Win32
		{0D1C22A6-35FF-4B5C-A929-F326CF57F66A}.Debug|x86.Build.0 = Debug|Win32
		{0D1C22A6-35FF-4B5C-A929-F326CF57F66A}.Profile|x64.ActiveCfg = Release|x64
		{0D1C22A6-35FF-4B5C-A929-F326CF57F66A}.Profile|x64.Build.0 = Release|x64
		{0D1C22A6-35FF-4B5C-A929-F326CF57F66A}.Profile|x86.ActiveCfg = Release|Win32
		{0D1C22A6-35FF-4B5C-A929-F326CF57F66A}.Profile|x86.Build.0 = Release|Win32
		{0D1C22A6-35FF-4B5C-A929-F326CF57F66A}.Release|x64.ActiveCfg = Release|x64
		{0D1C22A6-35FF-4B5C-A929-F326CF57F66A}.Release|x64.Build.0 = Release|x64
		{0D1C22A6-35FF-4B5C-A929-F326CF57F66A}.Release|x86.ActiveCfg = Release|Win32
		{0D1C22A6-35FF-4B5C-A929-F326CF57F66A}.Release|x86.Build.0 = Release|Win32
		{49DD7AE8-FC69-44A5-B71B-ACE58B33442A}.Debug|x64.ActiveCfg = Debug|x64
		{49DD7AE8-FC69-44A5-B71B-ACE58B33442A}.Debug|x64.Build.0 = Debug|x64
		{49DD7AE8-FC69-44A5-B71B-ACE58B33442A}.Debug|x86.ActiveCfg = Debug|Win32
		{49DD7AE8-FC69-44A5-B71B-ACE58B33442A}.Debug|x86.Build.0 = Debug|Win32
		{49DD7AE8-FC69-44A5-B71B-ACE58B33442A}.Profile|x64.ActiveCfg = Release|x64
		{49DD7AE8-FC69-44A5-B71B-ACE58B33442A}.Profile|x64.Build.0 = Release|x64
		{49DD7AE8-FC69-44A5-B71B-ACE58B33442A}.Profile|x86.ActiveCfg = Release|Win32
		{49DD7AE8-FC69-44A5-B71B-ACE58B33442A}.Profile|x86.Build.0 = Release|Win32
		{49DD7AE8-FC69-44A5-B71B-ACE58B33442A}.Release|x64.ActiveCfg = Release|x64
		{49DD7AE8-FC69-44A5-B71B-ACE58B33442A}.Release|x64.Build.0 = Release|x64
		{49DD7AE8-FC69-44A5-B71B-ACE58B33442A}.Release|x86.ActiveCfg = Release|Win32
		{49DD7AE8-FC69-44A5-B71B-ACE58B33442A}.Release|x86.Build.0 = Release|Win32
		{A0933AC1-3E0F-442A-BB38-5788D13AE378}.Debug|x64.ActiveCfg = Debug|x64
		{A0933AC1-3E0F-442A-BB38-5788D13AE378}.Debug|x64.Build.0 = Debug|x64
		{A0933AC1-3E0F-442A-BB38-5788D13AE378}.Debug|x86.ActiveCfg = Debug|Win32
		{A0933AC1-3E0F-442A-BB38-5788D13AE378}.Debug|x86.Build.0 = Debug|Win32
		{A0933AC1-3E0F-442A-BB38-5788D13AE378}.Profile|x64.ActiveCfg = Release|x64
		{A0933AC1-3E0F-442A-BB38-5788D13AE378}.Profile|x64.Build.0 = Release|x64
		{A0933AC1-3E0F-442A-BB38-5788D13AE378}.Profile|x86.ActiveCfg = Release|Win32
		{A0933AC1-3E0F-442A-BB38-5788D13AE378}.Profile|x86.Build.0 = Release|Win32
		{A0933AC1-3E0F-442A-BB38-5788D13AE378}.Release|x64.ActiveCfg = Release|x64
		{A0933AC1-3E0F-442A-BB38-5788D13AE378}.Release|x64.Build.0 = Release|x64
		{A0933AC1-3E0F-442A-BB38-5788D13AE378}.Release|x86.ActiveCfg = Release|Win32
		{A0933AC1-3E0F-442A-BB38-5788D13AE378}.Release|x86.Build.0 = Release|Win32
		{F2E0CACE-9DCF-455C-9083-27E1C132B796}.Debug|x64.ActiveCfg = Debug|x64
		{F2E0CACE-9DCF-455C-9083-27E1C132B796}.Debug|x64.Build.0 = Debug|x64
		{F2E0CACE-9DCF-455C-9083-27E1C132B796}.Debug|x86.ActiveCfg = Debug|Win32
		{F2E0CACE-9DCF-455C-9083-27E1C132B796}.Debug|x86.Build.0 = Debug|Win32
		{F2E0CACE-9DCF-455C-9083-27E1C132B796}.Profile|x64.ActiveCfg = Release|x64
		{F2E0CACE-9DCF-455C-9083-27E1C132B796}.Profile|x64.Build.0 = Release|x64
		{F2E0CACE-9DCF-455C-9083-27E1C132B796}.Profile|x86.ActiveCfg = Release|Win32
		{F2E0CACE-9DCF-455C-9083-27E1C132B796}.Profile|x86.Build.0 = Release|Win32
		{F2E0CACE-9DCF-455C-9083-27E1C132B796}.Release|x64.ActiveCfg = Release|x64
		{F2E0CACE-9DCF-455C-9083-27E1C132B796}.Release|x64.Build.0 = Release|x64
		{F2E0CACE-9DCF-455C-9083-27E1C132B796}.Release|x86.ActiveCfg = Release|Win32
		{F2E0CACE-9DCF-455C-9083-27E1C132B796}.Release|x86.Build.0 = Release|Win32
		{E91FD2B8-F441-4342-B86B-F9EAE42A7F3E}.Debug|x64.ActiveCfg = Debug|x64
		{E91FD2B8-F441-4342-B86B-F9EAE42A7F3E}.Debug|x64.Build.0 = Debug|x64
		{E91FD2B8-F441-4342-B86B-F9EAE42A7F3E}.Debug|x86.ActiveCfg = Debug|Win32
		{E91FD2B8-F441-4342-B86B-F9EAE42A7F3E}.Debug|x86.Build.0 = Debug|Win32
		{E91FD2B8-F441-4342-B86B-F9EAE42A7F3E}.Profile|x64.ActiveCfg = Release|x64
		{E91FD2B8-F441-4342-B86B-F9EAE42A7F3E}.Profile|x64.Build.0 = Release|x64
		{E91FD2B8-F441-4342-B86B-F9EAE42A7F3E}.Profile|x86.ActiveCfg = Release|Win32
		{E91FD2B8-F441-4342-B86B-F9EAE42A7F3E}.Profile|x86.Build.0 = Release|Win32
		{E91FD2B8-F441-4342-B86B-F9EAE42A7F3E}.Release|x64.ActiveCfg = Release|x64
		{E91FD2B8-F441-4342-B86B-F9EAE42A7F3E}.Release|x64.Build.0 = Release|x64
		{E91FD2B8-F441-4342-B86B-F9EAE42A7F3E}.Release|x86.ActiveCfg = Release|Win32
		{E91FD2B8-F441-4342-B86B-F9EAE42A7F3E}.Release|x86.Build.0 = Release|Win32
	EndGlobalSection
	GlobalSection(SolutionProperties) = preSolution
		HideSolutionNode = FALSE
	EndGlobalSection
	GlobalSection(NestedProjects) = preSolution
		{F99E4E44-9746-4763-BD3A-BDDFDE58A4D1} = {B32E701E-AA5B-4017-93DC-724FC1CE4DD0}
		{6CE3ABA9-A541-449D-AA72-71C88CF3CD85} = {B32E701E-AA5B-4017-93DC-724FC1CE4DD0}
		{0C9F8D27-71DB-449C-BAB2-69EE02ABBFE7} = {B32E701E-AA5B-4017-93DC-724FC1CE4DD0}
		{8C0828A9-2745-460E-8499-68940509BF70} = {B32E701E-AA5B-4017-93DC-724FC1CE4DD0}
		{3FFD498C-90A1-45FE-8232-DD653D216B03} = {B32E701E-AA5B-4017-93DC-724FC1CE4DD0}
		{25A385F0-3EC3-47FC-B582-BDFFC856B580} = {B32E701E-AA5B-4017-93DC-724FC1CE4DD0}
		{836BF98C-D429-434E-ACCC-6460A1C20E09} = {B32E701E-AA5B-4017-93DC-724FC1CE4DD0}
		{3CE15A64-D1BB-4EBF-93BD-BDA32F318BA2} = {B32E701E-AA5B-4017-93DC-724FC1CE4DD0}
		{499DFB34-5133-4904-9FE0-84CDE1BAE234} = {B32E701E-AA5B-4017-93DC-724FC1CE4DD0}
		{74EAC58E-732A-437F-B77C-41B2495932EC} = {B32E701E-AA5B-4017-93DC-724FC1CE4DD0}
		{9B069E2C-0C27-437B-B5FF-91D46F8E9691} = {B32E701E-AA5B-4017-93DC-724FC1CE4DD0}
		{0D1C22A6-35FF-4B5C-A929-F326CF57F66A} = {D0774D72-1A5C-4682-9E96-043A87FC3D6F}
		{49DD7AE8-FC69-44A5-B71B-ACE58B33442A} = {D0774D72-1A5C-4682-9E96-043A87FC3D6F}
		{A0933AC1-3E0F-442A-BB38-5788D13AE378} = {32E081D3-9843-47CA-99B0-323714E30CA5}
		{F2E0CACE-9DCF-455C-9083-27E1C132B796} = {32E081D3-9843-47CA-99B0-323714E30CA5}
		{E91FD2B8-F441-4342-B86B-F9EAE42A7F3E} = {32E081D3-9843-47CA-99B0-323714E30CA5}
	EndGlobalSection
	GlobalSection(ExtensibilityGlobals) = postSolution
		SolutionGuid = {9A5F87F1-E7E1-45B0-8218-C0DD13BD24D2}
	EndGlobalSection
EndGlobal
