
Microsoft Visual Studio Solution File, Format Version 12.00
# Visual Studio Version 16
VisualStudioVersion = 16.0.31507.150
MinimumVisualStudioVersion = 10.0.40219.1
Project("{8BC9CEB8-8B4A-11D0-8D11-00A0C91BC942}") = "D3D12Test_Desktop_2019_AgilitySDK", "D3D12Test\D3D12Test_Desktop_2019_AgilitySDK.vcxproj", "{F99E4E44-9746-4763-BD3A-BDDFDE58A4D1}"
EndProject
Project("{8BC9CEB8-8B4A-11D0-8D11-00A0C91BC942}") = "DirectXTK12", "..\DirectXTK_Desktop_2019_Win10.vcxproj", "{3E0E8608-CD9B-4C76-AF33-29CA38F2C9F0}"
EndProject
Project("{2150E333-8FDC-42A3-9474-1A3956D46DE8}") = "Solution Items", "Solution Items", "{213B33B0-2B58-4ACD-B6DA-15D03EC72EF3}"
	ProjectSection(SolutionItems) = preProject
		..\.editorconfig = ..\.editorconfig
	EndProjectSection
EndProject
Global
	GlobalSection(SolutionConfigurationPlatforms) = preSolution
		Debug|x64 = Debug|x64
		Debug|x86 = Debug|x86
		Release|x64 = Release|x64
		Release|x86 = Release|x86
	EndGlobalSection
	GlobalSection(ProjectConfigurationPlatforms) = postSolution
		{F99E4E44-9746-4763-BD3A-BDDFDE58A4D1}.Debug|x64.ActiveCfg = Debug|x64
		{F99E4E44-9746-4763-BD3A-BDDFDE58A4D1}.Debug|x64.Build.0 = Debug|x64
		{F99E4E44-9746-4763-BD3A-BDDFDE58A4D1}.Debug|x86.ActiveCfg = Debug|Win32
		{F99E4E44-9746-4763-BD3A-BDDFDE58A4D1}.Debug|x86.Build.0 = Debug|Win32
		{F99E4E44-9746-4763-BD3A-BDDFDE58A4D1}.Release|x64.ActiveCfg = Release|x64
		{F99E4E44-9746-4763-BD3A-BDDFDE58A4D1}.Release|x64.Build.0 = Release|x64
		{F99E4E44-9746-4763-BD3A-BDDFDE58A4D1}.Release|x86.ActiveCfg = Release|Win32
		{F99E4E44-9746-4763-BD3A-BDDFDE58A4D1}.Release|x86.Build.0 = Release|Win32
		{3E0E8608-CD9B-4C76-AF33-29CA38F2C9F0}.Debug|x64.ActiveCfg = Debug|x64
		{3E0E8608-CD9B-4C76-AF33-29CA38F2C9F0}.Debug|x64.Build.0 = Debug|x64
		{3E0E8608-CD9B-4C76-AF33-29CA38F2C9F0}.Debug|x86.ActiveCfg = Debug|Win32
		{3E0E8608-CD9B-4C76-AF33-29CA38F2C9F0}.Debug|x86.Build.0 = Debug|Win32
		{3E0E8608-CD9B-4C76-AF33-29CA38F2C9F0}.Release|x64.ActiveCfg = Release|x64
		{3E0E8608-CD9B-4C76-AF33-29CA38F2C9F0}.Release|x64.Build.0 = Release|x64
		{3E0E8608-CD9B-4C76-AF33-29CA38F2C9F0}.Release|x86.ActiveCfg = Release|Win32
		{3E0E8608-CD9B-4C76-AF33-29CA38F2C9F0}.Release|x86.Build.0 = Release|Win32
	EndGlobalSection
	GlobalSection(SolutionProperties) = preSolution
		HideSolutionNode = FALSE
	EndGlobalSection
	GlobalSection(ExtensibilityGlobals) = postSolution
		SolutionGuid = {E0B06B0E-7A72-497A-AF1B-3BC083BBF23F}
	EndGlobalSection
EndGlobal
