
Microsoft Visual Studio Solution File, Format Version 12.00
# Visual Studio 14
VisualStudioVersion = 14.0.25420.1
MinimumVisualStudioVersion = 10.0.40219.1
Project("{8BC9CEB8-8B4A-11D0-8D11-00A0C91BC942}") = "D3D12Test_Desktop_2015", "D3D12Test\D3D12Test_Desktop_2015.vcxproj", "{F99E4E44-9746-4763-BD3A-BDDFDE58A4D1}"
EndProject
Project("{8BC9CEB8-8B4A-11D0-8D11-00A0C91BC942}") = "DirectXTK12", "..\DirectXTK_Desktop_2015_Win10.vcxproj", "{3E0E8608-CD9B-4C76-AF33-29CA38F2C9F0}"
EndProject
Project("{8BC9CEB8-8B4A-11D0-8D11-00A0C91BC942}") = "SpriteBatchTest_Desktop_2015", "SpriteBatchTest\SpriteBatchTest_Desktop_2015.vcxproj", "{6CE3ABA9-A541-449D-AA72-71C88CF3CD85}"
EndProject
Project("{8BC9CEB8-8B4A-11D0-8D11-00A0C91BC942}") = "SpriteFontTest_Desktop_2015", "SpriteFontTest\SpriteFontTest_Desktop_2015.vcxproj", "{0C9F8D27-71DB-449C-BAB2-69EE02ABBFE7}"
EndProject
Project("{8BC9CEB8-8B4A-11D0-8D11-00A0C91BC942}") = "PrimitivesTest_Desktop_2015", "PrimitivesTest\PrimitivesTest_Desktop_2015.vcxproj", "{8C0828A9-2745-460E-8499-68940509BF70}"
EndProject
Global
	GlobalSection(SolutionConfigurationPlatforms) = preSolution
		Debug|x64 = Debug|x64
		Debug|x86 = Debug|x86
		Release|x64 = Release|x64
		Release|x86 = Release|x86
	EndGlobalSection
	GlobalSection(ProjectConfigurationPlatforms) = postSolution
		{F99E4E44-9746-4763-BD3A-BDDFDE58A4D1}.Debug|x64.ActiveCfg = Debug|x64
		{F99E4E44-9746-4763-BD3A-BDDFDE58A4D1}.Debug|x64.Build.0 = Debug|x64
		{F99E4E44-9746-4763-BD3A-BDDFDE58A4D1}.Debug|x86.ActiveCfg = Debug|Win32
		{F99E4E44-9746-4763-BD3A-BDDFDE58A4D1}.Debug|x86.Build.0 = Debug|Win32
		{F99E4E44-9746-4763-BD3A-BDDFDE58A4D1}.Release|x64.ActiveCfg = Release|x64
		{F99E4E44-9746-4763-BD3A-BDDFDE58A4D1}.Release|x64.Build.0 = Release|x64
		{F99E4E44-9746-4763-BD3A-BDDFDE58A4D1}.Release|x86.ActiveCfg = Release|Win32
		{F99E4E44-9746-4763-BD3A-BDDFDE58A4D1}.Release|x86.Build.0 = Release|Win32
		{3E0E8608-CD9B-4C76-AF33-29CA38F2C9F0}.Debug|x64.ActiveCfg = Debug|x64
		{3E0E8608-CD9B-4C76-AF33-29CA38F2C9F0}.Debug|x64.Build.0 = Debug|x64
		{3E0E8608-CD9B-4C76-AF33-29CA38F2C9F0}.Debug|x86.ActiveCfg = Debug|Win32
		{3E0E8608-CD9B-4C76-AF33-29CA38F2C9F0}.Debug|x86.Build.0 = Debug|Win32
		{3E0E8608-CD9B-4C76-AF33-29CA38F2C9F0}.Release|x64.ActiveCfg = Release|x64
		{3E0E8608-CD9B-4C76-AF33-29CA38F2C9F0}.Release|x64.Build.0 = Release|x64
		{3E0E8608-CD9B-4C76-AF33-29CA38F2C9F0}.Release|x86.ActiveCfg = Release|Win32
		{3E0E8608-CD9B-4C76-AF33-29CA38F2C9F0}.Release|x86.Build.0 = Release|Win32
		{6CE3ABA9-A541-449D-AA72-71C88CF3CD85}.Debug|x64.ActiveCfg = Debug|x64
		{6CE3ABA9-A541-449D-AA72-71C88CF3CD85}.Debug|x64.Build.0 = Debug|x64
		{6CE3ABA9-A541-449D-AA72-71C88CF3CD85}.Debug|x86.ActiveCfg = Debug|Win32
		{6CE3ABA9-A541-449D-AA72-71C88CF3CD85}.Debug|x86.Build.0 = Debug|Win32
		{6CE3ABA9-A541-449D-AA72-71C88CF3CD85}.Release|x64.ActiveCfg = Release|x64
		{6CE3ABA9-A541-449D-AA72-71C88CF3CD85}.Release|x64.Build.0 = Release|x64
		{6CE3ABA9-A541-449D-AA72-71C88CF3CD85}.Release|x86.ActiveCfg = Release|Win32
		{6CE3ABA9-A541-449D-AA72-71C88CF3CD85}.Release|x86.Build.0 = Release|Win32
		{0C9F8D27-71DB-449C-BAB2-69EE02ABBFE7}.Debug|x64.ActiveCfg = Debug|x64
		{0C9F8D27-71DB-449C-BAB2-69EE02ABBFE7}.Debug|x64.Build.0 = Debug|x64
		{0C9F8D27-71DB-449C-BAB2-69EE02ABBFE7}.Debug|x86.ActiveCfg = Debug|Win32
		{0C9F8D27-71DB-449C-BAB2-69EE02ABBFE7}.Debug|x86.Build.0 = Debug|Win32
		{0C9F8D27-71DB-449C-BAB2-69EE02ABBFE7}.Release|x64.ActiveCfg = Release|x64
		{0C9F8D27-71DB-449C-BAB2-69EE02ABBFE7}.Release|x64.Build.0 = Release|x64
		{0C9F8D27-71DB-449C-BAB2-69EE02ABBFE7}.Release|x86.ActiveCfg = Release|Win32
		{0C9F8D27-71DB-449C-BAB2-69EE02ABBFE7}.Release|x86.Build.0 = Release|Win32
		{8C0828A9-2745-460E-8499-68940509BF70}.Debug|x64.ActiveCfg = Debug|x64
		{8C0828A9-2745-460E-8499-68940509BF70}.Debug|x64.Build.0 = Debug|x64
		{8C0828A9-2745-460E-8499-68940509BF70}.Debug|x86.ActiveCfg = Debug|Win32
		{8C0828A9-2745-460E-8499-68940509BF70}.Debug|x86.Build.0 = Debug|Win32
		{8C0828A9-2745-460E-8499-68940509BF70}.Release|x64.ActiveCfg = Release|x64
		{8C0828A9-2745-460E-8499-68940509BF70}.Release|x64.Build.0 = Release|x64
		{8C0828A9-2745-460E-8499-68940509BF70}.Release|x86.ActiveCfg = Release|Win32
		{8C0828A9-2745-460E-8499-68940509BF70}.Release|x86.Build.0 = Release|Win32
	EndGlobalSection
	GlobalSection(SolutionProperties) = preSolution
		HideSolutionNode = FALSE
	EndGlobalSection
EndGlobal
