
Microsoft Visual Studio Solution File, Format Version 12.00
# Visual Studio Version 16
VisualStudioVersion = 16.0.31507.150
MinimumVisualStudioVersion = 10.0.40219.1
Project("{8BC9CEB8-8B4A-11D0-8D11-00A0C91BC942}") = "DirectXTK12", "..\DirectXTK_Windows10_2019.vcxproj", "{945B8F0E-AE5F-447C-933A-9D069532D3E4}"
EndProject
Project("{8BC9CEB8-8B4A-11D0-8D11-00A0C91BC942}") = "D3D12Test_Windows10", "D3D12Test\D3D12Test_Windows10.vcxproj", "{D7B6E042-114A-4B43-9109-1B6EC5DFD353}"
EndProject
Project("{2150E333-8FDC-42A3-9474-1A3956D46DE8}") = "Graphics", "Graphics", "{B27983AE-0CD1-467F-A90F-1ED342CF5428}"
EndProject
Project("{8BC9CEB8-8B4A-11D0-8D11-00A0C91BC942}") = "PrimitivesTest_Windows10", "PrimitivesTest\PrimitivesTest_Windows10.vcxproj", "{C2AD5EA9-B9AB-4429-8558-BBF2DF36E9CA}"
EndProject
Project("{8BC9CEB8-8B4A-11D0-8D11-00A0C91BC942}") = "EffectsTest_Windows10", "EffectsTest\EffectsTest_Windows10.vcxproj", "{D836DCDD-C46E-4099-AA46-E623324307B3}"
EndProject
Project("{8BC9CEB8-8B4A-11D0-8D11-00A0C91BC942}") = "SpriteBatchTest_Windows10", "SpriteBatchTest\SpriteBatchTest_Windows10.vcxproj", "{1D489730-4868-4A19-90E8-ED9640D34E5A}"
EndProject
Project("{8BC9CEB8-8B4A-11D0-8D11-00A0C91BC942}") = "SpriteFontTest_Windows10", "SpriteFontTest\SpriteFontTest_Windows10.vcxproj", "{EFAF6057-9B67-453D-9C1B-6386CA12C1FF}"
EndProject
Project("{8BC9CEB8-8B4A-11D0-8D11-00A0C91BC942}") = "LoadTest_Windows10", "LoadTest\LoadTest_Windows10.vcxproj", "{87B0D8F7-A101-490C-A4AB-0D715A41E9CC}"
EndProject
Project("{8BC9CEB8-8B4A-11D0-8D11-00A0C91BC942}") = "ModelTest_Windows10", "ModelTest\ModelTest_Windows10.vcxproj", "{115C2234-CA8C-4ACE-9A01-FCD49C1AB392}"
EndProject
Project("{8BC9CEB8-8B4A-11D0-8D11-00A0C91BC942}") = "ShaderTest_Windows10", "ShaderTest\ShaderTest_Windows10.vcxproj", "{3A802CA2-2A82-46CF-A572-A248A0527FB2}"
EndProject
Project("{8BC9CEB8-8B4A-11D0-8D11-00A0C91BC942}") = "PostProcessTest_Windows10", "PostProcessTest\PostProcessTest_Windows10.vcxproj", "{4F6D0AE7-F9C4-434E-ADED-6142EAFF4EE5}"
EndProject
Project("{8BC9CEB8-8B4A-11D0-8D11-00A0C91BC942}") = "HDRTest_Windows10", "HDRTest\HDRTest_Windows10.vcxproj", "{EE63E3F2-C86E-4BCA-8540-ED10F5E6B6CE}"
EndProject
Project("{8BC9CEB8-8B4A-11D0-8D11-00A0C91BC942}") = "PBRTest_Windows10", "PBRTest\PBRTest_Windows10.vcxproj", "{77526BF1-4913-4EE9-A666-3052C7DBB8DD}"
EndProject
Project("{2150E333-8FDC-42A3-9474-1A3956D46DE8}") = "Input", "Input", "{3EC83B53-FAE5-4E0E-B379-EB0E92BE25C8}"
EndProject
Project("{2150E333-8FDC-42A3-9474-1A3956D46DE8}") = "Audio", "Audio", "{2F18CAA1-62D6-4F3A-A646-15B3EFEDB4D2}"
EndProject
Project("{8BC9CEB8-8B4A-11D0-8D11-00A0C91BC942}") = "Audio3DTest_Windows10", "Audio3DTest\Audio3DTest_Windows10.vcxproj", "{0D4A6339-BA21-4A67-8DF6-292158523404}"
EndProject
Project("{8BC9CEB8-8B4A-11D0-8D11-00A0C91BC942}") = "SimpleAudioTest_Windows10", "SimpleAudioTest\SimpleAudioTest_Windows10.vcxproj", "{D7338014-5CE5-4A22-B4EC-B2F9C229292E}"
EndProject
Project("{8BC9CEB8-8B4A-11D0-8D11-00A0C91BC942}") = "GamePadTest_Windows10", "GamePadTest\GamePadTest_Windows10.vcxproj", "{B1638162-4736-4E67-B471-30E42D013C48}"
EndProject
Project("{8BC9CEB8-8B4A-11D0-8D11-00A0C91BC942}") = "KeyboardTest_Windows10", "KeyboardTest\KeyboardTest_Windows10.vcxproj", "{D9145125-4AB9-43B7-93AF-D2836DC1C299}"
EndProject
Project("{8BC9CEB8-8B4A-11D0-8D11-00A0C91BC942}") = "MouseTest_Windows10", "MouseTest\MouseTest_Windows10.vcxproj", "{15CBD550-1C18-4D08-B87D-498132F579AE}"
EndProject
Project("{8BC9CEB8-8B4A-11D0-8D11-00A0C91BC942}") = "mGPUTest_Windows10", "mGPUTest\mGPUTest_Windows10.vcxproj", "{352597D9-EC89-467E-BA8D-F6C1AB736C34}"
EndProject
Project("{8BC9CEB8-8B4A-11D0-8D11-00A0C91BC942}") = "PBRModelTest_Windows10", "PBRModelTest\PBRModelTest_Windows10.vcxproj", "{E310940D-7F75-472F-A6A7-ED084E78DE94}"
EndProject
Project("{2150E333-8FDC-42A3-9474-1A3956D46DE8}") = "Solution Items", "Solution Items", "{06B01054-8EAB-45AD-B0D1-37D94AE9683E}"
	ProjectSection(SolutionItems) = preProject
		..\.editorconfig = ..\.editorconfig
	EndProjectSection
EndProject
Project("{8BC9CEB8-8B4A-11D0-8D11-00A0C91BC942}") = "AnimTest_Windows10", "AnimTest\AnimTest_Windows10.vcxproj", "{B8671E4D-5DA0-4B20-BD70-D94A18FE28E5}"
EndProject
Global
	GlobalSection(SolutionConfigurationPlatforms) = preSolution
		Debug|ARM = Debug|ARM
		Debug|ARM64 = Debug|ARM64
		Debug|x64 = Debug|x64
		Debug|x86 = Debug|x86
		Release|ARM = Release|ARM
		Release|ARM64 = Release|ARM64
		Release|x64 = Release|x64
		Release|x86 = Release|x86
	EndGlobalSection
	GlobalSection(ProjectConfigurationPlatforms) = postSolution
		{945B8F0E-AE5F-447C-933A-9D069532D3E4}.Debug|ARM.ActiveCfg = Debug|ARM
		{945B8F0E-AE5F-447C-933A-9D069532D3E4}.Debug|ARM.Build.0 = Debug|ARM
		{945B8F0E-AE5F-447C-933A-9D069532D3E4}.Debug|ARM64.ActiveCfg = Debug|ARM64
		{945B8F0E-AE5F-447C-933A-9D069532D3E4}.Debug|ARM64.Build.0 = Debug|ARM64
		{945B8F0E-AE5F-447C-933A-9D069532D3E4}.Debug|x64.ActiveCfg = Debug|x64
		{945B8F0E-AE5F-447C-933A-9D069532D3E4}.Debug|x64.Build.0 = Debug|x64
		{945B8F0E-AE5F-447C-933A-9D069532D3E4}.Debug|x86.ActiveCfg = Debug|Win32
		{945B8F0E-AE5F-447C-933A-9D069532D3E4}.Debug|x86.Build.0 = Debug|Win32
		{945B8F0E-AE5F-447C-933A-9D069532D3E4}.Release|ARM.ActiveCfg = Release|ARM
		{945B8F0E-AE5F-447C-933A-9D069532D3E4}.Release|ARM.Build.0 = Release|ARM
		{945B8F0E-AE5F-447C-933A-9D069532D3E4}.Release|ARM64.ActiveCfg = Release|ARM64
		{945B8F0E-AE5F-447C-933A-9D069532D3E4}.Release|ARM64.Build.0 = Release|ARM64
		{945B8F0E-AE5F-447C-933A-9D069532D3E4}.Release|x64.ActiveCfg = Release|x64
		{945B8F0E-AE5F-447C-933A-9D069532D3E4}.Release|x64.Build.0 = Release|x64
		{945B8F0E-AE5F-447C-933A-9D069532D3E4}.Release|x86.ActiveCfg = Release|Win32
		{945B8F0E-AE5F-447C-933A-9D069532D3E4}.Release|x86.Build.0 = Release|Win32
		{D7B6E042-114A-4B43-9109-1B6EC5DFD353}.Debug|ARM.ActiveCfg = Debug|ARM
		{D7B6E042-114A-4B43-9109-1B6EC5DFD353}.Debug|ARM.Build.0 = Debug|ARM
		{D7B6E042-114A-4B43-9109-1B6EC5DFD353}.Debug|ARM.Deploy.0 = Debug|ARM
		{D7B6E042-114A-4B43-9109-1B6EC5DFD353}.Debug|ARM64.ActiveCfg = Debug|ARM64
		{D7B6E042-114A-4B43-9109-1B6EC5DFD353}.Debug|ARM64.Build.0 = Debug|ARM64
		{D7B6E042-114A-4B43-9109-1B6EC5DFD353}.Debug|ARM64.Deploy.0 = Debug|ARM64
		{D7B6E042-114A-4B43-9109-1B6EC5DFD353}.Debug|x64.ActiveCfg = Debug|x64
		{D7B6E042-114A-4B43-9109-1B6EC5DFD353}.Debug|x64.Build.0 = Debug|x64
		{D7B6E042-114A-4B43-9109-1B6EC5DFD353}.Debug|x64.Deploy.0 = Debug|x64
		{D7B6E042-114A-4B43-9109-1B6EC5DFD353}.Debug|x86.ActiveCfg = Debug|Win32
		{D7B6E042-114A-4B43-9109-1B6EC5DFD353}.Debug|x86.Build.0 = Debug|Win32
		{D7B6E042-114A-4B43-9109-1B6EC5DFD353}.Debug|x86.Deploy.0 = Debug|Win32
		{D7B6E042-114A-4B43-9109-1B6EC5DFD353}.Release|ARM.ActiveCfg = Release|ARM
		{D7B6E042-114A-4B43-9109-1B6EC5DFD353}.Release|ARM.Build.0 = Release|ARM
		{D7B6E042-114A-4B43-9109-1B6EC5DFD353}.Release|ARM.Deploy.0 = Release|ARM
		{D7B6E042-114A-4B43-9109-1B6EC5DFD353}.Release|ARM64.ActiveCfg = Release|ARM64
		{D7B6E042-114A-4B43-9109-1B6EC5DFD353}.Release|ARM64.Build.0 = Release|ARM64
		{D7B6E042-114A-4B43-9109-1B6EC5DFD353}.Release|ARM64.Deploy.0 = Release|ARM64
		{D7B6E042-114A-4B43-9109-1B6EC5DFD353}.Release|x64.ActiveCfg = Release|x64
		{D7B6E042-114A-4B43-9109-1B6EC5DFD353}.Release|x64.Build.0 = Release|x64
		{D7B6E042-114A-4B43-9109-1B6EC5DFD353}.Release|x64.Deploy.0 = Release|x64
		{D7B6E042-114A-4B43-9109-1B6EC5DFD353}.Release|x86.ActiveCfg = Release|Win32
		{D7B6E042-114A-4B43-9109-1B6EC5DFD353}.Release|x86.Build.0 = Release|Win32
		{D7B6E042-114A-4B43-9109-1B6EC5DFD353}.Release|x86.Deploy.0 = Release|Win32
		{C2AD5EA9-B9AB-4429-8558-BBF2DF36E9CA}.Debug|ARM.ActiveCfg = Debug|ARM
		{C2AD5EA9-B9AB-4429-8558-BBF2DF36E9CA}.Debug|ARM.Build.0 = Debug|ARM
		{C2AD5EA9-B9AB-4429-8558-BBF2DF36E9CA}.Debug|ARM.Deploy.0 = Debug|ARM
		{C2AD5EA9-B9AB-4429-8558-BBF2DF36E9CA}.Debug|ARM64.ActiveCfg = Debug|ARM64
		{C2AD5EA9-B9AB-4429-8558-BBF2DF36E9CA}.Debug|ARM64.Build.0 = Debug|ARM64
		{C2AD5EA9-B9AB-4429-8558-BBF2DF36E9CA}.Debug|ARM64.Deploy.0 = Debug|ARM64
		{C2AD5EA9-B9AB-4429-8558-BBF2DF36E9CA}.Debug|x64.ActiveCfg = Debug|x64
		{C2AD5EA9-B9AB-4429-8558-BBF2DF36E9CA}.Debug|x64.Build.0 = Debug|x64
		{C2AD5EA9-B9AB-4429-8558-BBF2DF36E9CA}.Debug|x64.Deploy.0 = Debug|x64
		{C2AD5EA9-B9AB-4429-8558-BBF2DF36E9CA}.Debug|x86.ActiveCfg = Debug|Win32
		{C2AD5EA9-B9AB-4429-8558-BBF2DF36E9CA}.Debug|x86.Build.0 = Debug|Win32
		{C2AD5EA9-B9AB-4429-8558-BBF2DF36E9CA}.Debug|x86.Deploy.0 = Debug|Win32
		{C2AD5EA9-B9AB-4429-8558-BBF2DF36E9CA}.Release|ARM.ActiveCfg = Release|ARM
		{C2AD5EA9-B9AB-4429-8558-BBF2DF36E9CA}.Release|ARM.Build.0 = Release|ARM
		{C2AD5EA9-B9AB-4429-8558-BBF2DF36E9CA}.Release|ARM.Deploy.0 = Release|ARM
		{C2AD5EA9-B9AB-4429-8558-BBF2DF36E9CA}.Release|ARM64.ActiveCfg = Release|ARM64
		{C2AD5EA9-B9AB-4429-8558-BBF2DF36E9CA}.Release|ARM64.Build.0 = Release|ARM64
		{C2AD5EA9-B9AB-4429-8558-BBF2DF36E9CA}.Release|ARM64.Deploy.0 = Release|ARM64
		{C2AD5EA9-B9AB-4429-8558-BBF2DF36E9CA}.Release|x64.ActiveCfg = Release|x64
		{C2AD5EA9-B9AB-4429-8558-BBF2DF36E9CA}.Release|x64.Build.0 = Release|x64
		{C2AD5EA9-B9AB-4429-8558-BBF2DF36E9CA}.Release|x64.Deploy.0 = Release|x64
		{C2AD5EA9-B9AB-4429-8558-BBF2DF36E9CA}.Release|x86.ActiveCfg = Release|Win32
		{C2AD5EA9-B9AB-4429-8558-BBF2DF36E9CA}.Release|x86.Build.0 = Release|Win32
		{C2AD5EA9-B9AB-4429-8558-BBF2DF36E9CA}.Release|x86.Deploy.0 = Release|Win32
		{D836DCDD-C46E-4099-AA46-E623324307B3}.Debug|ARM.ActiveCfg = Debug|ARM
		{D836DCDD-C46E-4099-AA46-E623324307B3}.Debug|ARM.Build.0 = Debug|ARM
		{D836DCDD-C46E-4099-AA46-E623324307B3}.Debug|ARM.Deploy.0 = Debug|ARM
		{D836DCDD-C46E-4099-AA46-E623324307B3}.Debug|ARM64.ActiveCfg = Debug|ARM64
		{D836DCDD-C46E-4099-AA46-E623324307B3}.Debug|ARM64.Build.0 = Debug|ARM64
		{D836DCDD-C46E-4099-AA46-E623324307B3}.Debug|ARM64.Deploy.0 = Debug|ARM64
		{D836DCDD-C46E-4099-AA46-E623324307B3}.Debug|x64.ActiveCfg = Debug|x64
		{D836DCDD-C46E-4099-AA46-E623324307B3}.Debug|x64.Build.0 = Debug|x64
		{D836DCDD-C46E-4099-AA46-E623324307B3}.Debug|x64.Deploy.0 = Debug|x64
		{D836DCDD-C46E-4099-AA46-E623324307B3}.Debug|x86.ActiveCfg = Debug|Win32
		{D836DCDD-C46E-4099-AA46-E623324307B3}.Debug|x86.Build.0 = Debug|Win32
		{D836DCDD-C46E-4099-AA46-E623324307B3}.Debug|x86.Deploy.0 = Debug|Win32
		{D836DCDD-C46E-4099-AA46-E623324307B3}.Release|ARM.ActiveCfg = Release|ARM
		{D836DCDD-C46E-4099-AA46-E623324307B3}.Release|ARM.Build.0 = Release|ARM
		{D836DCDD-C46E-4099-AA46-E623324307B3}.Release|ARM.Deploy.0 = Release|ARM
		{D836DCDD-C46E-4099-AA46-E623324307B3}.Release|ARM64.ActiveCfg = Release|ARM64
		{D836DCDD-C46E-4099-AA46-E623324307B3}.Release|ARM64.Build.0 = Release|ARM64
		{D836DCDD-C46E-4099-AA46-E623324307B3}.Release|ARM64.Deploy.0 = Release|ARM64
		{D836DCDD-C46E-4099-AA46-E623324307B3}.Release|x64.ActiveCfg = Release|x64
		{D836DCDD-C46E-4099-AA46-E623324307B3}.Release|x64.Build.0 = Release|x64
		{D836DCDD-C46E-4099-AA46-E623324307B3}.Release|x64.Deploy.0 = Release|x64
		{D836DCDD-C46E-4099-AA46-E623324307B3}.Release|x86.ActiveCfg = Release|Win32
		{D836DCDD-C46E-4099-AA46-E623324307B3}.Release|x86.Build.0 = Release|Win32
		{D836DCDD-C46E-4099-AA46-E623324307B3}.Release|x86.Deploy.0 = Release|Win32
		{1D489730-4868-4A19-90E8-ED9640D34E5A}.Debug|ARM.ActiveCfg = Debug|ARM
		{1D489730-4868-4A19-90E8-ED9640D34E5A}.Debug|ARM.Build.0 = Debug|ARM
		{1D489730-4868-4A19-90E8-ED9640D34E5A}.Debug|ARM.Deploy.0 = Debug|ARM
		{1D489730-4868-4A19-90E8-ED9640D34E5A}.Debug|ARM64.ActiveCfg = Debug|ARM64
		{1D489730-4868-4A19-90E8-ED9640D34E5A}.Debug|ARM64.Build.0 = Debug|ARM64
		{1D489730-4868-4A19-90E8-ED9640D34E5A}.Debug|ARM64.Deploy.0 = Debug|ARM64
		{1D489730-4868-4A19-90E8-ED9640D34E5A}.Debug|x64.ActiveCfg = Debug|x64
		{1D489730-4868-4A19-90E8-ED9640D34E5A}.Debug|x64.Build.0 = Debug|x64
		{1D489730-4868-4A19-90E8-ED9640D34E5A}.Debug|x64.Deploy.0 = Debug|x64
		{1D489730-4868-4A19-90E8-ED9640D34E5A}.Debug|x86.ActiveCfg = Debug|Win32
		{1D489730-4868-4A19-90E8-ED9640D34E5A}.Debug|x86.Build.0 = Debug|Win32
		{1D489730-4868-4A19-90E8-ED9640D34E5A}.Debug|x86.Deploy.0 = Debug|Win32
		{1D489730-4868-4A19-90E8-ED9640D34E5A}.Release|ARM.ActiveCfg = Release|ARM
		{1D489730-4868-4A19-90E8-ED9640D34E5A}.Release|ARM.Build.0 = Release|ARM
		{1D489730-4868-4A19-90E8-ED9640D34E5A}.Release|ARM.Deploy.0 = Release|ARM
		{1D489730-4868-4A19-90E8-ED9640D34E5A}.Release|ARM64.ActiveCfg = Release|ARM64
		{1D489730-4868-4A19-90E8-ED9640D34E5A}.Release|ARM64.Build.0 = Release|ARM64
		{1D489730-4868-4A19-90E8-ED9640D34E5A}.Release|ARM64.Deploy.0 = Release|ARM64
		{1D489730-4868-4A19-90E8-ED9640D34E5A}.Release|x64.ActiveCfg = Release|x64
		{1D489730-4868-4A19-90E8-ED9640D34E5A}.Release|x64.Build.0 = Release|x64
		{1D489730-4868-4A19-90E8-ED9640D34E5A}.Release|x64.Deploy.0 = Release|x64
		{1D489730-4868-4A19-90E8-ED9640D34E5A}.Release|x86.ActiveCfg = Release|Win32
		{1D489730-4868-4A19-90E8-ED9640D34E5A}.Release|x86.Build.0 = Release|Win32
		{1D489730-4868-4A19-90E8-ED9640D34E5A}.Release|x86.Deploy.0 = Release|Win32
		{EFAF6057-9B67-453D-9C1B-6386CA12C1FF}.Debug|ARM.ActiveCfg = Debug|ARM
		{EFAF6057-9B67-453D-9C1B-6386CA12C1FF}.Debug|ARM.Build.0 = Debug|ARM
		{EFAF6057-9B67-453D-9C1B-6386CA12C1FF}.Debug|ARM.Deploy.0 = Debug|ARM
		{EFAF6057-9B67-453D-9C1B-6386CA12C1FF}.Debug|ARM64.ActiveCfg = Debug|ARM64
		{EFAF6057-9B67-453D-9C1B-6386CA12C1FF}.Debug|ARM64.Build.0 = Debug|ARM64
		{EFAF6057-9B67-453D-9C1B-6386CA12C1FF}.Debug|ARM64.Deploy.0 = Debug|ARM64
		{EFAF6057-9B67-453D-9C1B-6386CA12C1FF}.Debug|x64.ActiveCfg = Debug|x64
		{EFAF6057-9B67-453D-9C1B-6386CA12C1FF}.Debug|x64.Build.0 = Debug|x64
		{EFAF6057-9B67-453D-9C1B-6386CA12C1FF}.Debug|x64.Deploy.0 = Debug|x64
		{EFAF6057-9B67-453D-9C1B-6386CA12C1FF}.Debug|x86.ActiveCfg = Debug|Win32
		{EFAF6057-9B67-453D-9C1B-6386CA12C1FF}.Debug|x86.Build.0 = Debug|Win32
		{EFAF6057-9B67-453D-9C1B-6386CA12C1FF}.Debug|x86.Deploy.0 = Debug|Win32
		{EFAF6057-9B67-453D-9C1B-6386CA12C1FF}.Release|ARM.ActiveCfg = Release|ARM
		{EFAF6057-9B67-453D-9C1B-6386CA12C1FF}.Release|ARM.Build.0 = Release|ARM
		{EFAF6057-9B67-453D-9C1B-6386CA12C1FF}.Release|ARM.Deploy.0 = Release|ARM
		{EFAF6057-9B67-453D-9C1B-6386CA12C1FF}.Release|ARM64.ActiveCfg = Release|ARM64
		{EFAF6057-9B67-453D-9C1B-6386CA12C1FF}.Release|ARM64.Build.0 = Release|ARM64
		{EFAF6057-9B67-453D-9C1B-6386CA12C1FF}.Release|ARM64.Deploy.0 = Release|ARM64
		{EFAF6057-9B67-453D-9C1B-6386CA12C1FF}.Release|x64.ActiveCfg = Release|x64
		{EFAF6057-9B67-453D-9C1B-6386CA12C1FF}.Release|x64.Build.0 = Release|x64
		{EFAF6057-9B67-453D-9C1B-6386CA12C1FF}.Release|x64.Deploy.0 = Release|x64
		{EFAF6057-9B67-453D-9C1B-6386CA12C1FF}.Release|x86.ActiveCfg = Release|Win32
		{EFAF6057-9B67-453D-9C1B-6386CA12C1FF}.Release|x86.Build.0 = Release|Win32
		{EFAF6057-9B67-453D-9C1B-6386CA12C1FF}.Release|x86.Deploy.0 = Release|Win32
		{87B0D8F7-A101-490C-A4AB-0D715A41E9CC}.Debug|ARM.ActiveCfg = Debug|ARM
		{87B0D8F7-A101-490C-A4AB-0D715A41E9CC}.Debug|ARM.Build.0 = Debug|ARM
		{87B0D8F7-A101-490C-A4AB-0D715A41E9CC}.Debug|ARM.Deploy.0 = Debug|ARM
		{87B0D8F7-A101-490C-A4AB-0D715A41E9CC}.Debug|ARM64.ActiveCfg = Debug|ARM64
		{87B0D8F7-A101-490C-A4AB-0D715A41E9CC}.Debug|ARM64.Build.0 = Debug|ARM64
		{87B0D8F7-A101-490C-A4AB-0D715A41E9CC}.Debug|ARM64.Deploy.0 = Debug|ARM64
		{87B0D8F7-A101-490C-A4AB-0D715A41E9CC}.Debug|x64.ActiveCfg = Debug|x64
		{87B0D8F7-A101-490C-A4AB-0D715A41E9CC}.Debug|x64.Build.0 = Debug|x64
		{87B0D8F7-A101-490C-A4AB-0D715A41E9CC}.Debug|x64.Deploy.0 = Debug|x64
		{87B0D8F7-A101-490C-A4AB-0D715A41E9CC}.Debug|x86.ActiveCfg = Debug|Win32
		{87B0D8F7-A101-490C-A4AB-0D715A41E9CC}.Debug|x86.Build.0 = Debug|Win32
		{87B0D8F7-A101-490C-A4AB-0D715A41E9CC}.Debug|x86.Deploy.0 = Debug|Win32
		{87B0D8F7-A101-490C-A4AB-0D715A41E9CC}.Release|ARM.ActiveCfg = Release|ARM
		{87B0D8F7-A101-490C-A4AB-0D715A41E9CC}.Release|ARM.Build.0 = Release|ARM
		{87B0D8F7-A101-490C-A4AB-0D715A41E9CC}.Release|ARM.Deploy.0 = Release|ARM
		{87B0D8F7-A101-490C-A4AB-0D715A41E9CC}.Release|ARM64.ActiveCfg = Release|ARM64
		{87B0D8F7-A101-490C-A4AB-0D715A41E9CC}.Release|ARM64.Build.0 = Release|ARM64
		{87B0D8F7-A101-490C-A4AB-0D715A41E9CC}.Release|ARM64.Deploy.0 = Release|ARM64
		{87B0D8F7-A101-490C-A4AB-0D715A41E9CC}.Release|x64.ActiveCfg = Release|x64
		{87B0D8F7-A101-490C-A4AB-0D715A41E9CC}.Release|x64.Build.0 = Release|x64
		{87B0D8F7-A101-490C-A4AB-0D715A41E9CC}.Release|x64.Deploy.0 = Release|x64
		{87B0D8F7-A101-490C-A4AB-0D715A41E9CC}.Release|x86.ActiveCfg = Release|Win32
		{87B0D8F7-A101-490C-A4AB-0D715A41E9CC}.Release|x86.Build.0 = Release|Win32
		{87B0D8F7-A101-490C-A4AB-0D715A41E9CC}.Release|x86.Deploy.0 = Release|Win32
		{115C2234-CA8C-4ACE-9A01-FCD49C1AB392}.Debug|ARM.ActiveCfg = Debug|ARM
		{115C2234-CA8C-4ACE-9A01-FCD49C1AB392}.Debug|ARM.Build.0 = Debug|ARM
		{115C2234-CA8C-4ACE-9A01-FCD49C1AB392}.Debug|ARM.Deploy.0 = Debug|ARM
		{115C2234-CA8C-4ACE-9A01-FCD49C1AB392}.Debug|ARM64.ActiveCfg = Debug|ARM64
		{115C2234-CA8C-4ACE-9A01-FCD49C1AB392}.Debug|ARM64.Build.0 = Debug|ARM64
		{115C2234-CA8C-4ACE-9A01-FCD49C1AB392}.Debug|ARM64.Deploy.0 = Debug|ARM64
		{115C2234-CA8C-4ACE-9A01-FCD49C1AB392}.Debug|x64.ActiveCfg = Debug|x64
		{115C2234-CA8C-4ACE-9A01-FCD49C1AB392}.Debug|x64.Build.0 = Debug|x64
		{115C2234-CA8C-4ACE-9A01-FCD49C1AB392}.Debug|x64.Deploy.0 = Debug|x64
		{115C2234-CA8C-4ACE-9A01-FCD49C1AB392}.Debug|x86.ActiveCfg = Debug|Win32
		{115C2234-CA8C-4ACE-9A01-FCD49C1AB392}.Debug|x86.Build.0 = Debug|Win32
		{115C2234-CA8C-4ACE-9A01-FCD49C1AB392}.Debug|x86.Deploy.0 = Debug|Win32
		{115C2234-CA8C-4ACE-9A01-FCD49C1AB392}.Release|ARM.ActiveCfg = Release|ARM
		{115C2234-CA8C-4ACE-9A01-FCD49C1AB392}.Release|ARM.Build.0 = Release|ARM
		{115C2234-CA8C-4ACE-9A01-FCD49C1AB392}.Release|ARM.Deploy.0 = Release|ARM
		{115C2234-CA8C-4ACE-9A01-FCD49C1AB392}.Release|ARM64.ActiveCfg = Release|ARM64
		{115C2234-CA8C-4ACE-9A01-FCD49C1AB392}.Release|ARM64.Build.0 = Release|ARM64
		{115C2234-CA8C-4ACE-9A01-FCD49C1AB392}.Release|ARM64.Deploy.0 = Release|ARM64
		{115C2234-CA8C-4ACE-9A01-FCD49C1AB392}.Release|x64.ActiveCfg = Release|x64
		{115C2234-CA8C-4ACE-9A01-FCD49C1AB392}.Release|x64.Build.0 = Release|x64
		{115C2234-CA8C-4ACE-9A01-FCD49C1AB392}.Release|x64.Deploy.0 = Release|x64
		{115C2234-CA8C-4ACE-9A01-FCD49C1AB392}.Release|x86.ActiveCfg = Release|Win32
		{115C2234-CA8C-4ACE-9A01-FCD49C1AB392}.Release|x86.Build.0 = Release|Win32
		{115C2234-CA8C-4ACE-9A01-FCD49C1AB392}.Release|x86.Deploy.0 = Release|Win32
		{3A802CA2-2A82-46CF-A572-A248A0527FB2}.Debug|ARM.ActiveCfg = Debug|ARM
		{3A802CA2-2A82-46CF-A572-A248A0527FB2}.Debug|ARM.Build.0 = Debug|ARM
		{3A802CA2-2A82-46CF-A572-A248A0527FB2}.Debug|ARM.Deploy.0 = Debug|ARM
		{3A802CA2-2A82-46CF-A572-A248A0527FB2}.Debug|ARM64.ActiveCfg = Debug|ARM64
		{3A802CA2-2A82-46CF-A572-A248A0527FB2}.Debug|ARM64.Build.0 = Debug|ARM64
		{3A802CA2-2A82-46CF-A572-A248A0527FB2}.Debug|ARM64.Deploy.0 = Debug|ARM64
		{3A802CA2-2A82-46CF-A572-A248A0527FB2}.Debug|x64.ActiveCfg = Debug|x64
		{3A802CA2-2A82-46CF-A572-A248A0527FB2}.Debug|x64.Build.0 = Debug|x64
		{3A802CA2-2A82-46CF-A572-A248A0527FB2}.Debug|x64.Deploy.0 = Debug|x64
		{3A802CA2-2A82-46CF-A572-A248A0527FB2}.Debug|x86.ActiveCfg = Debug|Win32
		{3A802CA2-2A82-46CF-A572-A248A0527FB2}.Debug|x86.Build.0 = Debug|Win32
		{3A802CA2-2A82-46CF-A572-A248A0527FB2}.Debug|x86.Deploy.0 = Debug|Win32
		{3A802CA2-2A82-46CF-A572-A248A0527FB2}.Release|ARM.ActiveCfg = Release|ARM
		{3A802CA2-2A82-46CF-A572-A248A0527FB2}.Release|ARM.Build.0 = Release|ARM
		{3A802CA2-2A82-46CF-A572-A248A0527FB2}.Release|ARM.Deploy.0 = Release|ARM
		{3A802CA2-2A82-46CF-A572-A248A0527FB2}.Release|ARM64.ActiveCfg = Release|ARM64
		{3A802CA2-2A82-46CF-A572-A248A0527FB2}.Release|ARM64.Build.0 = Release|ARM64
		{3A802CA2-2A82-46CF-A572-A248A0527FB2}.Release|ARM64.Deploy.0 = Release|ARM64
		{3A802CA2-2A82-46CF-A572-A248A0527FB2}.Release|x64.ActiveCfg = Release|x64
		{3A802CA2-2A82-46CF-A572-A248A0527FB2}.Release|x64.Build.0 = Release|x64
		{3A802CA2-2A82-46CF-A572-A248A0527FB2}.Release|x64.Deploy.0 = Release|x64
		{3A802CA2-2A82-46CF-A572-A248A0527FB2}.Release|x86.ActiveCfg = Release|Win32
		{3A802CA2-2A82-46CF-A572-A248A0527FB2}.Release|x86.Build.0 = Release|Win32
		{3A802CA2-2A82-46CF-A572-A248A0527FB2}.Release|x86.Deploy.0 = Release|Win32
		{4F6D0AE7-F9C4-434E-ADED-6142EAFF4EE5}.Debug|ARM.ActiveCfg = Debug|ARM
		{4F6D0AE7-F9C4-434E-ADED-6142EAFF4EE5}.Debug|ARM.Build.0 = Debug|ARM
		{4F6D0AE7-F9C4-434E-ADED-6142EAFF4EE5}.Debug|ARM.Deploy.0 = Debug|ARM
		{4F6D0AE7-F9C4-434E-ADED-6142EAFF4EE5}.Debug|ARM64.ActiveCfg = Debug|ARM64
		{4F6D0AE7-F9C4-434E-ADED-6142EAFF4EE5}.Debug|ARM64.Build.0 = Debug|ARM64
		{4F6D0AE7-F9C4-434E-ADED-6142EAFF4EE5}.Debug|ARM64.Deploy.0 = Debug|ARM64
		{4F6D0AE7-F9C4-434E-ADED-6142EAFF4EE5}.Debug|x64.ActiveCfg = Debug|x64
		{4F6D0AE7-F9C4-434E-ADED-6142EAFF4EE5}.Debug|x64.Build.0 = Debug|x64
		{4F6D0AE7-F9C4-434E-ADED-6142EAFF4EE5}.Debug|x64.Deploy.0 = Debug|x64
		{4F6D0AE7-F9C4-434E-ADED-6142EAFF4EE5}.Debug|x86.ActiveCfg = Debug|Win32
		{4F6D0AE7-F9C4-434E-ADED-6142EAFF4EE5}.Debug|x86.Build.0 = Debug|Win32
		{4F6D0AE7-F9C4-434E-ADED-6142EAFF4EE5}.Debug|x86.Deploy.0 = Debug|Win32
		{4F6D0AE7-F9C4-434E-ADED-6142EAFF4EE5}.Release|ARM.ActiveCfg = Release|ARM
		{4F6D0AE7-F9C4-434E-ADED-6142EAFF4EE5}.Release|ARM.Build.0 = Release|ARM
		{4F6D0AE7-F9C4-434E-ADED-6142EAFF4EE5}.Release|ARM.Deploy.0 = Release|ARM
		{4F6D0AE7-F9C4-434E-ADED-6142EAFF4EE5}.Release|ARM64.ActiveCfg = Release|ARM64
		{4F6D0AE7-F9C4-434E-ADED-6142EAFF4EE5}.Release|ARM64.Build.0 = Release|ARM64
		{4F6D0AE7-F9C4-434E-ADED-6142EAFF4EE5}.Release|ARM64.Deploy.0 = Release|ARM64
		{4F6D0AE7-F9C4-434E-ADED-6142EAFF4EE5}.Release|x64.ActiveCfg = Release|x64
		{4F6D0AE7-F9C4-434E-ADED-6142EAFF4EE5}.Release|x64.Build.0 = Release|x64
		{4F6D0AE7-F9C4-434E-ADED-6142EAFF4EE5}.Release|x64.Deploy.0 = Release|x64
		{4F6D0AE7-F9C4-434E-ADED-6142EAFF4EE5}.Release|x86.ActiveCfg = Release|Win32
		{4F6D0AE7-F9C4-434E-ADED-6142EAFF4EE5}.Release|x86.Build.0 = Release|Win32
		{4F6D0AE7-F9C4-434E-ADED-6142EAFF4EE5}.Release|x86.Deploy.0 = Release|Win32
		{EE63E3F2-C86E-4BCA-8540-ED10F5E6B6CE}.Debug|ARM.ActiveCfg = Debug|ARM
		{EE63E3F2-C86E-4BCA-8540-ED10F5E6B6CE}.Debug|ARM.Build.0 = Debug|ARM
		{EE63E3F2-C86E-4BCA-8540-ED10F5E6B6CE}.Debug|ARM.Deploy.0 = Debug|ARM
		{EE63E3F2-C86E-4BCA-8540-ED10F5E6B6CE}.Debug|ARM64.ActiveCfg = Debug|ARM64
		{EE63E3F2-C86E-4BCA-8540-ED10F5E6B6CE}.Debug|ARM64.Build.0 = Debug|ARM64
		{EE63E3F2-C86E-4BCA-8540-ED10F5E6B6CE}.Debug|ARM64.Deploy.0 = Debug|ARM64
		{EE63E3F2-C86E-4BCA-8540-ED10F5E6B6CE}.Debug|x64.ActiveCfg = Debug|x64
		{EE63E3F2-C86E-4BCA-8540-ED10F5E6B6CE}.Debug|x64.Build.0 = Debug|x64
		{EE63E3F2-C86E-4BCA-8540-ED10F5E6B6CE}.Debug|x64.Deploy.0 = Debug|x64
		{EE63E3F2-C86E-4BCA-8540-ED10F5E6B6CE}.Debug|x86.ActiveCfg = Debug|Win32
		{EE63E3F2-C86E-4BCA-8540-ED10F5E6B6CE}.Debug|x86.Build.0 = Debug|Win32
		{EE63E3F2-C86E-4BCA-8540-ED10F5E6B6CE}.Debug|x86.Deploy.0 = Debug|Win32
		{EE63E3F2-C86E-4BCA-8540-ED10F5E6B6CE}.Release|ARM.ActiveCfg = Release|ARM
		{EE63E3F2-C86E-4BCA-8540-ED10F5E6B6CE}.Release|ARM.Build.0 = Release|ARM
		{EE63E3F2-C86E-4BCA-8540-ED10F5E6B6CE}.Release|ARM.Deploy.0 = Release|ARM
		{EE63E3F2-C86E-4BCA-8540-ED10F5E6B6CE}.Release|ARM64.ActiveCfg = Release|ARM64
		{EE63E3F2-C86E-4BCA-8540-ED10F5E6B6CE}.Release|ARM64.Build.0 = Release|ARM64
		{EE63E3F2-C86E-4BCA-8540-ED10F5E6B6CE}.Release|ARM64.Deploy.0 = Release|ARM64
		{EE63E3F2-C86E-4BCA-8540-ED10F5E6B6CE}.Release|x64.ActiveCfg = Release|x64
		{EE63E3F2-C86E-4BCA-8540-ED10F5E6B6CE}.Release|x64.Build.0 = Release|x64
		{EE63E3F2-C86E-4BCA-8540-ED10F5E6B6CE}.Release|x64.Deploy.0 = Release|x64
		{EE63E3F2-C86E-4BCA-8540-ED10F5E6B6CE}.Release|x86.ActiveCfg = Release|Win32
		{EE63E3F2-C86E-4BCA-8540-ED10F5E6B6CE}.Release|x86.Build.0 = Release|Win32
		{EE63E3F2-C86E-4BCA-8540-ED10F5E6B6CE}.Release|x86.Deploy.0 = Release|Win32
		{77526BF1-4913-4EE9-A666-3052C7DBB8DD}.Debug|ARM.ActiveCfg = Debug|ARM
		{77526BF1-4913-4EE9-A666-3052C7DBB8DD}.Debug|ARM.Build.0 = Debug|ARM
		{77526BF1-4913-4EE9-A666-3052C7DBB8DD}.Debug|ARM.Deploy.0 = Debug|ARM
		{77526BF1-4913-4EE9-A666-3052C7DBB8DD}.Debug|ARM64.ActiveCfg = Debug|ARM64
		{77526BF1-4913-4EE9-A666-3052C7DBB8DD}.Debug|ARM64.Build.0 = Debug|ARM64
		{77526BF1-4913-4EE9-A666-3052C7DBB8DD}.Debug|ARM64.Deploy.0 = Debug|ARM64
		{77526BF1-4913-4EE9-A666-3052C7DBB8DD}.Debug|x64.ActiveCfg = Debug|x64
		{77526BF1-4913-4EE9-A666-3052C7DBB8DD}.Debug|x64.Build.0 = Debug|x64
		{77526BF1-4913-4EE9-A666-3052C7DBB8DD}.Debug|x64.Deploy.0 = Debug|x64
		{77526BF1-4913-4EE9-A666-3052C7DBB8DD}.Debug|x86.ActiveCfg = Debug|Win32
		{77526BF1-4913-4EE9-A666-3052C7DBB8DD}.Debug|x86.Build.0 = Debug|Win32
		{77526BF1-4913-4EE9-A666-3052C7DBB8DD}.Debug|x86.Deploy.0 = Debug|Win32
		{77526BF1-4913-4EE9-A666-3052C7DBB8DD}.Release|ARM.ActiveCfg = Release|ARM
		{77526BF1-4913-4EE9-A666-3052C7DBB8DD}.Release|ARM.Build.0 = Release|ARM
		{77526BF1-4913-4EE9-A666-3052C7DBB8DD}.Release|ARM.Deploy.0 = Release|ARM
		{77526BF1-4913-4EE9-A666-3052C7DBB8DD}.Release|ARM64.ActiveCfg = Release|ARM64
		{77526BF1-4913-4EE9-A666-3052C7DBB8DD}.Release|ARM64.Build.0 = Release|ARM64
		{77526BF1-4913-4EE9-A666-3052C7DBB8DD}.Release|ARM64.Deploy.0 = Release|ARM64
		{77526BF1-4913-4EE9-A666-3052C7DBB8DD}.Release|x64.ActiveCfg = Release|x64
		{77526BF1-4913-4EE9-A666-3052C7DBB8DD}.Release|x64.Build.0 = Release|x64
		{77526BF1-4913-4EE9-A666-3052C7DBB8DD}.Release|x64.Deploy.0 = Release|x64
		{77526BF1-4913-4EE9-A666-3052C7DBB8DD}.Release|x86.ActiveCfg = Release|Win32
		{77526BF1-4913-4EE9-A666-3052C7DBB8DD}.Release|x86.Build.0 = Release|Win32
		{77526BF1-4913-4EE9-A666-3052C7DBB8DD}.Release|x86.Deploy.0 = Release|Win32
		{0D4A6339-BA21-4A67-8DF6-292158523404}.Debug|ARM.ActiveCfg = Debug|ARM
		{0D4A6339-BA21-4A67-8DF6-292158523404}.Debug|ARM.Build.0 = Debug|ARM
		{0D4A6339-BA21-4A67-8DF6-292158523404}.Debug|ARM.Deploy.0 = Debug|ARM
		{0D4A6339-BA21-4A67-8DF6-292158523404}.Debug|ARM64.ActiveCfg = Debug|ARM64
		{0D4A6339-BA21-4A67-8DF6-292158523404}.Debug|ARM64.Build.0 = Debug|ARM64
		{0D4A6339-BA21-4A67-8DF6-292158523404}.Debug|ARM64.Deploy.0 = Debug|ARM64
		{0D4A6339-BA21-4A67-8DF6-292158523404}.Debug|x64.ActiveCfg = Debug|x64
		{0D4A6339-BA21-4A67-8DF6-292158523404}.Debug|x64.Build.0 = Debug|x64
		{0D4A6339-BA21-4A67-8DF6-292158523404}.Debug|x64.Deploy.0 = Debug|x64
		{0D4A6339-BA21-4A67-8DF6-292158523404}.Debug|x86.ActiveCfg = Debug|Win32
		{0D4A6339-BA21-4A67-8DF6-292158523404}.Debug|x86.Build.0 = Debug|Win32
		{0D4A6339-BA21-4A67-8DF6-292158523404}.Debug|x86.Deploy.0 = Debug|Win32
		{0D4A6339-BA21-4A67-8DF6-292158523404}.Release|ARM.ActiveCfg = Release|ARM
		{0D4A6339-BA21-4A67-8DF6-292158523404}.Release|ARM.Build.0 = Release|ARM
		{0D4A6339-BA21-4A67-8DF6-292158523404}.Release|ARM.Deploy.0 = Release|ARM
		{0D4A6339-BA21-4A67-8DF6-292158523404}.Release|ARM64.ActiveCfg = Release|ARM64
		{0D4A6339-BA21-4A67-8DF6-292158523404}.Release|ARM64.Build.0 = Release|ARM64
		{0D4A6339-BA21-4A67-8DF6-292158523404}.Release|ARM64.Deploy.0 = Release|ARM64
		{0D4A6339-BA21-4A67-8DF6-292158523404}.Release|x64.ActiveCfg = Release|x64
		{0D4A6339-BA21-4A67-8DF6-292158523404}.Release|x64.Build.0 = Release|x64
		{0D4A6339-BA21-4A67-8DF6-292158523404}.Release|x64.Deploy.0 = Release|x64
		{0D4A6339-BA21-4A67-8DF6-292158523404}.Release|x86.ActiveCfg = Release|Win32
		{0D4A6339-BA21-4A67-8DF6-292158523404}.Release|x86.Build.0 = Release|Win32
		{0D4A6339-BA21-4A67-8DF6-292158523404}.Release|x86.Deploy.0 = Release|Win32
		{D7338014-5CE5-4A22-B4EC-B2F9C229292E}.Debug|ARM.ActiveCfg = Debug|ARM
		{D7338014-5CE5-4A22-B4EC-B2F9C229292E}.Debug|ARM.Build.0 = Debug|ARM
		{D7338014-5CE5-4A22-B4EC-B2F9C229292E}.Debug|ARM.Deploy.0 = Debug|ARM
		{D7338014-5CE5-4A22-B4EC-B2F9C229292E}.Debug|ARM64.ActiveCfg = Debug|ARM64
		{D7338014-5CE5-4A22-B4EC-B2F9C229292E}.Debug|ARM64.Build.0 = Debug|ARM64
		{D7338014-5CE5-4A22-B4EC-B2F9C229292E}.Debug|ARM64.Deploy.0 = Debug|ARM64
		{D7338014-5CE5-4A22-B4EC-B2F9C229292E}.Debug|x64.ActiveCfg = Debug|x64
		{D7338014-5CE5-4A22-B4EC-B2F9C229292E}.Debug|x64.Build.0 = Debug|x64
		{D7338014-5CE5-4A22-B4EC-B2F9C229292E}.Debug|x64.Deploy.0 = Debug|x64
		{D7338014-5CE5-4A22-B4EC-B2F9C229292E}.Debug|x86.ActiveCfg = Debug|Win32
		{D7338014-5CE5-4A22-B4EC-B2F9C229292E}.Debug|x86.Build.0 = Debug|Win32
		{D7338014-5CE5-4A22-B4EC-B2F9C229292E}.Debug|x86.Deploy.0 = Debug|Win32
		{D7338014-5CE5-4A22-B4EC-B2F9C229292E}.Release|ARM.ActiveCfg = Release|ARM
		{D7338014-5CE5-4A22-B4EC-B2F9C229292E}.Release|ARM.Build.0 = Release|ARM
		{D7338014-5CE5-4A22-B4EC-B2F9C229292E}.Release|ARM.Deploy.0 = Release|ARM
		{D7338014-5CE5-4A22-B4EC-B2F9C229292E}.Release|ARM64.ActiveCfg = Release|ARM64
		{D7338014-5CE5-4A22-B4EC-B2F9C229292E}.Release|ARM64.Build.0 = Release|ARM64
		{D7338014-5CE5-4A22-B4EC-B2F9C229292E}.Release|ARM64.Deploy.0 = Release|ARM64
		{D7338014-5CE5-4A22-B4EC-B2F9C229292E}.Release|x64.ActiveCfg = Release|x64
		{D7338014-5CE5-4A22-B4EC-B2F9C229292E}.Release|x64.Build.0 = Release|x64
		{D7338014-5CE5-4A22-B4EC-B2F9C229292E}.Release|x64.Deploy.0 = Release|x64
		{D7338014-5CE5-4A22-B4EC-B2F9C229292E}.Release|x86.ActiveCfg = Release|Win32
		{D7338014-5CE5-4A22-B4EC-B2F9C229292E}.Release|x86.Build.0 = Release|Win32
		{D7338014-5CE5-4A22-B4EC-B2F9C229292E}.Release|x86.Deploy.0 = Release|Win32
		{B1638162-4736-4E67-B471-30E42D013C48}.Debug|ARM.ActiveCfg = Debug|ARM
		{B1638162-4736-4E67-B471-30E42D013C48}.Debug|ARM.Build.0 = Debug|ARM
		{B1638162-4736-4E67-B471-30E42D013C48}.Debug|ARM.Deploy.0 = Debug|ARM
		{B1638162-4736-4E67-B471-30E42D013C48}.Debug|ARM64.ActiveCfg = Debug|ARM64
		{B1638162-4736-4E67-B471-30E42D013C48}.Debug|ARM64.Build.0 = Debug|ARM64
		{B1638162-4736-4E67-B471-30E42D013C48}.Debug|ARM64.Deploy.0 = Debug|ARM64
		{B1638162-4736-4E67-B471-30E42D013C48}.Debug|x64.ActiveCfg = Debug|x64
		{B1638162-4736-4E67-B471-30E42D013C48}.Debug|x64.Build.0 = Debug|x64
		{B1638162-4736-4E67-B471-30E42D013C48}.Debug|x64.Deploy.0 = Debug|x64
		{B1638162-4736-4E67-B471-30E42D013C48}.Debug|x86.ActiveCfg = Debug|Win32
		{B1638162-4736-4E67-B471-30E42D013C48}.Debug|x86.Build.0 = Debug|Win32
		{B1638162-4736-4E67-B471-30E42D013C48}.Debug|x86.Deploy.0 = Debug|Win32
		{B1638162-4736-4E67-B471-30E42D013C48}.Release|ARM.ActiveCfg = Release|ARM
		{B1638162-4736-4E67-B471-30E42D013C48}.Release|ARM.Build.0 = Release|ARM
		{B1638162-4736-4E67-B471-30E42D013C48}.Release|ARM.Deploy.0 = Release|ARM
		{B1638162-4736-4E67-B471-30E42D013C48}.Release|ARM64.ActiveCfg = Release|ARM64
		{B1638162-4736-4E67-B471-30E42D013C48}.Release|ARM64.Build.0 = Release|ARM64
		{B1638162-4736-4E67-B471-30E42D013C48}.Release|ARM64.Deploy.0 = Release|ARM64
		{B1638162-4736-4E67-B471-30E42D013C48}.Release|x64.ActiveCfg = Release|x64
		{B1638162-4736-4E67-B471-30E42D013C48}.Release|x64.Build.0 = Release|x64
		{B1638162-4736-4E67-B471-30E42D013C48}.Release|x64.Deploy.0 = Release|x64
		{B1638162-4736-4E67-B471-30E42D013C48}.Release|x86.ActiveCfg = Release|Win32
		{B1638162-4736-4E67-B471-30E42D013C48}.Release|x86.Build.0 = Release|Win32
		{B1638162-4736-4E67-B471-30E42D013C48}.Release|x86.Deploy.0 = Release|Win32
		{D9145125-4AB9-43B7-93AF-D2836DC1C299}.Debug|ARM.ActiveCfg = Debug|ARM
		{D9145125-4AB9-43B7-93AF-D2836DC1C299}.Debug|ARM.Build.0 = Debug|ARM
		{D9145125-4AB9-43B7-93AF-D2836DC1C299}.Debug|ARM.Deploy.0 = Debug|ARM
		{D9145125-4AB9-43B7-93AF-D2836DC1C299}.Debug|ARM64.ActiveCfg = Debug|ARM64
		{D9145125-4AB9-43B7-93AF-D2836DC1C299}.Debug|ARM64.Build.0 = Debug|ARM64
		{D9145125-4AB9-43B7-93AF-D2836DC1C299}.Debug|ARM64.Deploy.0 = Debug|ARM64
		{D9145125-4AB9-43B7-93AF-D2836DC1C299}.Debug|x64.ActiveCfg = Debug|x64
		{D9145125-4AB9-43B7-93AF-D2836DC1C299}.Debug|x64.Build.0 = Debug|x64
		{D9145125-4AB9-43B7-93AF-D2836DC1C299}.Debug|x64.Deploy.0 = Debug|x64
		{D9145125-4AB9-43B7-93AF-D2836DC1C299}.Debug|x86.ActiveCfg = Debug|Win32
		{D9145125-4AB9-43B7-93AF-D2836DC1C299}.Debug|x86.Build.0 = Debug|Win32
		{D9145125-4AB9-43B7-93AF-D2836DC1C299}.Debug|x86.Deploy.0 = Debug|Win32
		{D9145125-4AB9-43B7-93AF-D2836DC1C299}.Release|ARM.ActiveCfg = Release|ARM
		{D9145125-4AB9-43B7-93AF-D2836DC1C299}.Release|ARM.Build.0 = Release|ARM
		{D9145125-4AB9-43B7-93AF-D2836DC1C299}.Release|ARM.Deploy.0 = Release|ARM
		{D9145125-4AB9-43B7-93AF-D2836DC1C299}.Release|ARM64.ActiveCfg = Release|ARM64
		{D9145125-4AB9-43B7-93AF-D2836DC1C299}.Release|ARM64.Build.0 = Release|ARM64
		{D9145125-4AB9-43B7-93AF-D2836DC1C299}.Release|ARM64.Deploy.0 = Release|ARM64
		{D9145125-4AB9-43B7-93AF-D2836DC1C299}.Release|x64.ActiveCfg = Release|x64
		{D9145125-4AB9-43B7-93AF-D2836DC1C299}.Release|x64.Build.0 = Release|x64
		{D9145125-4AB9-43B7-93AF-D2836DC1C299}.Release|x64.Deploy.0 = Release|x64
		{D9145125-4AB9-43B7-93AF-D2836DC1C299}.Release|x86.ActiveCfg = Release|Win32
		{D9145125-4AB9-43B7-93AF-D2836DC1C299}.Release|x86.Build.0 = Release|Win32
		{D9145125-4AB9-43B7-93AF-D2836DC1C299}.Release|x86.Deploy.0 = Release|Win32
		{15CBD550-1C18-4D08-B87D-498132F579AE}.Debug|ARM.ActiveCfg = Debug|ARM
		{15CBD550-1C18-4D08-B87D-498132F579AE}.Debug|ARM.Build.0 = Debug|ARM
		{15CBD550-1C18-4D08-B87D-498132F579AE}.Debug|ARM.Deploy.0 = Debug|ARM
		{15CBD550-1C18-4D08-B87D-498132F579AE}.Debug|ARM64.ActiveCfg = Debug|ARM64
		{15CBD550-1C18-4D08-B87D-498132F579AE}.Debug|ARM64.Build.0 = Debug|ARM64
		{15CBD550-1C18-4D08-B87D-498132F579AE}.Debug|ARM64.Deploy.0 = Debug|ARM64
		{15CBD550-1C18-4D08-B87D-498132F579AE}.Debug|x64.ActiveCfg = Debug|x64
		{15CBD550-1C18-4D08-B87D-498132F579AE}.Debug|x64.Build.0 = Debug|x64
		{15CBD550-1C18-4D08-B87D-498132F579AE}.Debug|x64.Deploy.0 = Debug|x64
		{15CBD550-1C18-4D08-B87D-498132F579AE}.Debug|x86.ActiveCfg = Debug|Win32
		{15CBD550-1C18-4D08-B87D-498132F579AE}.Debug|x86.Build.0 = Debug|Win32
		{15CBD550-1C18-4D08-B87D-498132F579AE}.Debug|x86.Deploy.0 = Debug|Win32
		{15CBD550-1C18-4D08-B87D-498132F579AE}.Release|ARM.ActiveCfg = Release|ARM
		{15CBD550-1C18-4D08-B87D-498132F579AE}.Release|ARM.Build.0 = Release|ARM
		{15CBD550-1C18-4D08-B87D-498132F579AE}.Release|ARM.Deploy.0 = Release|ARM
		{15CBD550-1C18-4D08-B87D-498132F579AE}.Release|ARM64.ActiveCfg = Release|ARM64
		{15CBD550-1C18-4D08-B87D-498132F579AE}.Release|ARM64.Build.0 = Release|ARM64
		{15CBD550-1C18-4D08-B87D-498132F579AE}.Release|ARM64.Deploy.0 = Release|ARM64
		{15CBD550-1C18-4D08-B87D-498132F579AE}.Release|x64.ActiveCfg = Release|x64
		{15CBD550-1C18-4D08-B87D-498132F579AE}.Release|x64.Build.0 = Release|x64
		{15CBD550-1C18-4D08-B87D-498132F579AE}.Release|x64.Deploy.0 = Release|x64
		{15CBD550-1C18-4D08-B87D-498132F579AE}.Release|x86.ActiveCfg = Release|Win32
		{15CBD550-1C18-4D08-B87D-498132F579AE}.Release|x86.Build.0 = Release|Win32
		{15CBD550-1C18-4D08-B87D-498132F579AE}.Release|x86.Deploy.0 = Release|Win32
		{352597D9-EC89-467E-BA8D-F6C1AB736C34}.Debug|ARM.ActiveCfg = Debug|ARM
		{352597D9-EC89-467E-BA8D-F6C1AB736C34}.Debug|ARM.Build.0 = Debug|ARM
		{352597D9-EC89-467E-BA8D-F6C1AB736C34}.Debug|ARM.Deploy.0 = Debug|ARM
		{352597D9-EC89-467E-BA8D-F6C1AB736C34}.Debug|ARM64.ActiveCfg = Debug|ARM64
		{352597D9-EC89-467E-BA8D-F6C1AB736C34}.Debug|ARM64.Build.0 = Debug|ARM64
		{352597D9-EC89-467E-BA8D-F6C1AB736C34}.Debug|ARM64.Deploy.0 = Debug|ARM64
		{352597D9-EC89-467E-BA8D-F6C1AB736C34}.Debug|x64.ActiveCfg = Debug|x64
		{352597D9-EC89-467E-BA8D-F6C1AB736C34}.Debug|x64.Build.0 = Debug|x64
		{352597D9-EC89-467E-BA8D-F6C1AB736C34}.Debug|x64.Deploy.0 = Debug|x64
		{352597D9-EC89-467E-BA8D-F6C1AB736C34}.Debug|x86.ActiveCfg = Debug|Win32
		{352597D9-EC89-467E-BA8D-F6C1AB736C34}.Debug|x86.Build.0 = Debug|Win32
		{352597D9-EC89-467E-BA8D-F6C1AB736C34}.Debug|x86.Deploy.0 = Debug|Win32
		{352597D9-EC89-467E-BA8D-F6C1AB736C34}.Release|ARM.ActiveCfg = Release|ARM
		{352597D9-EC89-467E-BA8D-F6C1AB736C34}.Release|ARM.Build.0 = Release|ARM
		{352597D9-EC89-467E-BA8D-F6C1AB736C34}.Release|ARM.Deploy.0 = Release|ARM
		{352597D9-EC89-467E-BA8D-F6C1AB736C34}.Release|ARM64.ActiveCfg = Release|ARM64
		{352597D9-EC89-467E-BA8D-F6C1AB736C34}.Release|ARM64.Build.0 = Release|ARM64
		{352597D9-EC89-467E-BA8D-F6C1AB736C34}.Release|ARM64.Deploy.0 = Release|ARM64
		{352597D9-EC89-467E-BA8D-F6C1AB736C34}.Release|x64.ActiveCfg = Release|x64
		{352597D9-EC89-467E-BA8D-F6C1AB736C34}.Release|x64.Build.0 = Release|x64
		{352597D9-EC89-467E-BA8D-F6C1AB736C34}.Release|x64.Deploy.0 = Release|x64
		{352597D9-EC89-467E-BA8D-F6C1AB736C34}.Release|x86.ActiveCfg = Release|Win32
		{352597D9-EC89-467E-BA8D-F6C1AB736C34}.Release|x86.Build.0 = Release|Win32
		{352597D9-EC89-467E-BA8D-F6C1AB736C34}.Release|x86.Deploy.0 = Release|Win32
		{E310940D-7F75-472F-A6A7-ED084E78DE94}.Debug|ARM.ActiveCfg = Debug|ARM
		{E310940D-7F75-472F-A6A7-ED084E78DE94}.Debug|ARM.Build.0 = Debug|ARM
		{E310940D-7F75-472F-A6A7-ED084E78DE94}.Debug|ARM.Deploy.0 = Debug|ARM
		{E310940D-7F75-472F-A6A7-ED084E78DE94}.Debug|ARM64.ActiveCfg = Debug|ARM64
		{E310940D-7F75-472F-A6A7-ED084E78DE94}.Debug|ARM64.Build.0 = Debug|ARM64
		{E310940D-7F75-472F-A6A7-ED084E78DE94}.Debug|ARM64.Deploy.0 = Debug|ARM64
		{E310940D-7F75-472F-A6A7-ED084E78DE94}.Debug|x64.ActiveCfg = Debug|x64
		{E310940D-7F75-472F-A6A7-ED084E78DE94}.Debug|x64.Build.0 = Debug|x64
		{E310940D-7F75-472F-A6A7-ED084E78DE94}.Debug|x64.Deploy.0 = Debug|x64
		{E310940D-7F75-472F-A6A7-ED084E78DE94}.Debug|x86.ActiveCfg = Debug|Win32
		{E310940D-7F75-472F-A6A7-ED084E78DE94}.Debug|x86.Build.0 = Debug|Win32
		{E310940D-7F75-472F-A6A7-ED084E78DE94}.Debug|x86.Deploy.0 = Debug|Win32
		{E310940D-7F75-472F-A6A7-ED084E78DE94}.Release|ARM.ActiveCfg = Release|ARM
		{E310940D-7F75-472F-A6A7-ED084E78DE94}.Release|ARM.Build.0 = Release|ARM
		{E310940D-7F75-472F-A6A7-ED084E78DE94}.Release|ARM.Deploy.0 = Release|ARM
		{E310940D-7F75-472F-A6A7-ED084E78DE94}.Release|ARM64.ActiveCfg = Release|ARM64
		{E310940D-7F75-472F-A6A7-ED084E78DE94}.Release|ARM64.Build.0 = Release|ARM64
		{E310940D-7F75-472F-A6A7-ED084E78DE94}.Release|ARM64.Deploy.0 = Release|ARM64
		{E310940D-7F75-472F-A6A7-ED084E78DE94}.Release|x64.ActiveCfg = Release|x64
		{E310940D-7F75-472F-A6A7-ED084E78DE94}.Release|x64.Build.0 = Release|x64
		{E310940D-7F75-472F-A6A7-ED084E78DE94}.Release|x64.Deploy.0 = Release|x64
		{E310940D-7F75-472F-A6A7-ED084E78DE94}.Release|x86.ActiveCfg = Release|Win32
		{E310940D-7F75-472F-A6A7-ED084E78DE94}.Release|x86.Build.0 = Release|Win32
		{E310940D-7F75-472F-A6A7-ED084E78DE94}.Release|x86.Deploy.0 = Release|Win32
		{B8671E4D-5DA0-4B20-BD70-D94A18FE28E5}.Debug|ARM.ActiveCfg = Debug|ARM
		{B8671E4D-5DA0-4B20-BD70-D94A18FE28E5}.Debug|ARM.Build.0 = Debug|ARM
		{B8671E4D-5DA0-4B20-BD70-D94A18FE28E5}.Debug|ARM.Deploy.0 = Debug|ARM
		{B8671E4D-5DA0-4B20-BD70-D94A18FE28E5}.Debug|ARM64.ActiveCfg = Debug|ARM64
		{B8671E4D-5DA0-4B20-BD70-D94A18FE28E5}.Debug|ARM64.Build.0 = Debug|ARM64
		{B8671E4D-5DA0-4B20-BD70-D94A18FE28E5}.Debug|ARM64.Deploy.0 = Debug|ARM64
		{B8671E4D-5DA0-4B20-BD70-D94A18FE28E5}.Debug|x64.ActiveCfg = Debug|x64
		{B8671E4D-5DA0-4B20-BD70-D94A18FE28E5}.Debug|x64.Build.0 = Debug|x64
		{B8671E4D-5DA0-4B20-BD70-D94A18FE28E5}.Debug|x64.Deploy.0 = Debug|x64
		{B8671E4D-5DA0-4B20-BD70-D94A18FE28E5}.Debug|x86.ActiveCfg = Debug|Win32
		{B8671E4D-5DA0-4B20-BD70-D94A18FE28E5}.Debug|x86.Build.0 = Debug|Win32
		{B8671E4D-5DA0-4B20-BD70-D94A18FE28E5}.Debug|x86.Deploy.0 = Debug|Win32
		{B8671E4D-5DA0-4B20-BD70-D94A18FE28E5}.Release|ARM.ActiveCfg = Release|ARM
		{B8671E4D-5DA0-4B20-BD70-D94A18FE28E5}.Release|ARM.Build.0 = Release|ARM
		{B8671E4D-5DA0-4B20-BD70-D94A18FE28E5}.Release|ARM.Deploy.0 = Release|ARM
		{B8671E4D-5DA0-4B20-BD70-D94A18FE28E5}.Release|ARM64.ActiveCfg = Release|ARM64
		{B8671E4D-5DA0-4B20-BD70-D94A18FE28E5}.Release|ARM64.Build.0 = Release|ARM64
		{B8671E4D-5DA0-4B20-BD70-D94A18FE28E5}.Release|ARM64.Deploy.0 = Release|ARM64
		{B8671E4D-5DA0-4B20-BD70-D94A18FE28E5}.Release|x64.ActiveCfg = Release|x64
		{B8671E4D-5DA0-4B20-BD70-D94A18FE28E5}.Release|x64.Build.0 = Release|x64
		{B8671E4D-5DA0-4B20-BD70-D94A18FE28E5}.Release|x64.Deploy.0 = Release|x64
		{B8671E4D-5DA0-4B20-BD70-D94A18FE28E5}.Release|x86.ActiveCfg = Release|Win32
		{B8671E4D-5DA0-4B20-BD70-D94A18FE28E5}.Release|x86.Build.0 = Release|Win32
		{B8671E4D-5DA0-4B20-BD70-D94A18FE28E5}.Release|x86.Deploy.0 = Release|Win32
	EndGlobalSection
	GlobalSection(SolutionProperties) = preSolution
		HideSolutionNode = FALSE
	EndGlobalSection
	GlobalSection(NestedProjects) = preSolution
		{D7B6E042-114A-4B43-9109-1B6EC5DFD353} = {B27983AE-0CD1-467F-A90F-1ED342CF5428}
		{C2AD5EA9-B9AB-4429-8558-BBF2DF36E9CA} = {B27983AE-0CD1-467F-A90F-1ED342CF5428}
		{D836DCDD-C46E-4099-AA46-E623324307B3} = {B27983AE-0CD1-467F-A90F-1ED342CF5428}
		{1D489730-4868-4A19-90E8-ED9640D34E5A} = {B27983AE-0CD1-467F-A90F-1ED342CF5428}
		{EFAF6057-9B67-453D-9C1B-6386CA12C1FF} = {B27983AE-0CD1-467F-A90F-1ED342CF5428}
		{87B0D8F7-A101-490C-A4AB-0D715A41E9CC} = {B27983AE-0CD1-467F-A90F-1ED342CF5428}
		{115C2234-CA8C-4ACE-9A01-FCD49C1AB392} = {B27983AE-0CD1-467F-A90F-1ED342CF5428}
		{3A802CA2-2A82-46CF-A572-A248A0527FB2} = {B27983AE-0CD1-467F-A90F-1ED342CF5428}
		{4F6D0AE7-F9C4-434E-ADED-6142EAFF4EE5} = {B27983AE-0CD1-467F-A90F-1ED342CF5428}
		{EE63E3F2-C86E-4BCA-8540-ED10F5E6B6CE} = {B27983AE-0CD1-467F-A90F-1ED342CF5428}
		{77526BF1-4913-4EE9-A666-3052C7DBB8DD} = {B27983AE-0CD1-467F-A90F-1ED342CF5428}
		{0D4A6339-BA21-4A67-8DF6-292158523404} = {2F18CAA1-62D6-4F3A-A646-15B3EFEDB4D2}
		{D7338014-5CE5-4A22-B4EC-B2F9C229292E} = {2F18CAA1-62D6-4F3A-A646-15B3EFEDB4D2}
		{B1638162-4736-4E67-B471-30E42D013C48} = {3EC83B53-FAE5-4E0E-B379-EB0E92BE25C8}
		{D9145125-4AB9-43B7-93AF-D2836DC1C299} = {3EC83B53-FAE5-4E0E-B379-EB0E92BE25C8}
		{15CBD550-1C18-4D08-B87D-498132F579AE} = {3EC83B53-FAE5-4E0E-B379-EB0E92BE25C8}
		{352597D9-EC89-467E-BA8D-F6C1AB736C34} = {B27983AE-0CD1-467F-A90F-1ED342CF5428}
		{E310940D-7F75-472F-A6A7-ED084E78DE94} = {B27983AE-0CD1-467F-A90F-1ED342CF5428}
		{B8671E4D-5DA0-4B20-BD70-D94A18FE28E5} = {B27983AE-0CD1-467F-A90F-1ED342CF5428}
	EndGlobalSection
	GlobalSection(ExtensibilityGlobals) = postSolution
		SolutionGuid = {CC90875C-37E9-47BB-BA00-941F0622244C}
	EndGlobalSection
EndGlobal
