
Microsoft Visual Studio Solution File, Format Version 12.00
# Visual Studio 15
VisualStudioVersion = 15.0.27428.2037
MinimumVisualStudioVersion = 10.0.40219.1
Project("{8BC9CEB8-8B4A-11D0-8D11-00A0C91BC942}") = "PostProcessTest_XboxOneXDK_2017", "PostProcessTest_XboxOneXDK_2017.vcxproj", "{A1270628-821A-4117-8E24-22B86436C7A5}"
EndProject
Project("{8BC9CEB8-8B4A-11D0-8D11-00A0C91BC942}") = "DirectXTK12", "..\..\DirectXTK_XboxOneXDK_2017.vcxproj", "{0EE6C863-556C-4815-8BFF-A5A0B25A948F}"
EndProject
Project("{2150E333-8FDC-42A3-9474-1A3956D46DE8}") = "Solution Items", "Solution Items", "{5BBE794E-1B1C-4DF4-9F14-E00239365A41}"
	ProjectSection(SolutionItems) = preProject
		..\..\.editorconfig = ..\..\.editorconfig
	EndProjectSection
EndProject
Global
	GlobalSection(SolutionConfigurationPlatforms) = preSolution
		Debug|Durango = Debug|Durango
		Profile|Durango = Profile|Durango
		Release|Durango = Release|Durango
	EndGlobalSection
	GlobalSection(ProjectConfigurationPlatforms) = postSolution
		{A1270628-821A-4117-8E24-22B86436C7A5}.Debug|Durango.ActiveCfg = Debug|Durango
		{A1270628-821A-4117-8E24-22B86436C7A5}.Debug|Durango.Build.0 = Debug|Durango
		{A1270628-821A-4117-8E24-22B86436C7A5}.Debug|Durango.Deploy.0 = Debug|Durango
		{A1270628-821A-4117-8E24-22B86436C7A5}.Profile|Durango.ActiveCfg = Profile|Durango
		{A1270628-821A-4117-8E24-22B86436C7A5}.Profile|Durango.Build.0 = Profile|Durango
		{A1270628-821A-4117-8E24-22B86436C7A5}.Profile|Durango.Deploy.0 = Profile|Durango
		{A1270628-821A-4117-8E24-22B86436C7A5}.Release|Durango.ActiveCfg = Release|Durango
		{A1270628-821A-4117-8E24-22B86436C7A5}.Release|Durango.Build.0 = Release|Durango
		{A1270628-821A-4117-8E24-22B86436C7A5}.Release|Durango.Deploy.0 = Release|Durango
		{0EE6C863-556C-4815-8BFF-A5A0B25A948F}.Debug|Durango.ActiveCfg = Debug|Durango
		{0EE6C863-556C-4815-8BFF-A5A0B25A948F}.Debug|Durango.Build.0 = Debug|Durango
		{0EE6C863-556C-4815-8BFF-A5A0B25A948F}.Profile|Durango.ActiveCfg = Profile|Durango
		{0EE6C863-556C-4815-8BFF-A5A0B25A948F}.Profile|Durango.Build.0 = Profile|Durango
		{0EE6C863-556C-4815-8BFF-A5A0B25A948F}.Release|Durango.ActiveCfg = Release|Durango
		{0EE6C863-556C-4815-8BFF-A5A0B25A948F}.Release|Durango.Build.0 = Release|Durango
	EndGlobalSection
	GlobalSection(SolutionProperties) = preSolution
		HideSolutionNode = FALSE
	EndGlobalSection
	GlobalSection(ExtensibilityGlobals) = postSolution
		SolutionGuid = {CA190309-08D4-46C1-A306-17024190DFF9}
	EndGlobalSection
EndGlobal
