<?xml version="1.0" encoding="utf-8"?>
<Project ToolsVersion="15.0" xmlns="http://schemas.microsoft.com/developer/msbuild/2003">
  <ItemGroup>
    <Filter Include="Common">
      <UniqueIdentifier>39e0c709-2ec4-415e-9a48-756b8261a687</UniqueIdentifier>
    </Filter>
    <Filter Include="Assets">
      <UniqueIdentifier>e205d82e-ceb4-497d-a2df-bf1f33b16e36</UniqueIdentifier>
      <Extensions>bmp;dds;fbx;gif;jpg;jpeg;tga;tiff;tif;png</Extensions>
    </Filter>
  </ItemGroup>
  <ItemGroup>
    <ClInclude Include="pch.h" />
    <ClInclude Include="Game.h" />
    <ClInclude Include="..\Common\DeviceResourcesGXDK.h">
      <Filter>Common</Filter>
    </ClInclude>
    <ClInclude Include="..\Common\StepTimer.h">
      <Filter>Common</Filter>
    </ClInclude>
    <ClInclude Include="..\Common\DirectXTKTest.h">
      <Filter>Common</Filter>
    </ClInclude>
  </ItemGroup>
  <ItemGroup>
    <ClCompile Include="pch.cpp" />
    <ClCompile Include="Game.cpp" />
    <ClCompile Include="..\Common\DeviceResourcesGXDK.cpp">
      <Filter>Common</Filter>
    </ClCompile>
    <ClCompile Include="..\Common\MainGXDK.cpp">
      <Filter>Common</Filter>
    </ClCompile>
  </ItemGroup>
  <ItemGroup>
    <Image Include="earth.bmp">
      <Filter>Assets</Filter>
    </Image>
    <Image Include="HDR_029_Sky_Cloudy_Refbc6h.DDS">
      <Filter>Assets</Filter>
    </Image>
    <Image Include="sunset.jpg">
      <Filter>Assets</Filter>
    </Image>
  </ItemGroup>
  <ItemGroup>
    <None Include="comic.spritefont">
      <Filter>Assets</Filter>
    </None>
  </ItemGroup>
  <ItemGroup>
    <CopyFileToFolders Include="..\Common\Logo.scale-100.png">
      <Filter>Assets</Filter>
    </CopyFileToFolders>
    <CopyFileToFolders Include="..\Common\SmallLogo.scale-100.png">
      <Filter>Assets</Filter>
    </CopyFileToFolders>
    <CopyFileToFolders Include="..\Common\SplashScreen.scale-100.png">
      <Filter>Assets</Filter>
    </CopyFileToFolders>
    <CopyFileToFolders Include="..\Common\StoreLogo.scale-100.png">
      <Filter>Assets</Filter>
    </CopyFileToFolders>
    <CopyFileToFolders Include="..\Common\LargeLogo.png">
      <Filter>Assets</Filter>
    </CopyFileToFolders>
  </ItemGroup>
  <ItemGroup>
    <MGCCompile Include="MicrosoftGameConfig.mgc" />
  </ItemGroup>
</Project>