<?xml version="1.0" encoding="utf-8"?>
<Project ToolsVersion="4.0" xmlns="http://schemas.microsoft.com/developer/msbuild/2003">
  <ItemGroup>
    <Filter Include="Common">
      <UniqueIdentifier>fb830bde-905c-49fc-9937-ee2270c951d3</UniqueIdentifier>
    </Filter>
    <Filter Include="Assets">
      <UniqueIdentifier>78aeaee1-3502-4e13-b0fe-5f88cb03d806</UniqueIdentifier>
      <Extensions>ico;cur;bmp;dds;dlg;fbx;rct;bin;rgs;gif;jpg;jpeg;jpe;resx;tga;tiff;tif;png;wav;mfcribbon-ms</Extensions>
    </Filter>
  </ItemGroup>
  <ItemGroup>
    <ClInclude Include="pch.h" />
    <ClInclude Include="Game.h" />
    <ClInclude Include="..\Common\d3dx12.h">
      <Filter>Common</Filter>
    </ClInclude>
    <ClInclude Include="..\Common\DeviceResourcesPC.h">
      <Filter>Common</Filter>
    </ClInclude>
    <ClInclude Include="..\Common\StepTimer.h">
      <Filter>Common</Filter>
    </ClInclude>
  </ItemGroup>
  <ItemGroup>
    <ClCompile Include="pch.cpp" />
    <ClCompile Include="Game.cpp" />
    <ClCompile Include="..\Common\DeviceResourcesPC.cpp">
      <Filter>Common</Filter>
    </ClCompile>
    <ClCompile Include="..\Common\MainPC.cpp">
      <Filter>Common</Filter>
    </ClCompile>
  </ItemGroup>
  <ItemGroup>
    <Manifest Include="..\Common\settings.manifest">
      <Filter>Assets</Filter>
    </Manifest>
  </ItemGroup>
</Project>