
Microsoft Visual Studio Solution File, Format Version 12.00
# Visual Studio 15
VisualStudioVersion = 15.0.28307.1209
MinimumVisualStudioVersion = 10.0.40219.1
Project("{8BC9CEB8-8B4A-11D0-8D11-00A0C91BC942}") = "SpriteFontTest_GXDK_2017", "SpriteFontTest_GXDK_2017.vcxproj", "{709A6E01-FB56-4C3F-A3DC-90C3B8F83C6F}"
EndProject
Project("{8BC9CEB8-8B4A-11D0-8D11-00A0C91BC942}") = "DirectXTK12", "..\..\DirectXTK_GDK_2017.vcxproj", "{052C4858-C76F-4CEA-8A1A-E8E5559E67C2}"
EndProject
Project("{2150E333-8FDC-42A3-9474-1A3956D46DE8}") = "Solution Items", "Solution Items", "{791AC4E2-E41E-45FE-908B-5B03DB2D45B5}"
	ProjectSection(SolutionItems) = preProject
		..\..\.editorconfig = ..\..\.editorconfig
	EndProjectSection
EndProject
Global
	GlobalSection(SolutionConfigurationPlatforms) = preSolution
		Debug|Gaming.Xbox.Scarlett.x64 = Debug|Gaming.Xbox.Scarlett.x64
		Debug|Gaming.Xbox.XboxOne.x64 = Debug|Gaming.Xbox.XboxOne.x64
		Profile|Gaming.Xbox.Scarlett.x64 = Profile|Gaming.Xbox.Scarlett.x64
		Profile|Gaming.Xbox.XboxOne.x64 = Profile|Gaming.Xbox.XboxOne.x64
		Release|Gaming.Xbox.Scarlett.x64 = Release|Gaming.Xbox.Scarlett.x64
		Release|Gaming.Xbox.XboxOne.x64 = Release|Gaming.Xbox.XboxOne.x64
	EndGlobalSection
	GlobalSection(ProjectConfigurationPlatforms) = postSolution
		{709A6E01-FB56-4C3F-A3DC-90C3B8F83C6F}.Debug|Gaming.Xbox.Scarlett.x64.ActiveCfg = Debug|Gaming.Xbox.Scarlett.x64
		{709A6E01-FB56-4C3F-A3DC-90C3B8F83C6F}.Debug|Gaming.Xbox.Scarlett.x64.Build.0 = Debug|Gaming.Xbox.Scarlett.x64
		{709A6E01-FB56-4C3F-A3DC-90C3B8F83C6F}.Debug|Gaming.Xbox.Scarlett.x64.Deploy.0 = Debug|Gaming.Xbox.Scarlett.x64
		{709A6E01-FB56-4C3F-A3DC-90C3B8F83C6F}.Debug|Gaming.Xbox.XboxOne.x64.ActiveCfg = Debug|Gaming.Xbox.XboxOne.x64
		{709A6E01-FB56-4C3F-A3DC-90C3B8F83C6F}.Debug|Gaming.Xbox.XboxOne.x64.Build.0 = Debug|Gaming.Xbox.XboxOne.x64
		{709A6E01-FB56-4C3F-A3DC-90C3B8F83C6F}.Debug|Gaming.Xbox.XboxOne.x64.Deploy.0 = Debug|Gaming.Xbox.XboxOne.x64
		{709A6E01-FB56-4C3F-A3DC-90C3B8F83C6F}.Profile|Gaming.Xbox.Scarlett.x64.ActiveCfg = Profile|Gaming.Xbox.Scarlett.x64
		{709A6E01-FB56-4C3F-A3DC-90C3B8F83C6F}.Profile|Gaming.Xbox.Scarlett.x64.Build.0 = Profile|Gaming.Xbox.Scarlett.x64
		{709A6E01-FB56-4C3F-A3DC-90C3B8F83C6F}.Profile|Gaming.Xbox.Scarlett.x64.Deploy.0 = Profile|Gaming.Xbox.Scarlett.x64
		{709A6E01-FB56-4C3F-A3DC-90C3B8F83C6F}.Profile|Gaming.Xbox.XboxOne.x64.ActiveCfg = Profile|Gaming.Xbox.XboxOne.x64
		{709A6E01-FB56-4C3F-A3DC-90C3B8F83C6F}.Profile|Gaming.Xbox.XboxOne.x64.Build.0 = Profile|Gaming.Xbox.XboxOne.x64
		{709A6E01-FB56-4C3F-A3DC-90C3B8F83C6F}.Profile|Gaming.Xbox.XboxOne.x64.Deploy.0 = Profile|Gaming.Xbox.XboxOne.x64
		{709A6E01-FB56-4C3F-A3DC-90C3B8F83C6F}.Release|Gaming.Xbox.Scarlett.x64.ActiveCfg = Release|Gaming.Xbox.Scarlett.x64
		{709A6E01-FB56-4C3F-A3DC-90C3B8F83C6F}.Release|Gaming.Xbox.Scarlett.x64.Build.0 = Release|Gaming.Xbox.Scarlett.x64
		{709A6E01-FB56-4C3F-A3DC-90C3B8F83C6F}.Release|Gaming.Xbox.Scarlett.x64.Deploy.0 = Release|Gaming.Xbox.Scarlett.x64
		{709A6E01-FB56-4C3F-A3DC-90C3B8F83C6F}.Release|Gaming.Xbox.XboxOne.x64.ActiveCfg = Release|Gaming.Xbox.XboxOne.x64
		{709A6E01-FB56-4C3F-A3DC-90C3B8F83C6F}.Release|Gaming.Xbox.XboxOne.x64.Build.0 = Release|Gaming.Xbox.XboxOne.x64
		{709A6E01-FB56-4C3F-A3DC-90C3B8F83C6F}.Release|Gaming.Xbox.XboxOne.x64.Deploy.0 = Release|Gaming.Xbox.XboxOne.x64
		{052C4858-C76F-4CEA-8A1A-E8E5559E67C2}.Debug|Gaming.Xbox.Scarlett.x64.ActiveCfg = Debug|Gaming.Xbox.Scarlett.x64
		{052C4858-C76F-4CEA-8A1A-E8E5559E67C2}.Debug|Gaming.Xbox.Scarlett.x64.Build.0 = Debug|Gaming.Xbox.Scarlett.x64
		{052C4858-C76F-4CEA-8A1A-E8E5559E67C2}.Debug|Gaming.Xbox.XboxOne.x64.ActiveCfg = Debug|Gaming.Xbox.XboxOne.x64
		{052C4858-C76F-4CEA-8A1A-E8E5559E67C2}.Debug|Gaming.Xbox.XboxOne.x64.Build.0 = Debug|Gaming.Xbox.XboxOne.x64
		{052C4858-C76F-4CEA-8A1A-E8E5559E67C2}.Profile|Gaming.Xbox.Scarlett.x64.ActiveCfg = Profile|Gaming.Xbox.Scarlett.x64
		{052C4858-C76F-4CEA-8A1A-E8E5559E67C2}.Profile|Gaming.Xbox.Scarlett.x64.Build.0 = Profile|Gaming.Xbox.Scarlett.x64
		{052C4858-C76F-4CEA-8A1A-E8E5559E67C2}.Profile|Gaming.Xbox.XboxOne.x64.ActiveCfg = Profile|Gaming.Xbox.XboxOne.x64
		{052C4858-C76F-4CEA-8A1A-E8E5559E67C2}.Profile|Gaming.Xbox.XboxOne.x64.Build.0 = Profile|Gaming.Xbox.XboxOne.x64
		{052C4858-C76F-4CEA-8A1A-E8E5559E67C2}.Release|Gaming.Xbox.Scarlett.x64.ActiveCfg = Release|Gaming.Xbox.Scarlett.x64
		{052C4858-C76F-4CEA-8A1A-E8E5559E67C2}.Release|Gaming.Xbox.Scarlett.x64.Build.0 = Release|Gaming.Xbox.Scarlett.x64
		{052C4858-C76F-4CEA-8A1A-E8E5559E67C2}.Release|Gaming.Xbox.XboxOne.x64.ActiveCfg = Release|Gaming.Xbox.XboxOne.x64
		{052C4858-C76F-4CEA-8A1A-E8E5559E67C2}.Release|Gaming.Xbox.XboxOne.x64.Build.0 = Release|Gaming.Xbox.XboxOne.x64
	EndGlobalSection
	GlobalSection(SolutionProperties) = preSolution
		HideSolutionNode = FALSE
	EndGlobalSection
	GlobalSection(ExtensibilityGlobals) = postSolution
		SolutionGuid = {02F9393E-B519-47D3-8236-E99F8BE5AFF6}
	EndGlobalSection
EndGlobal
