
Microsoft Visual Studio Solution File, Format Version 12.00
# Visual Studio 15
VisualStudioVersion = 15.0.28307.1585
MinimumVisualStudioVersion = 10.0.40219.1
Project("{8BC9CEB8-8B4A-11D0-8D11-00A0C91BC942}") = "SpriteFontTest_XboxOneXDK_2017", "SpriteFontTest_XboxOneXDK_2017.vcxproj", "{1E2DF9FA-BAB1-4738-9432-F817371A8180}"
EndProject
Project("{8BC9CEB8-8B4A-11D0-8D11-00A0C91BC942}") = "DirectXTK12", "..\..\DirectXTK_XboxOneXDK_2017.vcxproj", "{0EE6C863-556C-4815-8BFF-A5A0B25A948F}"
EndProject
Project("{2150E333-8FDC-42A3-9474-1A3956D46DE8}") = "Solution Items", "Solution Items", "{79FDD675-F62A-46E1-9057-CBBD07927840}"
	ProjectSection(SolutionItems) = preProject
		..\..\.editorconfig = ..\..\.editorconfig
	EndProjectSection
EndProject
Global
	GlobalSection(SolutionConfigurationPlatforms) = preSolution
		Debug|Durango = Debug|Durango
		Profile|Durango = Profile|Durango
		Release|Durango = Release|Durango
	EndGlobalSection
	GlobalSection(ProjectConfigurationPlatforms) = postSolution
		{1E2DF9FA-BAB1-4738-9432-F817371A8180}.Debug|Durango.ActiveCfg = Debug|Durango
		{1E2DF9FA-BAB1-4738-9432-F817371A8180}.Debug|Durango.Build.0 = Debug|Durango
		{1E2DF9FA-BAB1-4738-9432-F817371A8180}.Debug|Durango.Deploy.0 = Debug|Durango
		{1E2DF9FA-BAB1-4738-9432-F817371A8180}.Profile|Durango.ActiveCfg = Profile|Durango
		{1E2DF9FA-BAB1-4738-9432-F817371A8180}.Profile|Durango.Build.0 = Profile|Durango
		{1E2DF9FA-BAB1-4738-9432-F817371A8180}.Profile|Durango.Deploy.0 = Profile|Durango
		{1E2DF9FA-BAB1-4738-9432-F817371A8180}.Release|Durango.ActiveCfg = Release|Durango
		{1E2DF9FA-BAB1-4738-9432-F817371A8180}.Release|Durango.Build.0 = Release|Durango
		{1E2DF9FA-BAB1-4738-9432-F817371A8180}.Release|Durango.Deploy.0 = Release|Durango
		{0EE6C863-556C-4815-8BFF-A5A0B25A948F}.Debug|Durango.ActiveCfg = Debug|Durango
		{0EE6C863-556C-4815-8BFF-A5A0B25A948F}.Debug|Durango.Build.0 = Debug|Durango
		{0EE6C863-556C-4815-8BFF-A5A0B25A948F}.Profile|Durango.ActiveCfg = Profile|Durango
		{0EE6C863-556C-4815-8BFF-A5A0B25A948F}.Profile|Durango.Build.0 = Profile|Durango
		{0EE6C863-556C-4815-8BFF-A5A0B25A948F}.Release|Durango.ActiveCfg = Release|Durango
		{0EE6C863-556C-4815-8BFF-A5A0B25A948F}.Release|Durango.Build.0 = Release|Durango
	EndGlobalSection
	GlobalSection(SolutionProperties) = preSolution
		HideSolutionNode = FALSE
	EndGlobalSection
	GlobalSection(ExtensibilityGlobals) = postSolution
		SolutionGuid = {B402BF48-360A-43D3-9CC6-1781AB2982FC}
	EndGlobalSection
EndGlobal
