<Solution>
  <Configurations>
    <BuildType Name="Debug" />
    <BuildType Name="Profile" />
    <BuildType Name="Release" />
    <Platform Name="Gaming.Xbox.Scarlett.x64" />
    <Platform Name="Gaming.Xbox.XboxOne.x64" />
  </Configurations>
  <Project Path="../../DirectXTK_GDKX_2022.vcxproj" Id="94f17a4d-611b-4b81-8806-b6735910ab31" />
  <Project DefaultStartup="true" Path="EffectsTest_GDKX_2022.vcxproj" Id="f3b8ad56-44ef-492a-8933-df9e40c2a93c">
    <Deploy />
  </Project>
</Solution>
