<Solution>
  <Configurations>
    <Platform Name="Gaming.Xbox.Scarlett.x64" />
    <Platform Name="Gaming.Xbox.XboxOne.x64" />
  </Configurations>
  <Project Path="..\..\DirectXTK_GDKX_2026.vcxproj" Id="94f17a4d-611b-4b81-8806-b6735910ab31" />
  <Project DefaultStartup="true" Path="EffectsTest_GDKX_2026.vcxproj" Id="f3b8ad56-44ef-492a-8933-df9e40c2a93c" />
</Solution>
