
Microsoft Visual Studio Solution File, Format Version 12.00
# Visual Studio 15
VisualStudioVersion = 15.0.28307.1585
MinimumVisualStudioVersion = 10.0.40219.1
Project("{8BC9CEB8-8B4A-11D0-8D11-00A0C91BC942}") = "PBRTest_XBoxOneXDK_2017", "PBRTest_XBoxOneXDK_2017.vcxproj", "{F556BDEB-5162-47D9-A227-2CD731980BF8}"
EndProject
Project("{8BC9CEB8-8B4A-11D0-8D11-00A0C91BC942}") = "DirectXTK12", "..\..\DirectXTK_XboxOneXDK_2017.vcxproj", "{0EE6C863-556C-4815-8BFF-A5A0B25A948F}"
EndProject
Project("{2150E333-8FDC-42A3-9474-1A3956D46DE8}") = "Solution Items", "Solution Items", "{06AA3CCE-B1F6-458A-B21D-2E9DC5FC1A3F}"
	ProjectSection(SolutionItems) = preProject
		..\..\.editorconfig = ..\..\.editorconfig
	EndProjectSection
EndProject
Global
	GlobalSection(SolutionConfigurationPlatforms) = preSolution
		Debug|Durango = Debug|Durango
		Profile|Durango = Profile|Durango
		Release|Durango = Release|Durango
	EndGlobalSection
	GlobalSection(ProjectConfigurationPlatforms) = postSolution
		{F556BDEB-5162-47D9-A227-2CD731980BF8}.Debug|Durango.ActiveCfg = Debug|Durango
		{F556BDEB-5162-47D9-A227-2CD731980BF8}.Debug|Durango.Build.0 = Debug|Durango
		{F556BDEB-5162-47D9-A227-2CD731980BF8}.Debug|Durango.Deploy.0 = Debug|Durango
		{F556BDEB-5162-47D9-A227-2CD731980BF8}.Profile|Durango.ActiveCfg = Profile|Durango
		{F556BDEB-5162-47D9-A227-2CD731980BF8}.Profile|Durango.Build.0 = Profile|Durango
		{F556BDEB-5162-47D9-A227-2CD731980BF8}.Profile|Durango.Deploy.0 = Profile|Durango
		{F556BDEB-5162-47D9-A227-2CD731980BF8}.Release|Durango.ActiveCfg = Release|Durango
		{F556BDEB-5162-47D9-A227-2CD731980BF8}.Release|Durango.Build.0 = Release|Durango
		{F556BDEB-5162-47D9-A227-2CD731980BF8}.Release|Durango.Deploy.0 = Release|Durango
		{0EE6C863-556C-4815-8BFF-A5A0B25A948F}.Debug|Durango.ActiveCfg = Debug|Durango
		{0EE6C863-556C-4815-8BFF-A5A0B25A948F}.Debug|Durango.Build.0 = Debug|Durango
		{0EE6C863-556C-4815-8BFF-A5A0B25A948F}.Profile|Durango.ActiveCfg = Profile|Durango
		{0EE6C863-556C-4815-8BFF-A5A0B25A948F}.Profile|Durango.Build.0 = Profile|Durango
		{0EE6C863-556C-4815-8BFF-A5A0B25A948F}.Release|Durango.ActiveCfg = Release|Durango
		{0EE6C863-556C-4815-8BFF-A5A0B25A948F}.Release|Durango.Build.0 = Release|Durango
	EndGlobalSection
	GlobalSection(SolutionProperties) = preSolution
		HideSolutionNode = FALSE
	EndGlobalSection
	GlobalSection(ExtensibilityGlobals) = postSolution
		SolutionGuid = {62F1AB37-51D9-4677-AFFF-555B3E118C59}
	EndGlobalSection
EndGlobal
