<?xml version="1.0" encoding="utf-8"?>
<Project ToolsVersion="4.0" xmlns="http://schemas.microsoft.com/developer/msbuild/2003">
  <ItemGroup>
    <Filter Include="Common">
      <UniqueIdentifier>8e1a1197-300f-4e67-93f3-1f925426b149</UniqueIdentifier>
    </Filter>
    <Filter Include="Assets">
      <UniqueIdentifier>ad1a0121-be1c-4f51-8a9c-3931b5b66462</UniqueIdentifier>
      <Extensions>bmp;dds;fbx;gif;jpg;jpeg;tga;tiff;tif;png</Extensions>
    </Filter>
    <Filter Include="Assets\IBL">
      <UniqueIdentifier>{3a595df5-7019-4f71-90fa-1da37356c255}</UniqueIdentifier>
    </Filter>
    <Filter Include="Assets\BrokenCube">
      <UniqueIdentifier>{31ce3672-e05a-4ba2-be0e-f8842edd93b7}</UniqueIdentifier>
    </Filter>
    <Filter Include="Assets\Sphere">
      <UniqueIdentifier>{e223b6a8-f526-4990-995c-5cbc8af74725}</UniqueIdentifier>
    </Filter>
    <Filter Include="Assets\Logos">
      <UniqueIdentifier>{cee55805-f5bb-474b-8cf3-62721b41c61c}</UniqueIdentifier>
    </Filter>
  </ItemGroup>
  <ItemGroup>
    <ClCompile Include="pch.cpp" />
    <ClCompile Include="Game.cpp" />
    <ClCompile Include="..\Common\DeviceResourcesUWP.cpp">
      <Filter>Common</Filter>
    </ClCompile>
    <ClCompile Include="..\Common\MainUWP.cpp">
      <Filter>Common</Filter>
    </ClCompile>
    <ClCompile Include="..\Common\RenderTexture.cpp">
      <Filter>Common</Filter>
    </ClCompile>
  </ItemGroup>
  <ItemGroup>
    <ClInclude Include="pch.h" />
    <ClInclude Include="Game.h" />
    <ClInclude Include="..\Common\d3dx12.h">
      <Filter>Common</Filter>
    </ClInclude>
    <ClInclude Include="..\Common\DeviceResourcesUWP.h">
      <Filter>Common</Filter>
    </ClInclude>
    <ClInclude Include="..\Common\RenderTexture.h">
      <Filter>Common</Filter>
    </ClInclude>
    <ClInclude Include="..\Common\StepTimer.h">
      <Filter>Common</Filter>
    </ClInclude>
    <ClInclude Include="..\Common\DirectXTKTest.h">
      <Filter>Common</Filter>
    </ClInclude>
  </ItemGroup>
  <ItemGroup>
    <Image Include="Atrium_specularIBL.dds">
      <Filter>Assets\IBL</Filter>
    </Image>
    <Image Include="Atrium_diffuseIBL.dds">
      <Filter>Assets\IBL</Filter>
    </Image>
    <Image Include="Garage_diffuseIBL.dds">
      <Filter>Assets\IBL</Filter>
    </Image>
    <Image Include="Garage_specularIBL.dds">
      <Filter>Assets\IBL</Filter>
    </Image>
    <Image Include="SunSubMixer_diffuseIBL.dds">
      <Filter>Assets\IBL</Filter>
    </Image>
    <Image Include="SunSubMixer_specularIBL.dds">
      <Filter>Assets\IBL</Filter>
    </Image>
    <Image Include="BrokenCube_baseColor.png">
      <Filter>Assets\BrokenCube</Filter>
    </Image>
    <Image Include="BrokenCube_emissive.png">
      <Filter>Assets\BrokenCube</Filter>
    </Image>
    <Image Include="BrokenCube_normal.png">
      <Filter>Assets\BrokenCube</Filter>
    </Image>
    <Image Include="BrokenCube_occlusionRoughnessMetallic.png">
      <Filter>Assets\BrokenCube</Filter>
    </Image>
    <Image Include="Sphere2Mat_baseColor.png">
      <Filter>Assets\Sphere</Filter>
    </Image>
    <Image Include="Sphere2Mat_emissive.png">
      <Filter>Assets\Sphere</Filter>
    </Image>
    <Image Include="Sphere2Mat_normal.png">
      <Filter>Assets\Sphere</Filter>
    </Image>
    <Image Include="Sphere2Mat_occlusionRoughnessMetallic.png">
      <Filter>Assets\Sphere</Filter>
    </Image>
    <Image Include="SphereMat_baseColor.png">
      <Filter>Assets\Sphere</Filter>
    </Image>
    <Image Include="SphereMat_normal.png">
      <Filter>Assets\Sphere</Filter>
    </Image>
    <Image Include="SphereMat_occlusionRoughnessMetallic.png">
      <Filter>Assets\Sphere</Filter>
    </Image>
    <Image Include="..\Common\Logo.scale-100.png">
      <Filter>Assets\Logos</Filter>
    </Image>
    <Image Include="..\Common\SmallLogo.scale-100.png">
      <Filter>Assets\Logos</Filter>
    </Image>
    <Image Include="..\Common\SplashScreen.scale-100.png">
      <Filter>Assets\Logos</Filter>
    </Image>
    <Image Include="..\Common\StoreLogo.scale-100.png">
      <Filter>Assets\Logos</Filter>
    </Image>
    <Image Include="..\Common\WideLogo.scale-100.png">
      <Filter>Assets\Logos</Filter>
    </Image>
  </ItemGroup>
  <ItemGroup>
    <AppxManifest Include="PackageUWP.appxmanifest" />
  </ItemGroup>
  <ItemGroup>
    <None Include="BrokenCube.vbo">
      <Filter>Assets\BrokenCube</Filter>
    </None>
  </ItemGroup>
</Project>