<?xml version="1.0" encoding="utf-8"?>
<Project ToolsVersion="15.0" xmlns="http://schemas.microsoft.com/developer/msbuild/2003">
  <ItemGroup>
    <Filter Include="Common">
      <UniqueIdentifier>9e04aed5-e7b3-4928-99d2-912b3b7d616e</UniqueIdentifier>
    </Filter>
    <Filter Include="Assets">
      <UniqueIdentifier>bbf0c3f5-9641-4edb-91fb-65923944fecb</UniqueIdentifier>
      <Extensions>bmp;dds;fbx;gif;jpg;jpeg;tga;tiff;tif;png</Extensions>
    </Filter>
    <Filter Include="Assets\Logos">
      <UniqueIdentifier>{feb06bf4-d9c3-4c5c-a3d2-bf48a990273e}</UniqueIdentifier>
    </Filter>
    <Filter Include="Assets\IBL">
      <UniqueIdentifier>{eb0fe8b4-b6f8-4b0a-95e0-bd4272e76354}</UniqueIdentifier>
    </Filter>
    <Filter Include="Assets\BrokenCube">
      <UniqueIdentifier>{99e22dae-da37-4e10-aa17-18674102be38}</UniqueIdentifier>
    </Filter>
    <Filter Include="Assets\Sphere">
      <UniqueIdentifier>{d408b67c-a298-4d73-a130-b9136645c9ca}</UniqueIdentifier>
    </Filter>
    <Filter Include="Assets\Robot">
      <UniqueIdentifier>{67b9e2d0-e54a-4b73-9ae3-82c34359f486}</UniqueIdentifier>
    </Filter>
  </ItemGroup>
  <ItemGroup>
    <ClInclude Include="pch.h" />
    <ClInclude Include="Game.h" />
    <ClInclude Include="..\Common\DeviceResourcesGXDK.h">
      <Filter>Common</Filter>
    </ClInclude>
    <ClInclude Include="..\Common\RenderTexture.h">
      <Filter>Common</Filter>
    </ClInclude>
    <ClInclude Include="..\Common\StepTimer.h">
      <Filter>Common</Filter>
    </ClInclude>
    <ClInclude Include="..\Common\DirectXTKTest.h">
      <Filter>Common</Filter>
    </ClInclude>
    <ClInclude Include="..\Common\Animation.h">
      <Filter>Common</Filter>
    </ClInclude>
  </ItemGroup>
  <ItemGroup>
    <ClCompile Include="pch.cpp" />
    <ClCompile Include="Game.cpp" />
    <ClCompile Include="..\Common\DeviceResourcesGXDK.cpp">
      <Filter>Common</Filter>
    </ClCompile>
    <ClCompile Include="..\Common\MainGXDK.cpp">
      <Filter>Common</Filter>
    </ClCompile>
    <ClCompile Include="..\Common\RenderTexture.cpp">
      <Filter>Common</Filter>
    </ClCompile>
    <ClCompile Include="..\Common\Animation.cpp">
      <Filter>Common</Filter>
    </ClCompile>
  </ItemGroup>
  <ItemGroup>
    <Image Include="..\PBRTest\Atrium_diffuseIBL.dds">
      <Filter>Assets\IBL</Filter>
    </Image>
    <Image Include="..\PBRTest\Atrium_specularIBL.dds">
      <Filter>Assets\IBL</Filter>
    </Image>
    <Image Include="..\PBRTest\Garage_diffuseIBL.dds">
      <Filter>Assets\IBL</Filter>
    </Image>
    <Image Include="..\PBRTest\Garage_specularIBL.dds">
      <Filter>Assets\IBL</Filter>
    </Image>
    <Image Include="..\PBRTest\SunSubMixer_specularIBL.dds">
      <Filter>Assets\IBL</Filter>
    </Image>
    <Image Include="..\PBRTest\SunSubMixer_diffuseIBL.dds">
      <Filter>Assets\IBL</Filter>
    </Image>
    <Image Include="BrokenCube_baseColor.DDS">
      <Filter>Assets\BrokenCube</Filter>
    </Image>
    <Image Include="BrokenCube_emissive.DDS">
      <Filter>Assets\BrokenCube</Filter>
    </Image>
    <Image Include="BrokenCube_normal.DDS">
      <Filter>Assets\BrokenCube</Filter>
    </Image>
    <Image Include="BrokenCube_occlusionRoughnessMetallic.DDS">
      <Filter>Assets\BrokenCube</Filter>
    </Image>
    <Image Include="Sphere2Mat_baseColor.DDS">
      <Filter>Assets\Sphere</Filter>
    </Image>
    <Image Include="Sphere2Mat_emissive.DDS">
      <Filter>Assets\Sphere</Filter>
    </Image>
    <Image Include="Sphere2Mat_normal.DDS">
      <Filter>Assets\Sphere</Filter>
    </Image>
    <Image Include="Sphere2Mat_occlusionRoughnessMetallic.DDS">
      <Filter>Assets\Sphere</Filter>
    </Image>
    <Image Include="SphereMat_baseColor.DDS">
      <Filter>Assets\Sphere</Filter>
    </Image>
    <Image Include="SphereMat_normal.DDS">
      <Filter>Assets\Sphere</Filter>
    </Image>
    <Image Include="SphereMat_occlusionRoughnessMetallic.DDS">
      <Filter>Assets\Sphere</Filter>
    </Image>
    <Image Include="matFloor_baseColor.dds">
      <Filter>Assets\Robot</Filter>
    </Image>
    <Image Include="matFloor_normal.DDS">
      <Filter>Assets\Robot</Filter>
    </Image>
    <Image Include="matFloor_occlusionRoughnessMetallic.DDS">
      <Filter>Assets\Robot</Filter>
    </Image>
    <Image Include="matToyRobot_baseColor.dds">
      <Filter>Assets\Robot</Filter>
    </Image>
    <Image Include="matToyRobot_normal.DDS">
      <Filter>Assets\Robot</Filter>
    </Image>
    <Image Include="matToyRobot_occlusionRoughnessMetallic.DDS">
      <Filter>Assets\Robot</Filter>
    </Image>
    <Image Include="matWoodBlocks_baseColor.dds">
      <Filter>Assets\Robot</Filter>
    </Image>
    <Image Include="matWoodBlocks_normal.DDS">
      <Filter>Assets\Robot</Filter>
    </Image>
    <Image Include="matWoodBlocks_occlusionRoughnessMetallic.DDS">
      <Filter>Assets\Robot</Filter>
    </Image>
  </ItemGroup>
  <ItemGroup>
    <None Include="BrokenCube.sdkmesh">
      <Filter>Assets\BrokenCube</Filter>
    </None>
    <None Include="Sphere.sdkmesh">
      <Filter>Assets\Sphere</Filter>
    </None>
    <None Include="Sphere2.sdkmesh">
      <Filter>Assets\Sphere</Filter>
    </None>
    <None Include="ToyRobot.sdkmesh">
      <Filter>Assets\Robot</Filter>
    </None>
    <None Include="teapot.cmo">
      <Filter>Assets</Filter>
    </None>
  </ItemGroup>
  <ItemGroup>
    <CopyFileToFolders Include="..\Common\LargeLogo.png">
      <Filter>Assets\Logos</Filter>
    </CopyFileToFolders>
    <CopyFileToFolders Include="..\Common\Logo.scale-100.png">
      <Filter>Assets\Logos</Filter>
    </CopyFileToFolders>
    <CopyFileToFolders Include="..\Common\SmallLogo.scale-100.png">
      <Filter>Assets\Logos</Filter>
    </CopyFileToFolders>
    <CopyFileToFolders Include="..\Common\SplashScreen.scale-100.png">
      <Filter>Assets\Logos</Filter>
    </CopyFileToFolders>
    <CopyFileToFolders Include="..\Common\StoreLogo.scale-100.png">
      <Filter>Assets\Logos</Filter>
    </CopyFileToFolders>
  </ItemGroup>
  <ItemGroup>
    <MGCCompile Include="MicrosoftGame.Config" />
  </ItemGroup>
</Project>