<Solution>
  <Configurations>
    <Platform Name="Gaming.Xbox.Scarlett.x64" />
    <Platform Name="Gaming.Xbox.XboxOne.x64" />
  </Configurations>
  <Project Path="..\..\DirectXTK_GDKX_2026.vcxproj" Id="94f17a4d-611b-4b81-8806-b6735910ab31" />
  <Project DefaultStartup="true" Path="SimpleAudioTest_GDKX_2026.vcxproj" Id="73ecab27-9ca9-44f0-a992-42011bfb7701" />
</Solution>
