
Microsoft Visual Studio Solution File, Format Version 12.00
# Visual Studio Version 16
VisualStudioVersion = 15.0.28307.1209
MinimumVisualStudioVersion = 10.0.40219.1
Project("{8BC9CEB8-8B4A-11D0-8D11-00A0C91BC942}") = "XboxLoadTest_GDK_2019", "XboxLoadTest_GDK_2019.vcxproj", "{592758EF-A613-4530-9B2F-B1CFFC173B3C}"
EndProject
Project("{8BC9CEB8-8B4A-11D0-8D11-00A0C91BC942}") = "DirectXTK12", "..\..\DirectXTK_GDK_2019.vcxproj", "{052C4858-C76F-4CEA-8A1A-E8E5559E67C2}"
EndProject
Global
	GlobalSection(SolutionConfigurationPlatforms) = preSolution
		Debug|Gaming.Xbox.Scarlett.x64 = Debug|Gaming.Xbox.Scarlett.x64
		Debug|Gaming.Xbox.XboxOne.x64 = Debug|Gaming.Xbox.XboxOne.x64
		Profile|Gaming.Xbox.Scarlett.x64 = Profile|Gaming.Xbox.Scarlett.x64
		Profile|Gaming.Xbox.XboxOne.x64 = Profile|Gaming.Xbox.XboxOne.x64
		Release|Gaming.Xbox.Scarlett.x64 = Release|Gaming.Xbox.Scarlett.x64
		Release|Gaming.Xbox.XboxOne.x64 = Release|Gaming.Xbox.XboxOne.x64
	EndGlobalSection
	GlobalSection(ProjectConfigurationPlatforms) = postSolution
		{592758EF-A613-4530-9B2F-B1CFFC173B3C}.Debug|Gaming.Xbox.Scarlett.x64.ActiveCfg = Debug|Gaming.Xbox.Scarlett.x64
		{592758EF-A613-4530-9B2F-B1CFFC173B3C}.Debug|Gaming.Xbox.Scarlett.x64.Build.0 = Debug|Gaming.Xbox.Scarlett.x64
		{592758EF-A613-4530-9B2F-B1CFFC173B3C}.Debug|Gaming.Xbox.Scarlett.x64.Deploy.0 = Debug|Gaming.Xbox.Scarlett.x64
		{592758EF-A613-4530-9B2F-B1CFFC173B3C}.Debug|Gaming.Xbox.XboxOne.x64.ActiveCfg = Debug|Gaming.Xbox.XboxOne.x64
		{592758EF-A613-4530-9B2F-B1CFFC173B3C}.Debug|Gaming.Xbox.XboxOne.x64.Build.0 = Debug|Gaming.Xbox.XboxOne.x64
		{592758EF-A613-4530-9B2F-B1CFFC173B3C}.Debug|Gaming.Xbox.XboxOne.x64.Deploy.0 = Debug|Gaming.Xbox.XboxOne.x64
		{592758EF-A613-4530-9B2F-B1CFFC173B3C}.Profile|Gaming.Xbox.Scarlett.x64.ActiveCfg = Profile|Gaming.Xbox.Scarlett.x64
		{592758EF-A613-4530-9B2F-B1CFFC173B3C}.Profile|Gaming.Xbox.Scarlett.x64.Build.0 = Profile|Gaming.Xbox.Scarlett.x64
		{592758EF-A613-4530-9B2F-B1CFFC173B3C}.Profile|Gaming.Xbox.Scarlett.x64.Deploy.0 = Profile|Gaming.Xbox.Scarlett.x64
		{592758EF-A613-4530-9B2F-B1CFFC173B3C}.Profile|Gaming.Xbox.XboxOne.x64.ActiveCfg = Profile|Gaming.Xbox.XboxOne.x64
		{592758EF-A613-4530-9B2F-B1CFFC173B3C}.Profile|Gaming.Xbox.XboxOne.x64.Build.0 = Profile|Gaming.Xbox.XboxOne.x64
		{592758EF-A613-4530-9B2F-B1CFFC173B3C}.Profile|Gaming.Xbox.XboxOne.x64.Deploy.0 = Profile|Gaming.Xbox.XboxOne.x64
		{592758EF-A613-4530-9B2F-B1CFFC173B3C}.Release|Gaming.Xbox.Scarlett.x64.ActiveCfg = Release|Gaming.Xbox.Scarlett.x64
		{592758EF-A613-4530-9B2F-B1CFFC173B3C}.Release|Gaming.Xbox.Scarlett.x64.Build.0 = Release|Gaming.Xbox.Scarlett.x64
		{592758EF-A613-4530-9B2F-B1CFFC173B3C}.Release|Gaming.Xbox.Scarlett.x64.Deploy.0 = Release|Gaming.Xbox.Scarlett.x64
		{592758EF-A613-4530-9B2F-B1CFFC173B3C}.Release|Gaming.Xbox.XboxOne.x64.ActiveCfg = Release|Gaming.Xbox.XboxOne.x64
		{592758EF-A613-4530-9B2F-B1CFFC173B3C}.Release|Gaming.Xbox.XboxOne.x64.Build.0 = Release|Gaming.Xbox.XboxOne.x64
		{592758EF-A613-4530-9B2F-B1CFFC173B3C}.Release|Gaming.Xbox.XboxOne.x64.Deploy.0 = Release|Gaming.Xbox.XboxOne.x64
		{052C4858-C76F-4CEA-8A1A-E8E5559E67C2}.Debug|Gaming.Xbox.Scarlett.x64.ActiveCfg = Debug|Gaming.Xbox.Scarlett.x64
		{052C4858-C76F-4CEA-8A1A-E8E5559E67C2}.Debug|Gaming.Xbox.Scarlett.x64.Build.0 = Debug|Gaming.Xbox.Scarlett.x64
		{052C4858-C76F-4CEA-8A1A-E8E5559E67C2}.Debug|Gaming.Xbox.XboxOne.x64.ActiveCfg = Debug|Gaming.Xbox.XboxOne.x64
		{052C4858-C76F-4CEA-8A1A-E8E5559E67C2}.Debug|Gaming.Xbox.XboxOne.x64.Build.0 = Debug|Gaming.Xbox.XboxOne.x64
		{052C4858-C76F-4CEA-8A1A-E8E5559E67C2}.Profile|Gaming.Xbox.Scarlett.x64.ActiveCfg = Profile|Gaming.Xbox.Scarlett.x64
		{052C4858-C76F-4CEA-8A1A-E8E5559E67C2}.Profile|Gaming.Xbox.Scarlett.x64.Build.0 = Profile|Gaming.Xbox.Scarlett.x64
		{052C4858-C76F-4CEA-8A1A-E8E5559E67C2}.Profile|Gaming.Xbox.XboxOne.x64.ActiveCfg = Profile|Gaming.Xbox.XboxOne.x64
		{052C4858-C76F-4CEA-8A1A-E8E5559E67C2}.Profile|Gaming.Xbox.XboxOne.x64.Build.0 = Profile|Gaming.Xbox.XboxOne.x64
		{052C4858-C76F-4CEA-8A1A-E8E5559E67C2}.Release|Gaming.Xbox.Scarlett.x64.ActiveCfg = Release|Gaming.Xbox.Scarlett.x64
		{052C4858-C76F-4CEA-8A1A-E8E5559E67C2}.Release|Gaming.Xbox.Scarlett.x64.Build.0 = Release|Gaming.Xbox.Scarlett.x64
		{052C4858-C76F-4CEA-8A1A-E8E5559E67C2}.Release|Gaming.Xbox.XboxOne.x64.ActiveCfg = Release|Gaming.Xbox.XboxOne.x64
		{052C4858-C76F-4CEA-8A1A-E8E5559E67C2}.Release|Gaming.Xbox.XboxOne.x64.Build.0 = Release|Gaming.Xbox.XboxOne.x64
	EndGlobalSection
	GlobalSection(SolutionProperties) = preSolution
		HideSolutionNode = FALSE
	EndGlobalSection
	GlobalSection(ExtensibilityGlobals) = postSolution
		SolutionGuid = {E1CDC61D-56A5-4155-9525-BAD0BE15ADA6}
	EndGlobalSection
EndGlobal
