<?xml version="1.0" encoding="utf-8"?>
<Project ToolsVersion="4.0" xmlns="http://schemas.microsoft.com/developer/msbuild/2003">
  <ItemGroup>
    <Filter Include="Common">
      <UniqueIdentifier>af2a0108-0dc7-481b-8b9a-de036464c461</UniqueIdentifier>
    </Filter>
    <Filter Include="Assets">
      <UniqueIdentifier>df19207d-e1ef-471e-a208-188dd65b6d96</UniqueIdentifier>
      <Extensions>bmp;dds;fbx;gif;jpg;jpeg;tga;tiff;tif;png</Extensions>
    </Filter>
    <Filter Include="Assets\Cup">
      <UniqueIdentifier>{231423d3-3859-431c-811f-c00233a6d179}</UniqueIdentifier>
    </Filter>
    <Filter Include="Assets\Dwarf">
      <UniqueIdentifier>{f69a2d54-3951-4793-8e33-5e7d7b011b4c}</UniqueIdentifier>
    </Filter>
    <Filter Include="Assets\Lightmap">
      <UniqueIdentifier>{25002990-6fcc-4338-aa18-eeb8c513f7ed}</UniqueIdentifier>
    </Filter>
    <Filter Include="Assets\Soldier">
      <UniqueIdentifier>{8eb2ca81-93e6-4aed-8594-ff5f3eb90e79}</UniqueIdentifier>
    </Filter>
    <Filter Include="Assets\Tiny">
      <UniqueIdentifier>{25aeb293-b86c-4387-9946-a15242a9b2a4}</UniqueIdentifier>
    </Filter>
    <Filter Include="Assets\Normalmap">
      <UniqueIdentifier>{0179377f-7515-4bfe-8449-4a23b293c932}</UniqueIdentifier>
    </Filter>
  </ItemGroup>
  <ItemGroup>
    <ClCompile Include="pch.cpp" />
    <ClCompile Include="Game.cpp" />
    <ClCompile Include="..\Common\DeviceResourcesUWP.cpp">
      <Filter>Common</Filter>
    </ClCompile>
    <ClCompile Include="..\Common\MainUWP.cpp">
      <Filter>Common</Filter>
    </ClCompile>
    <ClCompile Include="ModelLoadOBJ.cpp" />
  </ItemGroup>
  <ItemGroup>
    <ClInclude Include="pch.h" />
    <ClInclude Include="Game.h" />
    <ClInclude Include="..\Common\d3dx12.h">
      <Filter>Common</Filter>
    </ClInclude>
    <ClInclude Include="..\Common\DeviceResourcesUWP.h">
      <Filter>Common</Filter>
    </ClInclude>
    <ClInclude Include="..\Common\StepTimer.h">
      <Filter>Common</Filter>
    </ClInclude>
    <ClInclude Include="WaveFrontReader.h" />
    <ClInclude Include="..\Common\DirectXTKTest.h">
      <Filter>Common</Filter>
    </ClInclude>
  </ItemGroup>
  <ItemGroup>
    <Image Include="..\Common\Logo.scale-100.png">
      <Filter>Assets</Filter>
    </Image>
    <Image Include="..\Common\SmallLogo.scale-100.png">
      <Filter>Assets</Filter>
    </Image>
    <Image Include="..\Common\SplashScreen.scale-100.png">
      <Filter>Assets</Filter>
    </Image>
    <Image Include="..\Common\StoreLogo.scale-100.png">
      <Filter>Assets</Filter>
    </Image>
    <Image Include="..\Common\WideLogo.scale-100.png">
      <Filter>Assets</Filter>
    </Image>
    <Image Include="cup.jpg">
      <Filter>Assets\Cup</Filter>
    </Image>
    <Image Include="Armor.dds">
      <Filter>Assets\Dwarf</Filter>
    </Image>
    <Image Include="Body.dds">
      <Filter>Assets\Dwarf</Filter>
    </Image>
    <Image Include="DwarfHead.dds">
      <Filter>Assets\Dwarf</Filter>
    </Image>
    <Image Include="Headgear.dds">
      <Filter>Assets\Dwarf</Filter>
    </Image>
    <Image Include="Helmet.dds">
      <Filter>Assets\Dwarf</Filter>
    </Image>
    <Image Include="Pack.dds">
      <Filter>Assets\Dwarf</Filter>
    </Image>
    <Image Include="Weapons.dds">
      <Filter>Assets\Dwarf</Filter>
    </Image>
    <Image Include="Cement.dds">
      <Filter>Assets\Lightmap</Filter>
    </Image>
    <Image Include="Plane001LightingMap.dds">
      <Filter>Assets\Lightmap</Filter>
    </Image>
    <Image Include="StripeConcrete.dds">
      <Filter>Assets\Lightmap</Filter>
    </Image>
    <Image Include="Text001LightingMap.dds">
      <Filter>Assets\Lightmap</Filter>
    </Image>
    <Image Include="head_diff.dds">
      <Filter>Assets\Soldier</Filter>
    </Image>
    <Image Include="jacket_diff.dds">
      <Filter>Assets\Soldier</Filter>
    </Image>
    <Image Include="pants_diff.dds">
      <Filter>Assets\Soldier</Filter>
    </Image>
    <Image Include="upBody_diff.dds">
      <Filter>Assets\Soldier</Filter>
    </Image>
    <Image Include="Tiny_skin.dds">
      <Filter>Assets\Tiny</Filter>
    </Image>
    <Image Include="cubemap.dds">
      <Filter>Assets</Filter>
    </Image>
    <Image Include="default.dds">
      <Filter>Assets</Filter>
    </Image>
    <Image Include="Helmet_diff.dds">
      <Filter>Assets\Normalmap</Filter>
    </Image>
    <Image Include="Helmet_norm.dds">
      <Filter>Assets\Normalmap</Filter>
    </Image>
    <Image Include="Helmet_spec.dds">
      <Filter>Assets\Normalmap</Filter>
    </Image>
  </ItemGroup>
  <ItemGroup>
    <AppxManifest Include="PackageUWP.appxmanifest" />
  </ItemGroup>
  <ItemGroup>
    <None Include="cup._obj">
      <Filter>Assets\Cup</Filter>
    </None>
    <None Include="cup.mtl">
      <Filter>Assets\Cup</Filter>
    </None>
    <None Include="cup.sdkmesh">
      <Filter>Assets\Cup</Filter>
    </None>
    <None Include="dwarf.sdkmesh">
      <Filter>Assets\Dwarf</Filter>
    </None>
    <None Include="SimpleLightMap.sdkmesh">
      <Filter>Assets\Lightmap</Filter>
    </None>
    <None Include="soldier.sdkmesh">
      <Filter>Assets\Soldier</Filter>
    </None>
    <None Include="tiny.sdkmesh">
      <Filter>Assets\Tiny</Filter>
    </None>
    <None Include="player_ship_a.vbo">
      <Filter>Assets</Filter>
    </None>
    <None Include="Helmet.sdkmesh">
      <Filter>Assets\Normalmap</Filter>
    </None>
  </ItemGroup>
</Project>