<?xml version="1.0" encoding="utf-8"?>
<Project ToolsVersion="4.0" xmlns="http://schemas.microsoft.com/developer/msbuild/2003">
  <ItemGroup>
    <Filter Include="Common">
      <UniqueIdentifier>f84ae0f0-c43a-4c83-806c-e04bd81332f1</UniqueIdentifier>
    </Filter>
    <Filter Include="Assets">
      <UniqueIdentifier>dec38171-73c9-4475-ac82-ca850a65e9be</UniqueIdentifier>
      <Extensions>ico;cur;bmp;dds;dlg;fbx;rct;bin;rgs;gif;jpg;jpeg;jpe;resx;tga;tiff;tif;png;wav;mfcribbon-ms</Extensions>
    </Filter>
    <Filter Include="Assets\Tiny">
      <UniqueIdentifier>{6077127f-ebc3-4789-90b6-ecaebb3ca34c}</UniqueIdentifier>
    </Filter>
    <Filter Include="Assets\Soldier">
      <UniqueIdentifier>{830f8cec-7dff-4d6b-8cd7-055c405e312c}</UniqueIdentifier>
    </Filter>
    <Filter Include="Assets\Dwarf">
      <UniqueIdentifier>{ac08b0c3-b7d7-4c14-9624-f008477b8c34}</UniqueIdentifier>
    </Filter>
    <Filter Include="Assets\Cup">
      <UniqueIdentifier>{e605b334-6092-4f40-a6b8-9b98ee8c68cd}</UniqueIdentifier>
    </Filter>
    <Filter Include="Assets\Lightmap">
      <UniqueIdentifier>{9154a617-c449-4afd-a9cd-f9f9e0b111b7}</UniqueIdentifier>
    </Filter>
  </ItemGroup>
  <ItemGroup>
    <ClInclude Include="pch.h" />
    <ClInclude Include="Game.h" />
    <ClInclude Include="..\Common\d3dx12.h">
      <Filter>Common</Filter>
    </ClInclude>
    <ClInclude Include="..\Common\DeviceResourcesPC.h">
      <Filter>Common</Filter>
    </ClInclude>
    <ClInclude Include="..\Common\StepTimer.h">
      <Filter>Common</Filter>
    </ClInclude>
    <ClInclude Include="WaveFrontReader.h" />
  </ItemGroup>
  <ItemGroup>
    <ClCompile Include="pch.cpp" />
    <ClCompile Include="Game.cpp" />
    <ClCompile Include="..\Common\DeviceResourcesPC.cpp">
      <Filter>Common</Filter>
    </ClCompile>
    <ClCompile Include="..\Common\MainPC.cpp">
      <Filter>Common</Filter>
    </ClCompile>
    <ClCompile Include="ModelLoadOBJ.cpp" />
  </ItemGroup>
  <ItemGroup>
    <Manifest Include="..\Common\settings.manifest">
      <Filter>Assets</Filter>
    </Manifest>
  </ItemGroup>
  <ItemGroup>
    <None Include="player_ship_a.vbo">
      <Filter>Assets</Filter>
    </None>
    <None Include="tiny.sdkmesh">
      <Filter>Assets\Tiny</Filter>
    </None>
    <None Include="soldier.sdkmesh">
      <Filter>Assets\Soldier</Filter>
    </None>
    <None Include="dwarf.sdkmesh">
      <Filter>Assets\Dwarf</Filter>
    </None>
    <None Include="cup._obj">
      <Filter>Assets\Cup</Filter>
    </None>
    <None Include="cup.mtl">
      <Filter>Assets\Cup</Filter>
    </None>
    <None Include="cup.sdkmesh">
      <Filter>Assets\Cup</Filter>
    </None>
    <None Include="SimpleLightMap.sdkmesh">
      <Filter>Assets\Lightmap</Filter>
    </None>
  </ItemGroup>
  <ItemGroup>
    <Image Include="cubemap.dds">
      <Filter>Assets</Filter>
    </Image>
    <Image Include="default.dds">
      <Filter>Assets</Filter>
    </Image>
    <Image Include="Tiny_skin.dds">
      <Filter>Assets\Tiny</Filter>
    </Image>
    <Image Include="head_diff.dds">
      <Filter>Assets\Soldier</Filter>
    </Image>
    <Image Include="jacket_diff.dds">
      <Filter>Assets\Soldier</Filter>
    </Image>
    <Image Include="pants_diff.dds">
      <Filter>Assets\Soldier</Filter>
    </Image>
    <Image Include="upBody_diff.dds">
      <Filter>Assets\Soldier</Filter>
    </Image>
    <Image Include="Weapons.dds">
      <Filter>Assets\Dwarf</Filter>
    </Image>
    <Image Include="Pack.dds">
      <Filter>Assets\Dwarf</Filter>
    </Image>
    <Image Include="Body.dds">
      <Filter>Assets\Dwarf</Filter>
    </Image>
    <Image Include="DwarfHead.dds">
      <Filter>Assets\Dwarf</Filter>
    </Image>
    <Image Include="Headgear.dds">
      <Filter>Assets\Dwarf</Filter>
    </Image>
    <Image Include="Armor.dds">
      <Filter>Assets\Dwarf</Filter>
    </Image>
    <Image Include="cup.jpg">
      <Filter>Assets\Cup</Filter>
    </Image>
    <Image Include="Helmet.dds">
      <Filter>Assets\Dwarf</Filter>
    </Image>
    <Image Include="Cement.dds">
      <Filter>Assets\Lightmap</Filter>
    </Image>
    <Image Include="Plane001LightingMap.dds">
      <Filter>Assets\Lightmap</Filter>
    </Image>
    <Image Include="StripeConcrete.dds">
      <Filter>Assets\Lightmap</Filter>
    </Image>
    <Image Include="Text001LightingMap.dds">
      <Filter>Assets\Lightmap</Filter>
    </Image>
  </ItemGroup>
</Project>