
Microsoft Visual Studio Solution File, Format Version 12.00
# Visual Studio 14
VisualStudioVersion = 14.0.25420.1
MinimumVisualStudioVersion = 10.0.40219.1
Project("{8BC9CEB8-8B4A-11D0-8D11-00A0C91BC942}") = "ModelTest_XboxOneXDK_2015", "ModelTest_XboxOneXDK_2015.vcxproj", "{10438077-71AE-40E0-8DDE-D646A2F6525D}"
EndProject
Project("{8BC9CEB8-8B4A-11D0-8D11-00A0C91BC942}") = "DirectXTK12", "..\..\DirectXTK_XboxOneXDK_2015.vcxproj", "{0EE6C863-556C-4815-8BFF-A5A0B25A948F}"
EndProject
Global
	GlobalSection(SolutionConfigurationPlatforms) = preSolution
		Debug|Durango = Debug|Durango
		Profile|Durango = Profile|Durango
		Release|Durango = Release|Durango
	EndGlobalSection
	GlobalSection(ProjectConfigurationPlatforms) = postSolution
		{10438077-71AE-40E0-8DDE-D646A2F6525D}.Debug|Durango.ActiveCfg = Debug|Durango
		{10438077-71AE-40E0-8DDE-D646A2F6525D}.Debug|Durango.Build.0 = Debug|Durango
		{10438077-71AE-40E0-8DDE-D646A2F6525D}.Debug|Durango.Deploy.0 = Debug|Durango
		{10438077-71AE-40E0-8DDE-D646A2F6525D}.Profile|Durango.ActiveCfg = Profile|Durango
		{10438077-71AE-40E0-8DDE-D646A2F6525D}.Profile|Durango.Build.0 = Profile|Durango
		{10438077-71AE-40E0-8DDE-D646A2F6525D}.Profile|Durango.Deploy.0 = Profile|Durango
		{10438077-71AE-40E0-8DDE-D646A2F6525D}.Release|Durango.ActiveCfg = Release|Durango
		{10438077-71AE-40E0-8DDE-D646A2F6525D}.Release|Durango.Build.0 = Release|Durango
		{10438077-71AE-40E0-8DDE-D646A2F6525D}.Release|Durango.Deploy.0 = Release|Durango
		{0EE6C863-556C-4815-8BFF-A5A0B25A948F}.Debug|Durango.ActiveCfg = Debug|Durango
		{0EE6C863-556C-4815-8BFF-A5A0B25A948F}.Debug|Durango.Build.0 = Debug|Durango
		{0EE6C863-556C-4815-8BFF-A5A0B25A948F}.Profile|Durango.ActiveCfg = Profile|Durango
		{0EE6C863-556C-4815-8BFF-A5A0B25A948F}.Profile|Durango.Build.0 = Profile|Durango
		{0EE6C863-556C-4815-8BFF-A5A0B25A948F}.Release|Durango.ActiveCfg = Release|Durango
		{0EE6C863-556C-4815-8BFF-A5A0B25A948F}.Release|Durango.Build.0 = Release|Durango
	EndGlobalSection
	GlobalSection(SolutionProperties) = preSolution
		HideSolutionNode = FALSE
	EndGlobalSection
EndGlobal
