
Microsoft Visual Studio Solution File, Format Version 12.00
# Visual Studio Version 17
VisualStudioVersion = 17.11.35327.3
MinimumVisualStudioVersion = 10.0.40219.1
Project("{8BC9CEB8-8B4A-11D0-8D11-00A0C91BC942}") = "MSAATest_GDK_2019", "MSAATest_GDK_2019.vcxproj", "{A8FEC3BF-512E-479D-A4EA-1EF47979DE73}"
EndProject
Project("{8BC9CEB8-8B4A-11D0-8D11-00A0C91BC942}") = "DirectXTK12", "..\..\DirectXTK_GDK_2019.vcxproj", "{052C4858-C76F-4CEA-8A1A-E8E5559E67C2}"
EndProject
Global
	GlobalSection(SolutionConfigurationPlatforms) = preSolution
		Debug|Gaming.Desktop.x64 = Debug|Gaming.Desktop.x64
		Debug|Gaming.Xbox.Scarlett.x64 = Debug|Gaming.Xbox.Scarlett.x64
		Debug|Gaming.Xbox.XboxOne.x64 = Debug|Gaming.Xbox.XboxOne.x64
		Profile|Gaming.Desktop.x64 = Profile|Gaming.Desktop.x64
		Profile|Gaming.Xbox.Scarlett.x64 = Profile|Gaming.Xbox.Scarlett.x64
		Profile|Gaming.Xbox.XboxOne.x64 = Profile|Gaming.Xbox.XboxOne.x64
		Release|Gaming.Desktop.x64 = Release|Gaming.Desktop.x64
		Release|Gaming.Xbox.Scarlett.x64 = Release|Gaming.Xbox.Scarlett.x64
		Release|Gaming.Xbox.XboxOne.x64 = Release|Gaming.Xbox.XboxOne.x64
	EndGlobalSection
	GlobalSection(ProjectConfigurationPlatforms) = postSolution
		{A8FEC3BF-512E-479D-A4EA-1EF47979DE73}.Debug|Gaming.Desktop.x64.ActiveCfg = Debug|Gaming.Xbox.XboxOne.x64
		{A8FEC3BF-512E-479D-A4EA-1EF47979DE73}.Debug|Gaming.Desktop.x64.Build.0 = Debug|Gaming.Xbox.XboxOne.x64
		{A8FEC3BF-512E-479D-A4EA-1EF47979DE73}.Debug|Gaming.Desktop.x64.Deploy.0 = Debug|Gaming.Xbox.XboxOne.x64
		{A8FEC3BF-512E-479D-A4EA-1EF47979DE73}.Debug|Gaming.Xbox.Scarlett.x64.ActiveCfg = Debug|Gaming.Xbox.Scarlett.x64
		{A8FEC3BF-512E-479D-A4EA-1EF47979DE73}.Debug|Gaming.Xbox.Scarlett.x64.Build.0 = Debug|Gaming.Xbox.Scarlett.x64
		{A8FEC3BF-512E-479D-A4EA-1EF47979DE73}.Debug|Gaming.Xbox.Scarlett.x64.Deploy.0 = Debug|Gaming.Xbox.Scarlett.x64
		{A8FEC3BF-512E-479D-A4EA-1EF47979DE73}.Debug|Gaming.Xbox.XboxOne.x64.ActiveCfg = Debug|Gaming.Xbox.XboxOne.x64
		{A8FEC3BF-512E-479D-A4EA-1EF47979DE73}.Debug|Gaming.Xbox.XboxOne.x64.Build.0 = Debug|Gaming.Xbox.XboxOne.x64
		{A8FEC3BF-512E-479D-A4EA-1EF47979DE73}.Debug|Gaming.Xbox.XboxOne.x64.Deploy.0 = Debug|Gaming.Xbox.XboxOne.x64
		{A8FEC3BF-512E-479D-A4EA-1EF47979DE73}.Profile|Gaming.Desktop.x64.ActiveCfg = Profile|Gaming.Xbox.Scarlett.x64
		{A8FEC3BF-512E-479D-A4EA-1EF47979DE73}.Profile|Gaming.Desktop.x64.Build.0 = Profile|Gaming.Xbox.Scarlett.x64
		{A8FEC3BF-512E-479D-A4EA-1EF47979DE73}.Profile|Gaming.Desktop.x64.Deploy.0 = Profile|Gaming.Xbox.Scarlett.x64
		{A8FEC3BF-512E-479D-A4EA-1EF47979DE73}.Profile|Gaming.Xbox.Scarlett.x64.ActiveCfg = Profile|Gaming.Xbox.Scarlett.x64
		{A8FEC3BF-512E-479D-A4EA-1EF47979DE73}.Profile|Gaming.Xbox.Scarlett.x64.Build.0 = Profile|Gaming.Xbox.Scarlett.x64
		{A8FEC3BF-512E-479D-A4EA-1EF47979DE73}.Profile|Gaming.Xbox.Scarlett.x64.Deploy.0 = Profile|Gaming.Xbox.Scarlett.x64
		{A8FEC3BF-512E-479D-A4EA-1EF47979DE73}.Profile|Gaming.Xbox.XboxOne.x64.ActiveCfg = Profile|Gaming.Xbox.XboxOne.x64
		{A8FEC3BF-512E-479D-A4EA-1EF47979DE73}.Profile|Gaming.Xbox.XboxOne.x64.Build.0 = Profile|Gaming.Xbox.XboxOne.x64
		{A8FEC3BF-512E-479D-A4EA-1EF47979DE73}.Profile|Gaming.Xbox.XboxOne.x64.Deploy.0 = Profile|Gaming.Xbox.XboxOne.x64
		{A8FEC3BF-512E-479D-A4EA-1EF47979DE73}.Release|Gaming.Desktop.x64.ActiveCfg = Release|Gaming.Xbox.XboxOne.x64
		{A8FEC3BF-512E-479D-A4EA-1EF47979DE73}.Release|Gaming.Desktop.x64.Build.0 = Release|Gaming.Xbox.XboxOne.x64
		{A8FEC3BF-512E-479D-A4EA-1EF47979DE73}.Release|Gaming.Desktop.x64.Deploy.0 = Release|Gaming.Xbox.XboxOne.x64
		{A8FEC3BF-512E-479D-A4EA-1EF47979DE73}.Release|Gaming.Xbox.Scarlett.x64.ActiveCfg = Release|Gaming.Xbox.Scarlett.x64
		{A8FEC3BF-512E-479D-A4EA-1EF47979DE73}.Release|Gaming.Xbox.Scarlett.x64.Build.0 = Release|Gaming.Xbox.Scarlett.x64
		{A8FEC3BF-512E-479D-A4EA-1EF47979DE73}.Release|Gaming.Xbox.Scarlett.x64.Deploy.0 = Release|Gaming.Xbox.Scarlett.x64
		{A8FEC3BF-512E-479D-A4EA-1EF47979DE73}.Release|Gaming.Xbox.XboxOne.x64.ActiveCfg = Release|Gaming.Xbox.XboxOne.x64
		{A8FEC3BF-512E-479D-A4EA-1EF47979DE73}.Release|Gaming.Xbox.XboxOne.x64.Build.0 = Release|Gaming.Xbox.XboxOne.x64
		{A8FEC3BF-512E-479D-A4EA-1EF47979DE73}.Release|Gaming.Xbox.XboxOne.x64.Deploy.0 = Release|Gaming.Xbox.XboxOne.x64
		{052C4858-C76F-4CEA-8A1A-E8E5559E67C2}.Debug|Gaming.Desktop.x64.ActiveCfg = Debug|Gaming.Desktop.x64
		{052C4858-C76F-4CEA-8A1A-E8E5559E67C2}.Debug|Gaming.Desktop.x64.Build.0 = Debug|Gaming.Desktop.x64
		{052C4858-C76F-4CEA-8A1A-E8E5559E67C2}.Debug|Gaming.Xbox.Scarlett.x64.ActiveCfg = Debug|Gaming.Xbox.Scarlett.x64
		{052C4858-C76F-4CEA-8A1A-E8E5559E67C2}.Debug|Gaming.Xbox.Scarlett.x64.Build.0 = Debug|Gaming.Xbox.Scarlett.x64
		{052C4858-C76F-4CEA-8A1A-E8E5559E67C2}.Debug|Gaming.Xbox.XboxOne.x64.ActiveCfg = Debug|Gaming.Xbox.XboxOne.x64
		{052C4858-C76F-4CEA-8A1A-E8E5559E67C2}.Debug|Gaming.Xbox.XboxOne.x64.Build.0 = Debug|Gaming.Xbox.XboxOne.x64
		{052C4858-C76F-4CEA-8A1A-E8E5559E67C2}.Profile|Gaming.Desktop.x64.ActiveCfg = Profile|Gaming.Desktop.x64
		{052C4858-C76F-4CEA-8A1A-E8E5559E67C2}.Profile|Gaming.Desktop.x64.Build.0 = Profile|Gaming.Desktop.x64
		{052C4858-C76F-4CEA-8A1A-E8E5559E67C2}.Profile|Gaming.Xbox.Scarlett.x64.ActiveCfg = Profile|Gaming.Xbox.Scarlett.x64
		{052C4858-C76F-4CEA-8A1A-E8E5559E67C2}.Profile|Gaming.Xbox.Scarlett.x64.Build.0 = Profile|Gaming.Xbox.Scarlett.x64
		{052C4858-C76F-4CEA-8A1A-E8E5559E67C2}.Profile|Gaming.Xbox.XboxOne.x64.ActiveCfg = Profile|Gaming.Xbox.XboxOne.x64
		{052C4858-C76F-4CEA-8A1A-E8E5559E67C2}.Profile|Gaming.Xbox.XboxOne.x64.Build.0 = Profile|Gaming.Xbox.XboxOne.x64
		{052C4858-C76F-4CEA-8A1A-E8E5559E67C2}.Release|Gaming.Desktop.x64.ActiveCfg = Release|Gaming.Desktop.x64
		{052C4858-C76F-4CEA-8A1A-E8E5559E67C2}.Release|Gaming.Desktop.x64.Build.0 = Release|Gaming.Desktop.x64
		{052C4858-C76F-4CEA-8A1A-E8E5559E67C2}.Release|Gaming.Xbox.Scarlett.x64.ActiveCfg = Release|Gaming.Xbox.Scarlett.x64
		{052C4858-C76F-4CEA-8A1A-E8E5559E67C2}.Release|Gaming.Xbox.Scarlett.x64.Build.0 = Release|Gaming.Xbox.Scarlett.x64
		{052C4858-C76F-4CEA-8A1A-E8E5559E67C2}.Release|Gaming.Xbox.XboxOne.x64.ActiveCfg = Release|Gaming.Xbox.XboxOne.x64
		{052C4858-C76F-4CEA-8A1A-E8E5559E67C2}.Release|Gaming.Xbox.XboxOne.x64.Build.0 = Release|Gaming.Xbox.XboxOne.x64
	EndGlobalSection
	GlobalSection(SolutionProperties) = preSolution
		HideSolutionNode = FALSE
	EndGlobalSection
	GlobalSection(ExtensibilityGlobals) = postSolution
		SolutionGuid = {764A207F-A9C7-4243-90A3-5AA3F00A84C5}
	EndGlobalSection
EndGlobal
