<?xml version="1.0" encoding="utf-8"?>
<Project ToolsVersion="4.0" xmlns="http://schemas.microsoft.com/developer/msbuild/2003">
  <ItemGroup>
    <Filter Include="Common">
      <UniqueIdentifier>d4080fe3-4345-41a8-8846-887c397145c5</UniqueIdentifier>
    </Filter>
    <Filter Include="Assets">
      <UniqueIdentifier>aa8da389-7855-4214-9674-bea068b8adae</UniqueIdentifier>
      <Extensions>ico;cur;bmp;dds;dlg;fbx;rct;bin;rgs;gif;jpg;jpeg;jpe;resx;tga;tiff;tif;png;wav;mfcribbon-ms</Extensions>
    </Filter>
  </ItemGroup>
  <ItemGroup>
    <ClInclude Include="pch.h" />
    <ClInclude Include="Game.h" />
    <ClInclude Include="..\Common\d3dx12.h">
      <Filter>Common</Filter>
    </ClInclude>
    <ClInclude Include="..\Common\DeviceResourcesPC.h">
      <Filter>Common</Filter>
    </ClInclude>
    <ClInclude Include="..\Common\StepTimer.h">
      <Filter>Common</Filter>
    </ClInclude>
    <ClInclude Include="..\Common\RenderTexture.h">
      <Filter>Common</Filter>
    </ClInclude>
    <ClInclude Include="..\Common\DirectXTKTest.h">
      <Filter>Common</Filter>
    </ClInclude>
  </ItemGroup>
  <ItemGroup>
    <ClCompile Include="pch.cpp" />
    <ClCompile Include="Game.cpp" />
    <ClCompile Include="..\Common\DeviceResourcesPC.cpp">
      <Filter>Common</Filter>
    </ClCompile>
    <ClCompile Include="..\Common\MainPC.cpp">
      <Filter>Common</Filter>
    </ClCompile>
    <ClCompile Include="..\Common\RenderTexture.cpp">
      <Filter>Common</Filter>
    </ClCompile>
  </ItemGroup>
  <ItemGroup>
    <Image Include="cat.dds">
      <Filter>Assets</Filter>
    </Image>
    <Image Include="cubemap.dds">
      <Filter>Assets</Filter>
    </Image>
    <Image Include="default.dds">
      <Filter>Assets</Filter>
    </Image>
    <Image Include="overlay.dds">
      <Filter>Assets</Filter>
    </Image>
    <Image Include="spnza_bricks_a.DDS">
      <Filter>Assets</Filter>
    </Image>
    <Image Include="spnza_bricks_a_normal.DDS">
      <Filter>Assets</Filter>
    </Image>
    <Image Include="spnza_bricks_a_specular.DDS">
      <Filter>Assets</Filter>
    </Image>
    <Image Include="Sphere2Mat_occlusionRoughnessMetallic.png">
      <Filter>Assets</Filter>
    </Image>
    <Image Include="Sphere2Mat_normal.png">
      <Filter>Assets</Filter>
    </Image>
    <Image Include="Sphere2Mat_emissive.png">
      <Filter>Assets</Filter>
    </Image>
    <Image Include="Sphere2Mat_baseColor.png">
      <Filter>Assets</Filter>
    </Image>
    <Image Include="Atrium_specularIBL.dds">
      <Filter>Assets</Filter>
    </Image>
    <Image Include="Atrium_diffuseIBL.dds">
      <Filter>Assets</Filter>
    </Image>
    <Image Include="dualparabola.dds">
      <Filter>Assets</Filter>
    </Image>
    <Image Include="spheremap.bmp">
      <Filter>Assets</Filter>
    </Image>
  </ItemGroup>
  <ItemGroup>
    <Manifest Include="..\Common\settings.manifest">
      <Filter>Assets</Filter>
    </Manifest>
  </ItemGroup>
  <ItemGroup>
    <None Include="packages.config" />
  </ItemGroup>
</Project>